// !$*UTF8*$!
{
	archiveVersion = 1;
	classes = {
	};
	objectVersion = 46;
	objects = {

/* Begin PBXAggregateTarget section */
		0591A8143D444244BDF2525D /* NightlyMemoryCheck */ = {
			isa = PBXAggregateTarget;
			buildConfigurationList = E43873B8E15F428BAB21FFE5 /* Build configuration list for PBXAggregateTarget "NightlyMemoryCheck" */;
			buildPhases = (
				2F7B89DD4E82073DE5D8D8DE /* Generate CMakeFiles/NightlyMemoryCheck */,
			);
			dependencies = (
				A2E5B882771140EFB93BA689 /* PBXTargetDependency */,
			);
			name = NightlyMemoryCheck;
			productName = NightlyMemoryCheck;
		};
		2D60A5802EC243508B04BF76 /* ALL_BUILD */ = {
			isa = PBXAggregateTarget;
			buildConfigurationList = 7434B4C128544566BD558EAD /* Build configuration list for PBXAggregateTarget "ALL_BUILD" */;
			buildPhases = (
				E7BD059AC02E96BB9C6C11B4 /* Generate CMakeFiles/ALL_BUILD */,
			);
			dependencies = (
				51F61AC69B0A4E3EBE8B50DB /* PBXTargetDependency */,
				BDF2ACDD1B1042FBA202D782 /* PBXTargetDependency */,
				6CA066CE557F49E7ABD01291 /* PBXTargetDependency */,
				4294904F9A7F4AE7A88E2EAF /* PBXTargetDependency */,
			);
			name = ALL_BUILD;
			productName = ALL_BUILD;
		};
		2E38E90F6775456EAB5577E9 /* docs */ = {
			isa = PBXAggregateTarget;
			buildConfigurationList = AB7A2EF9BCC0497FB9DE460F /* Build configuration list for PBXAggregateTarget "docs" */;
			buildPhases = (
				9C5D058ECE4DB95FB1C315AE /* Generate docs/CMakeFiles/docs */,
			);
			dependencies = (
				8ED4E513ADDE42B08F39F883 /* PBXTargetDependency */,
			);
			name = docs;
			productName = docs;
		};
		2F6DB98C984D48C182D8D194 /* Experimental */ = {
			isa = PBXAggregateTarget;
			buildConfigurationList = C141CD5358D941C98ED9F2EE /* Build configuration list for PBXAggregateTarget "Experimental" */;
			buildPhases = (
				0256E07F4D414BB026AE919A /* Generate CMakeFiles/Experimental */,
			);
			dependencies = (
				6D3766D02CFC45B2A6A62094 /* PBXTargetDependency */,
			);
			name = Experimental;
			productName = Experimental;
		};
		3DEC7B3EC5E2406993451948 /* RUN_TESTS */ = {
			isa = PBXAggregateTarget;
			buildConfigurationList = 8608D89DD3A44FB3A50D21F5 /* Build configuration list for PBXAggregateTarget "RUN_TESTS" */;
			buildPhases = (
				003C8D08B0008F35F218E126 /* CMake PostBuild Rules */,
			);
			dependencies = (
			);
			name = RUN_TESTS;
			productName = RUN_TESTS;
		};
		4260DAC51987417DA8B7AD64 /* Nightly */ = {
			isa = PBXAggregateTarget;
			buildConfigurationList = B49CEB76D8FA435DBABB48F9 /* Build configuration list for PBXAggregateTarget "Nightly" */;
			buildPhases = (
				B7DAB95A41C830563BA10224 /* Generate CMakeFiles/Nightly */,
			);
			dependencies = (
				A01D62AC48D54596AA6B063F /* PBXTargetDependency */,
			);
			name = Nightly;
			productName = Nightly;
		};
		B988D44CE2654181A053CAEC /* ZERO_CHECK */ = {
			isa = PBXAggregateTarget;
			buildConfigurationList = AAA5599D78154B528A580B47 /* Build configuration list for PBXAggregateTarget "ZERO_CHECK" */;
			buildPhases = (
				E594FF7834D0B496D8A981C0 /* Generate CMakeFiles/ZERO_CHECK */,
			);
			dependencies = (
			);
			name = ZERO_CHECK;
			productName = ZERO_CHECK;
		};
		FE79591981E24AD39405E8C6 /* Continuous */ = {
			isa = PBXAggregateTarget;
			buildConfigurationList = C7AEB884809341E88D58A083 /* Build configuration list for PBXAggregateTarget "Continuous" */;
			buildPhases = (
				CBD1BADA900A12BA56E3C721 /* Generate CMakeFiles/Continuous */,
			);
			dependencies = (
				7C17928FEAEE4B379CAFD8D5 /* PBXTargetDependency */,
			);
			name = Continuous;
			productName = Continuous;
		};
/* End PBXAggregateTarget section */

/* Begin PBXBuildFile section */
		5D18980E55C24809B18D7330 /* /Users/pw/GitHub/phulkan/tests/CMakeLists.txt */ = {isa = PBXBuildFile; fileRef = 2F3D3FFB8A3040B28F155E0E /* /Users/pw/GitHub/phulkan/tests/CMakeLists.txt */; };
		72EBDB8DEC5C4947A59267FD /* /Users/pw/GitHub/phulkan/src/phulkan.cpp */ = {isa = PBXBuildFile; fileRef = 62A1936146A54253B11CDABC /* /Users/pw/GitHub/phulkan/src/phulkan.cpp */; };
		A3B8DD2EE6EA4017A048BC68 /* /Users/pw/GitHub/phulkan/xbuild/src/graphics_info.hpp */ = {isa = PBXBuildFile; fileRef = 5AE3324FAB524A0AA7DAA667 /* /Users/pw/GitHub/phulkan/xbuild/src/graphics_info.hpp */; };
		AAE627CF766D45BD9DC0DCCB /* /Users/pw/GitHub/phulkan/src/generators/graphics.cpp */ = {isa = PBXBuildFile; fileRef = 28DA7AFFAFEF45229C199962 /* /Users/pw/GitHub/phulkan/src/generators/graphics.cpp */; };
		BA531F66AA044E479831004E /* /Users/pw/GitHub/phulkan/include/phulkan/phulkan.hpp */ = {isa = PBXBuildFile; fileRef = 0CF4173CA27B483580C90EE3 /* /Users/pw/GitHub/phulkan/include/phulkan/phulkan.hpp */; };
		CED5B968D53F4CCEBB6CB024 /* /Users/pw/GitHub/phulkan/xbuild/src/graphics_info.hpp.rule */ = {isa = PBXBuildFile; fileRef = DC96357FC75D493DABB6D2EC /* /Users/pw/GitHub/phulkan/xbuild/src/graphics_info.hpp.rule */; };
		D1C1C311D24A41698A003276 /* /Users/pw/GitHub/phulkan/tests/testlib.cpp */ = {isa = PBXBuildFile; fileRef = F2227B60669746EE906D65E9 /* /Users/pw/GitHub/phulkan/tests/testlib.cpp */; };
		D256710E9C83460D815ACC5A /* /Users/pw/GitHub/phulkan/src/CMakeLists.txt */ = {isa = PBXBuildFile; fileRef = 4DB9B72B88DD4839AD442F55 /* /Users/pw/GitHub/phulkan/src/CMakeLists.txt */; };
		EAB20D1327BA43ECA55DE8A5 /* /Users/pw/GitHub/phulkan/src/CMakeLists.txt */ = {isa = PBXBuildFile; fileRef = 7EBA2A654CDE4A4DBDBEB87F /* /Users/pw/GitHub/phulkan/src/CMakeLists.txt */; };
/* End PBXBuildFile section */

/* Begin PBXBuildStyle section */
		1D0058DA0D354A05A4FAB3FF /* MinSizeRel */ = {
			isa = PBXBuildStyle;
			buildSettings = {
				COPY_PHASE_STRIP = NO;
			};
			name = MinSizeRel;
		};
		7FC904222D2B4F5EADAEC06B /* Release */ = {
			isa = PBXBuildStyle;
			buildSettings = {
				COPY_PHASE_STRIP = NO;
			};
			name = Release;
		};
		B59AE6C5080E4D328BF1BCF7 /* RelWithDebInfo */ = {
			isa = PBXBuildStyle;
			buildSettings = {
				COPY_PHASE_STRIP = NO;
			};
			name = RelWithDebInfo;
		};
		BF65FFB68D4B439888236430 /* Debug */ = {
			isa = PBXBuildStyle;
			buildSettings = {
				COPY_PHASE_STRIP = NO;
			};
			name = Debug;
		};
/* End PBXBuildStyle section */

/* Begin PBXContainerItemProxy section */
		316FA276512C47FF994A0DD9 /* PBXContainerItemProxy */ = {
			isa = PBXContainerItemProxy;
			containerPortal = 4356EB94140940629ECE82CA /* Project object */;
			proxyType = 1;
			remoteGlobalIDString = B988D44CE2654181A053CAEC;
			remoteInfo = ZERO_CHECK;
		};
		3172B6E92C064CD68C225A45 /* PBXContainerItemProxy */ = {
			isa = PBXContainerItemProxy;
			containerPortal = 4356EB94140940629ECE82CA /* Project object */;
			proxyType = 1;
			remoteGlobalIDString = 5A8FAC6D4CAF498B8C24FE29;
			remoteInfo = phulkan_library;
		};
		3905A6265ECA46C1862EA23A /* PBXContainerItemProxy */ = {
			isa = PBXContainerItemProxy;
			containerPortal = 4356EB94140940629ECE82CA /* Project object */;
			proxyType = 1;
			remoteGlobalIDString = B988D44CE2654181A053CAEC;
			remoteInfo = ZERO_CHECK;
		};
		4EC9DE1617A0455586DA4493 /* PBXContainerItemProxy */ = {
			isa = PBXContainerItemProxy;
			containerPortal = 4356EB94140940629ECE82CA /* Project object */;
			proxyType = 1;
			remoteGlobalIDString = D34D8FF2C2324C6394563D78;
			remoteInfo = graphics_generator;
		};
		669C7A171EA84E1F954F976A /* PBXContainerItemProxy */ = {
			isa = PBXContainerItemProxy;
			containerPortal = 4356EB94140940629ECE82CA /* Project object */;
			proxyType = 1;
			remoteGlobalIDString = D34D8FF2C2324C6394563D78;
			remoteInfo = graphics_generator;
		};
		6FAA3C4712CB41BA98C800FC /* PBXContainerItemProxy */ = {
			isa = PBXContainerItemProxy;
			containerPortal = 4356EB94140940629ECE82CA /* Project object */;
			proxyType = 1;
			remoteGlobalIDString = B988D44CE2654181A053CAEC;
			remoteInfo = ZERO_CHECK;
		};
		8297460F925D46F49C24A7CD /* PBXContainerItemProxy */ = {
			isa = PBXContainerItemProxy;
			containerPortal = 4356EB94140940629ECE82CA /* Project object */;
			proxyType = 1;
			remoteGlobalIDString = 10BBD85A2EA04090B7C4559E;
			remoteInfo = testlib;
		};
		AD98EDD5D62F4C9592E9E6B4 /* PBXContainerItemProxy */ = {
			isa = PBXContainerItemProxy;
			containerPortal = 4356EB94140940629ECE82CA /* Project object */;
			proxyType = 1;
			remoteGlobalIDString = B988D44CE2654181A053CAEC;
			remoteInfo = ZERO_CHECK;
		};
		B043B76D424E48EE8AC72561 /* PBXContainerItemProxy */ = {
			isa = PBXContainerItemProxy;
			containerPortal = 4356EB94140940629ECE82CA /* Project object */;
			proxyType = 1;
			remoteGlobalIDString = B988D44CE2654181A053CAEC;
			remoteInfo = ZERO_CHECK;
		};
		B8C07CEF3D4F40A7B4EE14BE /* PBXContainerItemProxy */ = {
			isa = PBXContainerItemProxy;
			containerPortal = 4356EB94140940629ECE82CA /* Project object */;
			proxyType = 1;
			remoteGlobalIDString = B988D44CE2654181A053CAEC;
			remoteInfo = ZERO_CHECK;
		};
		C386B01E7386483BA1A14679 /* PBXContainerItemProxy */ = {
			isa = PBXContainerItemProxy;
			containerPortal = 4356EB94140940629ECE82CA /* Project object */;
			proxyType = 1;
			remoteGlobalIDString = B988D44CE2654181A053CAEC;
			remoteInfo = ZERO_CHECK;
		};
		D298F7D7A354451394ED7126 /* PBXContainerItemProxy */ = {
			isa = PBXContainerItemProxy;
			containerPortal = 4356EB94140940629ECE82CA /* Project object */;
			proxyType = 1;
			remoteGlobalIDString = B988D44CE2654181A053CAEC;
			remoteInfo = ZERO_CHECK;
		};
		E3CA6B93B1CF41CA885F4721 /* PBXContainerItemProxy */ = {
			isa = PBXContainerItemProxy;
			containerPortal = 4356EB94140940629ECE82CA /* Project object */;
			proxyType = 1;
			remoteGlobalIDString = 5A8FAC6D4CAF498B8C24FE29;
			remoteInfo = phulkan_library;
		};
		ED210F4863CB4C238811919E /* PBXContainerItemProxy */ = {
			isa = PBXContainerItemProxy;
			containerPortal = 4356EB94140940629ECE82CA /* Project object */;
			proxyType = 1;
			remoteGlobalIDString = B988D44CE2654181A053CAEC;
			remoteInfo = ZERO_CHECK;
		};
/* End PBXContainerItemProxy section */

/* Begin PBXFileReference section */
		0BB2A8AD8737400B91B2A93E /* /Users/pw/GitHub/phulkan/docs/CMakeLists.txt */ = {isa = PBXFileReference; explicitFileType = sourcecode.text; fileEncoding = 4; name = CMakeLists.txt; path = docs/CMakeLists.txt; sourceTree = SOURCE_ROOT; };
		0CF4173CA27B483580C90EE3 /* /Users/pw/GitHub/phulkan/include/phulkan/phulkan.hpp */ = {isa = PBXFileReference; explicitFileType = sourcecode.cpp.h; fileEncoding = 4; name = phulkan.hpp; path = include/phulkan/phulkan.hpp; sourceTree = SOURCE_ROOT; };
		28DA7AFFAFEF45229C199962 /* /Users/pw/GitHub/phulkan/src/generators/graphics.cpp */ = {isa = PBXFileReference; explicitFileType = sourcecode.cpp.cpp; fileEncoding = 4; name = graphics.cpp; path = src/generators/graphics.cpp; sourceTree = SOURCE_ROOT; };
		29C61BAF4EC34B1CAFF8E003 /* testlib */ = {isa = PBXFileReference; explicitFileType = "compiled.mach-o.executable"; path = testlib; sourceTree = BUILT_PRODUCTS_DIR; };
		2F3D3FFB8A3040B28F155E0E /* /Users/pw/GitHub/phulkan/tests/CMakeLists.txt */ = {isa = PBXFileReference; explicitFileType = sourcecode.text; fileEncoding = 4; name = CMakeLists.txt; path = tests/CMakeLists.txt; sourceTree = SOURCE_ROOT; };
		35B5E57897484EF9A0B77776 /* graphics_generator */ = {isa = PBXFileReference; explicitFileType = "compiled.mach-o.executable"; path = graphics_generator; sourceTree = BUILT_PRODUCTS_DIR; };
		39EB6E0F0FCB494081219380 /* /Users/pw/GitHub/phulkan/CMakeLists.txt */ = {isa = PBXFileReference; explicitFileType = sourcecode.text; fileEncoding = 4; name = CMakeLists.txt; path = CMakeLists.txt; sourceTree = SOURCE_ROOT; };
		4CE75BD7BD564448B7AAE3C0 /* /Users/pw/GitHub/phulkan/CMakeLists.txt */ = {isa = PBXFileReference; explicitFileType = sourcecode.text; fileEncoding = 4; name = CMakeLists.txt; path = CMakeLists.txt; sourceTree = SOURCE_ROOT; };
		4DB9B72B88DD4839AD442F55 /* /Users/pw/GitHub/phulkan/src/CMakeLists.txt */ = {isa = PBXFileReference; explicitFileType = sourcecode.text; fileEncoding = 4; name = CMakeLists.txt; path = src/CMakeLists.txt; sourceTree = SOURCE_ROOT; };
		5AE3324FAB524A0AA7DAA667 /* /Users/pw/GitHub/phulkan/xbuild/src/graphics_info.hpp */ = {isa = PBXFileReference; explicitFileType = sourcecode.cpp.h; fileEncoding = 4; name = graphics_info.hpp; path = xbuild/src/graphics_info.hpp; sourceTree = SOURCE_ROOT; };
		62A1936146A54253B11CDABC /* /Users/pw/GitHub/phulkan/src/phulkan.cpp */ = {isa = PBXFileReference; explicitFileType = sourcecode.cpp.cpp; fileEncoding = 4; name = phulkan.cpp; path = src/phulkan.cpp; sourceTree = SOURCE_ROOT; };
		69AB56568C4B480AB7D51390 /* phulkan_library */ = {isa = PBXFileReference; explicitFileType = archive.ar; path = libphulkan_library.a; sourceTree = BUILT_PRODUCTS_DIR; };
		69AEC136CFE04D4B9ED4A326 /* /Users/pw/GitHub/phulkan/docs/mainpage.md */ = {isa = PBXFileReference; explicitFileType = sourcecode; fileEncoding = 4; name = mainpage.md; path = docs/mainpage.md; sourceTree = SOURCE_ROOT; };
		7EBA2A654CDE4A4DBDBEB87F /* /Users/pw/GitHub/phulkan/src/CMakeLists.txt */ = {isa = PBXFileReference; explicitFileType = sourcecode.text; fileEncoding = 4; name = CMakeLists.txt; path = src/CMakeLists.txt; sourceTree = SOURCE_ROOT; };
		90FA524B1D724277A0F6C8E8 /* /Users/pw/GitHub/phulkan/CMakeLists.txt */ = {isa = PBXFileReference; explicitFileType = sourcecode.text; fileEncoding = 4; name = CMakeLists.txt; path = CMakeLists.txt; sourceTree = SOURCE_ROOT; };
		BA269C5ECE9342678FF563A8 /* /Users/pw/GitHub/phulkan/CMakeLists.txt */ = {isa = PBXFileReference; explicitFileType = sourcecode.text; fileEncoding = 4; name = CMakeLists.txt; path = CMakeLists.txt; sourceTree = SOURCE_ROOT; };
		CDA0E9AAF3A046799E54BD92 /* /Users/pw/GitHub/phulkan/CMakeLists.txt */ = {isa = PBXFileReference; explicitFileType = sourcecode.text; fileEncoding = 4; name = CMakeLists.txt; path = CMakeLists.txt; sourceTree = SOURCE_ROOT; };
		DC96357FC75D493DABB6D2EC /* /Users/pw/GitHub/phulkan/xbuild/src/graphics_info.hpp.rule */ = {isa = PBXFileReference; explicitFileType = sourcecode; fileEncoding = 4; name = graphics_info.hpp.rule; path = xbuild/src/graphics_info.hpp.rule; sourceTree = SOURCE_ROOT; };
		F2227B60669746EE906D65E9 /* /Users/pw/GitHub/phulkan/tests/testlib.cpp */ = {isa = PBXFileReference; explicitFileType = sourcecode.cpp.cpp; fileEncoding = 4; name = testlib.cpp; path = tests/testlib.cpp; sourceTree = SOURCE_ROOT; };
/* End PBXFileReference section */

/* Begin PBXFrameworksBuildPhase section */
		2D7ADFFBCCCC4611BC9F78F3 /* Frameworks */ = {
			isa = PBXFrameworksBuildPhase;
			buildActionMask = 2147483647;
			files = (
			);
			runOnlyForDeploymentPostprocessing = 0;
		};
		3B5D220A569B4F0EBBAB4FC8 /* Frameworks */ = {
			isa = PBXFrameworksBuildPhase;
			buildActionMask = 2147483647;
			files = (
			);
			runOnlyForDeploymentPostprocessing = 0;
		};
		E072E02DEEB54DACAC47AEBA /* Frameworks */ = {
			isa = PBXFrameworksBuildPhase;
			buildActionMask = 2147483647;
			files = (
			);
			runOnlyForDeploymentPostprocessing = 0;
		};
/* End PBXFrameworksBuildPhase section */

/* Begin PBXGroup section */
		08E544D76FE84801B303B082 /* Continuous */ = {
			isa = PBXGroup;
			children = (
				34513B365EA144FC8D161D02 /* CMake Rules */,
				39EB6E0F0FCB494081219380 /* /Users/pw/GitHub/phulkan/CMakeLists.txt */,
			);
			name = Continuous;
			sourceTree = "<group>";
		};
		0E0C35A40EED4F2299DD3A5F /* phulkan */ = {
			isa = PBXGroup;
			children = (
				0CF4173CA27B483580C90EE3 /* /Users/pw/GitHub/phulkan/include/phulkan/phulkan.hpp */,
			);
			name = phulkan;
			sourceTree = "<group>";
		};
		1922FA38DB9E45618E5AD967 /* CMake Rules */ = {
			isa = PBXGroup;
			children = (
			);
			name = "CMake Rules";
			sourceTree = "<group>";
		};
		2B6DF27087544424BF23C901 /* CMake Rules */ = {
			isa = PBXGroup;
			children = (
				DC96357FC75D493DABB6D2EC /* /Users/pw/GitHub/phulkan/xbuild/src/graphics_info.hpp.rule */,
			);
			name = "CMake Rules";
			sourceTree = "<group>";
		};
		34513B365EA144FC8D161D02 /* CMake Rules */ = {
			isa = PBXGroup;
			children = (
			);
			name = "CMake Rules";
			sourceTree = "<group>";
		};
		3CE41081B665413CA0CB0BBB /* docs */ = {
			isa = PBXGroup;
			children = (
				690809EA5F354C6184BFC678 /* CMake Rules */,
				69AEC136CFE04D4B9ED4A326 /* /Users/pw/GitHub/phulkan/docs/mainpage.md */,
				0BB2A8AD8737400B91B2A93E /* /Users/pw/GitHub/phulkan/docs/CMakeLists.txt */,
			);
			name = docs;
			sourceTree = "<group>";
		};
		461E1CB7AEFA4A319911A083 /* CMake Rules */ = {
			isa = PBXGroup;
			children = (
			);
			name = "CMake Rules";
			sourceTree = "<group>";
		};
		4C574E586075413681DBDF1F /* Nightly */ = {
			isa = PBXGroup;
			children = (
				8281A5F9FF5B4DEEBEBB8D92 /* CMake Rules */,
				4CE75BD7BD564448B7AAE3C0 /* /Users/pw/GitHub/phulkan/CMakeLists.txt */,
			);
			name = Nightly;
			sourceTree = "<group>";
		};
		5785286CCB6346D4896EA50A /* Header Files */ = {
			isa = PBXGroup;
			children = (
				0E0C35A40EED4F2299DD3A5F /* phulkan */,
				5AE3324FAB524A0AA7DAA667 /* /Users/pw/GitHub/phulkan/xbuild/src/graphics_info.hpp */,
			);
			name = "Header Files";
			sourceTree = "<group>";
		};
		60627FCB07514B5486482CF3 /* Source Files */ = {
			isa = PBXGroup;
			children = (
				28DA7AFFAFEF45229C199962 /* /Users/pw/GitHub/phulkan/src/generators/graphics.cpp */,
			);
			name = "Source Files";
			sourceTree = "<group>";
		};
		66B75232BB0B4FF8B4159B64 /* graphics_generator */ = {
			isa = PBXGroup;
			children = (
				60627FCB07514B5486482CF3 /* Source Files */,
				7EBA2A654CDE4A4DBDBEB87F /* /Users/pw/GitHub/phulkan/src/CMakeLists.txt */,
			);
			name = graphics_generator;
			sourceTree = "<group>";
		};
		690809EA5F354C6184BFC678 /* CMake Rules */ = {
			isa = PBXGroup;
			children = (
			);
			name = "CMake Rules";
			sourceTree = "<group>";
		};
		73E3A1F416DB465A97D03FC2 /* testlib */ = {
			isa = PBXGroup;
			children = (
				D496ACB4F3364D1BA1C57F70 /* Source Files */,
				2F3D3FFB8A3040B28F155E0E /* /Users/pw/GitHub/phulkan/tests/CMakeLists.txt */,
			);
			name = testlib;
			sourceTree = "<group>";
		};
		783C66A630504EF8B91E0781 /* CTestDashboardTargets */ = {
			isa = PBXGroup;
			children = (
				B4CF518C30F84A79B9C0C363 /* NightlyMemoryCheck */,
				4C574E586075413681DBDF1F /* Nightly */,
				08E544D76FE84801B303B082 /* Continuous */,
				943DD831E5FA4C0BA4706442 /* Experimental */,
			);
			name = CTestDashboardTargets;
			sourceTree = "<group>";
		};
		807E1CD4FBCD453FA431799D /* ALL_BUILD */ = {
			isa = PBXGroup;
			children = (
				DE811C68BBC3452AB9710744 /* CMake Rules */,
				CDA0E9AAF3A046799E54BD92 /* /Users/pw/GitHub/phulkan/CMakeLists.txt */,
			);
			name = ALL_BUILD;
			sourceTree = "<group>";
		};
		8281A5F9FF5B4DEEBEBB8D92 /* CMake Rules */ = {
			isa = PBXGroup;
			children = (
			);
			name = "CMake Rules";
			sourceTree = "<group>";
		};
		8C80755CD59A42E98CAC35F7 /* Frameworks */ = {
			isa = PBXGroup;
			children = (
			);
			name = Frameworks;
			sourceTree = "<group>";
		};
		918D8973160D4229B9D0D4E9 /* Source Files */ = {
			isa = PBXGroup;
			children = (
				62A1936146A54253B11CDABC /* /Users/pw/GitHub/phulkan/src/phulkan.cpp */,
			);
			name = "Source Files";
			sourceTree = "<group>";
		};
		943DD831E5FA4C0BA4706442 /* Experimental */ = {
			isa = PBXGroup;
			children = (
				461E1CB7AEFA4A319911A083 /* CMake Rules */,
				90FA524B1D724277A0F6C8E8 /* /Users/pw/GitHub/phulkan/CMakeLists.txt */,
			);
			name = Experimental;
			sourceTree = "<group>";
		};
		B4CF518C30F84A79B9C0C363 /* NightlyMemoryCheck */ = {
			isa = PBXGroup;
			children = (
				1922FA38DB9E45618E5AD967 /* CMake Rules */,
				BA269C5ECE9342678FF563A8 /* /Users/pw/GitHub/phulkan/CMakeLists.txt */,
			);
			name = NightlyMemoryCheck;
			sourceTree = "<group>";
		};
		D07A29E8150B48A59DA28E23 /* phulkan_library */ = {
			isa = PBXGroup;
			children = (
				918D8973160D4229B9D0D4E9 /* Source Files */,
				5785286CCB6346D4896EA50A /* Header Files */,
				2B6DF27087544424BF23C901 /* CMake Rules */,
				4DB9B72B88DD4839AD442F55 /* /Users/pw/GitHub/phulkan/src/CMakeLists.txt */,
			);
			name = phulkan_library;
			sourceTree = "<group>";
		};
		D496ACB4F3364D1BA1C57F70 /* Source Files */ = {
			isa = PBXGroup;
			children = (
				F2227B60669746EE906D65E9 /* /Users/pw/GitHub/phulkan/tests/testlib.cpp */,
			);
			name = "Source Files";
			sourceTree = "<group>";
		};
		D9A6DF5754464F30AF3EE4EC /* Products */ = {
			isa = PBXGroup;
			children = (
				35B5E57897484EF9A0B77776 /* graphics_generator */,
				69AB56568C4B480AB7D51390 /* phulkan_library */,
				29C61BAF4EC34B1CAFF8E003 /* testlib */,
			);
			name = Products;
			sourceTree = "<group>";
		};
		DE811C68BBC3452AB9710744 /* CMake Rules */ = {
			isa = PBXGroup;
			children = (
			);
			name = "CMake Rules";
			sourceTree = "<group>";
		};
		F11CBB12E3724913A64BD8F9 = {
			isa = PBXGroup;
			children = (
				783C66A630504EF8B91E0781 /* CTestDashboardTargets */,
				807E1CD4FBCD453FA431799D /* ALL_BUILD */,
				3CE41081B665413CA0CB0BBB /* docs */,
				D07A29E8150B48A59DA28E23 /* phulkan_library */,
				66B75232BB0B4FF8B4159B64 /* graphics_generator */,
				73E3A1F416DB465A97D03FC2 /* testlib */,
				D9A6DF5754464F30AF3EE4EC /* Products */,
				8C80755CD59A42E98CAC35F7 /* Frameworks */,
			);
			sourceTree = "<group>";
		};
/* End PBXGroup section */

/* Begin PBXNativeTarget section */
		10BBD85A2EA04090B7C4559E /* testlib */ = {
			isa = PBXNativeTarget;
			buildConfigurationList = BF899C8CD80E435CA017D1D1 /* Build configuration list for PBXNativeTarget "testlib" */;
			buildPhases = (
				678E3BD7EF114BD58C93C3CF /* Sources */,
				2D7ADFFBCCCC4611BC9F78F3 /* Frameworks */,
			);
			buildRules = (
			);
			dependencies = (
				5B6E1C12D54541A29AF4DEDF /* PBXTargetDependency */,
				9A525D48B981407BB5729FE8 /* PBXTargetDependency */,
			);
			name = testlib;
			productName = testlib;
			productReference = 29C61BAF4EC34B1CAFF8E003 /* testlib */;
			productType = "com.apple.product-type.tool";
		};
		5A8FAC6D4CAF498B8C24FE29 /* phulkan_library */ = {
			isa = PBXNativeTarget;
			buildConfigurationList = 2ECEB9782345441E95750430 /* Build configuration list for PBXNativeTarget "phulkan_library" */;
			buildPhases = (
				2F26B49595486A40A3EF1379 /* Generate src/graphics_info.hpp */,
				EB2FF0662C3E49299CC7D3A2 /* Sources */,
				E072E02DEEB54DACAC47AEBA /* Frameworks */,
			);
			buildRules = (
			);
			dependencies = (
				53C6E0DEC32344F5AD669A3C /* PBXTargetDependency */,
				45D719515049434685B9D164 /* PBXTargetDependency */,
			);
			name = phulkan_library;
			productName = phulkan_library;
			productReference = 69AB56568C4B480AB7D51390 /* phulkan_library */;
			productType = "com.apple.product-type.library.static";
		};
		D34D8FF2C2324C6394563D78 /* graphics_generator */ = {
			isa = PBXNativeTarget;
			buildConfigurationList = 723BD951C85549E89D53E5B8 /* Build configuration list for PBXNativeTarget "graphics_generator" */;
			buildPhases = (
				47C3DA46795A4C3C9DBEA39D /* Sources */,
				3B5D220A569B4F0EBBAB4FC8 /* Frameworks */,
			);
			buildRules = (
			);
			dependencies = (
				1E37DA4865BA43639DF5CE68 /* PBXTargetDependency */,
			);
			name = graphics_generator;
			productName = graphics_generator;
			productReference = 35B5E57897484EF9A0B77776 /* graphics_generator */;
			productType = "com.apple.product-type.tool";
		};
/* End PBXNativeTarget section */

/* Begin PBXProject section */
		4356EB94140940629ECE82CA /* Project object */ = {
			isa = PBXProject;
			attributes = {
				BuildIndependentTargetsInParallel = YES;
				LastUpgradeCheck = 1250;
			};
			buildConfigurationList = E5A94C208411423B99552631 /* Build configuration list for PBXProject "phulkan" */;
			buildSettings = {
			};
			buildStyles = (
				BF65FFB68D4B439888236430 /* Debug */,
				7FC904222D2B4F5EADAEC06B /* Release */,
				1D0058DA0D354A05A4FAB3FF /* MinSizeRel */,
				B59AE6C5080E4D328BF1BCF7 /* RelWithDebInfo */,
			);
			compatibilityVersion = "Xcode 3.2";
			hasScannedForEncodings = 0;
			mainGroup = F11CBB12E3724913A64BD8F9;
			projectDirPath = ../;
			projectRoot = "";
			targets = (
				2D60A5802EC243508B04BF76 /* ALL_BUILD */,
				FE79591981E24AD39405E8C6 /* Continuous */,
				2F6DB98C984D48C182D8D194 /* Experimental */,
				4260DAC51987417DA8B7AD64 /* Nightly */,
				0591A8143D444244BDF2525D /* NightlyMemoryCheck */,
				3DEC7B3EC5E2406993451948 /* RUN_TESTS */,
				B988D44CE2654181A053CAEC /* ZERO_CHECK */,
				2E38E90F6775456EAB5577E9 /* docs */,
				D34D8FF2C2324C6394563D78 /* graphics_generator */,
				5A8FAC6D4CAF498B8C24FE29 /* phulkan_library */,
				10BBD85A2EA04090B7C4559E /* testlib */,
			);
		};
/* End PBXProject section */

/* Begin PBXShellScriptBuildPhase section */
		003C8D08B0008F35F218E126 /* CMake PostBuild Rules */ = {
			isa = PBXShellScriptBuildPhase;
			alwaysOutOfDate = 1;
			buildActionMask = 2147483647;
			files = (
			);
			name = "CMake PostBuild Rules";
			outputPaths = (
			);
			runOnlyForDeploymentPostprocessing = 0;
			shellPath = /bin/sh;
			shellScript = "set -e
if test \"$CONFIGURATION\" = \"Debug\"; then :
  cd /Users/pw/GitHub/phulkan/xbuild
  /usr/local/Cellar/cmake/3.19.6/bin/ctest --force-new-ctest-process -C $CONFIGURATION$EFFECTIVE_PLATFORM_NAME
fi
if test \"$CONFIGURATION\" = \"Release\"; then :
  cd /Users/pw/GitHub/phulkan/xbuild
  /usr/local/Cellar/cmake/3.19.6/bin/ctest --force-new-ctest-process -C $CONFIGURATION$EFFECTIVE_PLATFORM_NAME
fi
if test \"$CONFIGURATION\" = \"MinSizeRel\"; then :
  cd /Users/pw/GitHub/phulkan/xbuild
  /usr/local/Cellar/cmake/3.19.6/bin/ctest --force-new-ctest-process -C $CONFIGURATION$EFFECTIVE_PLATFORM_NAME
fi
if test \"$CONFIGURATION\" = \"RelWithDebInfo\"; then :
  cd /Users/pw/GitHub/phulkan/xbuild
  /usr/local/Cellar/cmake/3.19.6/bin/ctest --force-new-ctest-process -C $CONFIGURATION$EFFECTIVE_PLATFORM_NAME
fi
";
			showEnvVarsInLog = 0;
		};
		0256E07F4D414BB026AE919A /* Generate CMakeFiles/Experimental */ = {
			isa = PBXShellScriptBuildPhase;
			alwaysOutOfDate = 1;
			buildActionMask = 2147483647;
			files = (
			);
			inputPaths = (
			);
			name = "Generate CMakeFiles/Experimental";
			outputPaths = (
/Users/pw/GitHub/phulkan/xbuild/CMakeFiles/Experimental			);
			runOnlyForDeploymentPostprocessing = 0;
			shellPath = /bin/sh;
			shellScript = "set -e
if test \"$CONFIGURATION\" = \"Debug\"; then :
  cd /Users/pw/GitHub/phulkan/xbuild
  /usr/local/Cellar/cmake/3.19.6/bin/ctest -C $CONFIGURATION$EFFECTIVE_PLATFORM_NAME -D Experimental
fi
if test \"$CONFIGURATION\" = \"Release\"; then :
  cd /Users/pw/GitHub/phulkan/xbuild
  /usr/local/Cellar/cmake/3.19.6/bin/ctest -C $CONFIGURATION$EFFECTIVE_PLATFORM_NAME -D Experimental
fi
if test \"$CONFIGURATION\" = \"MinSizeRel\"; then :
  cd /Users/pw/GitHub/phulkan/xbuild
  /usr/local/Cellar/cmake/3.19.6/bin/ctest -C $CONFIGURATION$EFFECTIVE_PLATFORM_NAME -D Experimental
fi
if test \"$CONFIGURATION\" = \"RelWithDebInfo\"; then :
  cd /Users/pw/GitHub/phulkan/xbuild
  /usr/local/Cellar/cmake/3.19.6/bin/ctest -C $CONFIGURATION$EFFECTIVE_PLATFORM_NAME -D Experimental
fi
";
			showEnvVarsInLog = 0;
		};
		09FB783FD30DC6E66DF354AF = {
			isa = PBXShellScriptBuildPhase;
			buildActionMask = 2147483647;
			files = (
			);
			inputPaths = (
			);
			outputPaths = (
			);
			runOnlyForDeploymentPostprocessing = 0;
			shellPath = /bin/sh;
			shellScript = "# shell script goes here
exit 0";
			showEnvVarsInLog = 0;
		};
		23E0E19C1FE635DB84934AD9 = {
			isa = PBXShellScriptBuildPhase;
			buildActionMask = 2147483647;
			files = (
			);
			inputPaths = (
			);
			outputPaths = (
			);
			runOnlyForDeploymentPostprocessing = 0;
			shellPath = /bin/sh;
			shellScript = "# shell script goes here
exit 0";
			showEnvVarsInLog = 0;
		};
		2F26B49595486A40A3EF1379 /* Generate src/graphics_info.hpp */ = {
			isa = PBXShellScriptBuildPhase;
			buildActionMask = 2147483647;
			files = (
			);
			inputPaths = (
			);
			name = "Generate src/graphics_info.hpp";
			outputPaths = (
/Users/pw/GitHub/phulkan/xbuild/src/graphics_info.hpp			);
			runOnlyForDeploymentPostprocessing = 0;
			shellPath = /bin/sh;
			shellScript = "set -e
if test \"$CONFIGURATION\" = \"Debug\"; then :
  cd /Users/pw/GitHub/phulkan/xbuild/src
  /Users/pw/GitHub/phulkan/xbuild/src/Debug/graphics_generator
fi
if test \"$CONFIGURATION\" = \"Release\"; then :
  cd /Users/pw/GitHub/phulkan/xbuild/src
  /Users/pw/GitHub/phulkan/xbuild/src/Release/graphics_generator
fi
if test \"$CONFIGURATION\" = \"MinSizeRel\"; then :
  cd /Users/pw/GitHub/phulkan/xbuild/src
  /Users/pw/GitHub/phulkan/xbuild/src/MinSizeRel/graphics_generator
fi
if test \"$CONFIGURATION\" = \"RelWithDebInfo\"; then :
  cd /Users/pw/GitHub/phulkan/xbuild/src
  /Users/pw/GitHub/phulkan/xbuild/src/RelWithDebInfo/graphics_generator
fi
";
			showEnvVarsInLog = 0;
		};
		2F7B89DD4E82073DE5D8D8DE /* Generate CMakeFiles/NightlyMemoryCheck */ = {
			isa = PBXShellScriptBuildPhase;
			alwaysOutOfDate = 1;
			buildActionMask = 2147483647;
			files = (
			);
			inputPaths = (
			);
			name = "Generate CMakeFiles/NightlyMemoryCheck";
			outputPaths = (
/Users/pw/GitHub/phulkan/xbuild/CMakeFiles/NightlyMemoryCheck			);
			runOnlyForDeploymentPostprocessing = 0;
			shellPath = /bin/sh;
			shellScript = "set -e
if test \"$CONFIGURATION\" = \"Debug\"; then :
  cd /Users/pw/GitHub/phulkan/xbuild
  /usr/local/Cellar/cmake/3.19.6/bin/ctest -C $CONFIGURATION$EFFECTIVE_PLATFORM_NAME -D NightlyMemoryCheck
fi
if test \"$CONFIGURATION\" = \"Release\"; then :
  cd /Users/pw/GitHub/phulkan/xbuild
  /usr/local/Cellar/cmake/3.19.6/bin/ctest -C $CONFIGURATION$EFFECTIVE_PLATFORM_NAME -D NightlyMemoryCheck
fi
if test \"$CONFIGURATION\" = \"MinSizeRel\"; then :
  cd /Users/pw/GitHub/phulkan/xbuild
  /usr/local/Cellar/cmake/3.19.6/bin/ctest -C $CONFIGURATION$EFFECTIVE_PLATFORM_NAME -D NightlyMemoryCheck
fi
if test \"$CONFIGURATION\" = \"RelWithDebInfo\"; then :
  cd /Users/pw/GitHub/phulkan/xbuild
  /usr/local/Cellar/cmake/3.19.6/bin/ctest -C $CONFIGURATION$EFFECTIVE_PLATFORM_NAME -D NightlyMemoryCheck
fi
";
			showEnvVarsInLog = 0;
		};
		323E6CE94951678BF055CC89 = {
			isa = PBXShellScriptBuildPhase;
			buildActionMask = 2147483647;
			files = (
			);
			inputPaths = (
			);
			outputPaths = (
			);
			runOnlyForDeploymentPostprocessing = 0;
			shellPath = /bin/sh;
			shellScript = "# shell script goes here
exit 0";
			showEnvVarsInLog = 0;
		};
		3C0110FC8322DE7E50886E21 = {
			isa = PBXShellScriptBuildPhase;
			buildActionMask = 2147483647;
			files = (
			);
			inputPaths = (
			);
			outputPaths = (
			);
			runOnlyForDeploymentPostprocessing = 0;
			shellPath = /bin/sh;
			shellScript = "# shell script goes here
exit 0";
			showEnvVarsInLog = 0;
		};
		910A41151295C5F9742C25BD = {
			isa = PBXShellScriptBuildPhase;
			buildActionMask = 2147483647;
			files = (
			);
			inputPaths = (
			);
			outputPaths = (
			);
			runOnlyForDeploymentPostprocessing = 0;
			shellPath = /bin/sh;
			shellScript = "# shell script goes here
exit 0";
			showEnvVarsInLog = 0;
		};
		9B50530E35CC49C82C2FACCF = {
			isa = PBXShellScriptBuildPhase;
			buildActionMask = 2147483647;
			files = (
			);
			inputPaths = (
			);
			outputPaths = (
			);
			runOnlyForDeploymentPostprocessing = 0;
			shellPath = /bin/sh;
			shellScript = "# shell script goes here
exit 0";
			showEnvVarsInLog = 0;
		};
		9C5D058ECE4DB95FB1C315AE /* Generate docs/CMakeFiles/docs */ = {
			isa = PBXShellScriptBuildPhase;
			alwaysOutOfDate = 1;
			buildActionMask = 2147483647;
			files = (
			);
			inputPaths = (
/Users/pw/GitHub/phulkan/docs/mainpage.md,/Users/pw/GitHub/phulkan/xbuild/docs/Doxyfile.docs			);
			name = "Generate docs/CMakeFiles/docs";
			outputPaths = (
/Users/pw/GitHub/phulkan/xbuild/docs/CMakeFiles/docs			);
			runOnlyForDeploymentPostprocessing = 0;
			shellPath = /bin/sh;
			shellScript = "set -e
if test \"$CONFIGURATION\" = \"Debug\"; then :
  cd /Users/pw/GitHub/phulkan/include
  /usr/local/Cellar/cmake/3.19.6/bin/cmake -E make_directory /Users/pw/GitHub/phulkan/xbuild/docs
  /usr/local/bin/doxygen /Users/pw/GitHub/phulkan/xbuild/docs/Doxyfile.docs
fi
if test \"$CONFIGURATION\" = \"Release\"; then :
  cd /Users/pw/GitHub/phulkan/include
  /usr/local/Cellar/cmake/3.19.6/bin/cmake -E make_directory /Users/pw/GitHub/phulkan/xbuild/docs
  /usr/local/bin/doxygen /Users/pw/GitHub/phulkan/xbuild/docs/Doxyfile.docs
fi
if test \"$CONFIGURATION\" = \"MinSizeRel\"; then :
  cd /Users/pw/GitHub/phulkan/include
  /usr/local/Cellar/cmake/3.19.6/bin/cmake -E make_directory /Users/pw/GitHub/phulkan/xbuild/docs
  /usr/local/bin/doxygen /Users/pw/GitHub/phulkan/xbuild/docs/Doxyfile.docs
fi
if test \"$CONFIGURATION\" = \"RelWithDebInfo\"; then :
  cd /Users/pw/GitHub/phulkan/include
  /usr/local/Cellar/cmake/3.19.6/bin/cmake -E make_directory /Users/pw/GitHub/phulkan/xbuild/docs
  /usr/local/bin/doxygen /Users/pw/GitHub/phulkan/xbuild/docs/Doxyfile.docs
fi
";
			showEnvVarsInLog = 0;
		};
		A68D7F74133ED74D8658B427 = {
			isa = PBXShellScriptBuildPhase;
			buildActionMask = 2147483647;
			files = (
			);
			inputPaths = (
			);
			outputPaths = (
			);
			runOnlyForDeploymentPostprocessing = 0;
			shellPath = /bin/sh;
			shellScript = "# shell script goes here
exit 0";
			showEnvVarsInLog = 0;
		};
		B7DAB95A41C830563BA10224 /* Generate CMakeFiles/Nightly */ = {
			isa = PBXShellScriptBuildPhase;
			alwaysOutOfDate = 1;
			buildActionMask = 2147483647;
			files = (
			);
			inputPaths = (
			);
			name = "Generate CMakeFiles/Nightly";
			outputPaths = (
/Users/pw/GitHub/phulkan/xbuild/CMakeFiles/Nightly			);
			runOnlyForDeploymentPostprocessing = 0;
			shellPath = /bin/sh;
			shellScript = "set -e
if test \"$CONFIGURATION\" = \"Debug\"; then :
  cd /Users/pw/GitHub/phulkan/xbuild
  /usr/local/Cellar/cmake/3.19.6/bin/ctest -C $CONFIGURATION$EFFECTIVE_PLATFORM_NAME -D Nightly
fi
if test \"$CONFIGURATION\" = \"Release\"; then :
  cd /Users/pw/GitHub/phulkan/xbuild
  /usr/local/Cellar/cmake/3.19.6/bin/ctest -C $CONFIGURATION$EFFECTIVE_PLATFORM_NAME -D Nightly
fi
if test \"$CONFIGURATION\" = \"MinSizeRel\"; then :
  cd /Users/pw/GitHub/phulkan/xbuild
  /usr/local/Cellar/cmake/3.19.6/bin/ctest -C $CONFIGURATION$EFFECTIVE_PLATFORM_NAME -D Nightly
fi
if test \"$CONFIGURATION\" = \"RelWithDebInfo\"; then :
  cd /Users/pw/GitHub/phulkan/xbuild
  /usr/local/Cellar/cmake/3.19.6/bin/ctest -C $CONFIGURATION$EFFECTIVE_PLATFORM_NAME -D Nightly
fi
";
			showEnvVarsInLog = 0;
		};
		CBD1BADA900A12BA56E3C721 /* Generate CMakeFiles/Continuous */ = {
			isa = PBXShellScriptBuildPhase;
			alwaysOutOfDate = 1;
			buildActionMask = 2147483647;
			files = (
			);
			inputPaths = (
			);
			name = "Generate CMakeFiles/Continuous";
			outputPaths = (
/Users/pw/GitHub/phulkan/xbuild/CMakeFiles/Continuous			);
			runOnlyForDeploymentPostprocessing = 0;
			shellPath = /bin/sh;
			shellScript = "set -e
if test \"$CONFIGURATION\" = \"Debug\"; then :
  cd /Users/pw/GitHub/phulkan/xbuild
  /usr/local/Cellar/cmake/3.19.6/bin/ctest -C $CONFIGURATION$EFFECTIVE_PLATFORM_NAME -D Continuous
fi
if test \"$CONFIGURATION\" = \"Release\"; then :
  cd /Users/pw/GitHub/phulkan/xbuild
  /usr/local/Cellar/cmake/3.19.6/bin/ctest -C $CONFIGURATION$EFFECTIVE_PLATFORM_NAME -D Continuous
fi
if test \"$CONFIGURATION\" = \"MinSizeRel\"; then :
  cd /Users/pw/GitHub/phulkan/xbuild
  /usr/local/Cellar/cmake/3.19.6/bin/ctest -C $CONFIGURATION$EFFECTIVE_PLATFORM_NAME -D Continuous
fi
if test \"$CONFIGURATION\" = \"RelWithDebInfo\"; then :
  cd /Users/pw/GitHub/phulkan/xbuild
  /usr/local/Cellar/cmake/3.19.6/bin/ctest -C $CONFIGURATION$EFFECTIVE_PLATFORM_NAME -D Continuous
fi
";
			showEnvVarsInLog = 0;
		};
		E594FF7834D0B496D8A981C0 /* Generate CMakeFiles/ZERO_CHECK */ = {
			isa = PBXShellScriptBuildPhase;
			alwaysOutOfDate = 1;
			buildActionMask = 2147483647;
			files = (
			);
			inputPaths = (
			);
			name = "Generate CMakeFiles/ZERO_CHECK";
			outputPaths = (
/Users/pw/GitHub/phulkan/xbuild/CMakeFiles/ZERO_CHECK			);
			runOnlyForDeploymentPostprocessing = 0;
			shellPath = /bin/sh;
			shellScript = "set -e
if test \"$CONFIGURATION\" = \"Debug\"; then :
  cd /Users/pw/GitHub/phulkan/xbuild
  make -f /Users/pw/GitHub/phulkan/xbuild/CMakeScripts/ReRunCMake.make
fi
if test \"$CONFIGURATION\" = \"Release\"; then :
  cd /Users/pw/GitHub/phulkan/xbuild
  make -f /Users/pw/GitHub/phulkan/xbuild/CMakeScripts/ReRunCMake.make
fi
if test \"$CONFIGURATION\" = \"MinSizeRel\"; then :
  cd /Users/pw/GitHub/phulkan/xbuild
  make -f /Users/pw/GitHub/phulkan/xbuild/CMakeScripts/ReRunCMake.make
fi
if test \"$CONFIGURATION\" = \"RelWithDebInfo\"; then :
  cd /Users/pw/GitHub/phulkan/xbuild
  make -f /Users/pw/GitHub/phulkan/xbuild/CMakeScripts/ReRunCMake.make
fi
";
			showEnvVarsInLog = 0;
		};
		E7BD059AC02E96BB9C6C11B4 /* Generate CMakeFiles/ALL_BUILD */ = {
			isa = PBXShellScriptBuildPhase;
			alwaysOutOfDate = 1;
			buildActionMask = 2147483647;
			files = (
			);
			inputPaths = (
			);
			name = "Generate CMakeFiles/ALL_BUILD";
			outputPaths = (
/Users/pw/GitHub/phulkan/xbuild/CMakeFiles/ALL_BUILD			);
			runOnlyForDeploymentPostprocessing = 0;
			shellPath = /bin/sh;
			shellScript = "set -e
if test \"$CONFIGURATION\" = \"Debug\"; then :
  cd /Users/pw/GitHub/phulkan/xbuild
  echo Build\\ all\\ projects
fi
if test \"$CONFIGURATION\" = \"Release\"; then :
  cd /Users/pw/GitHub/phulkan/xbuild
  echo Build\\ all\\ projects
fi
if test \"$CONFIGURATION\" = \"MinSizeRel\"; then :
  cd /Users/pw/GitHub/phulkan/xbuild
  echo Build\\ all\\ projects
fi
if test \"$CONFIGURATION\" = \"RelWithDebInfo\"; then :
  cd /Users/pw/GitHub/phulkan/xbuild
  echo Build\\ all\\ projects
fi
";
			showEnvVarsInLog = 0;
		};
		FC5B5C9115E405ED6F6F6625 = {
			isa = PBXShellScriptBuildPhase;
			buildActionMask = 2147483647;
			files = (
			);
			inputPaths = (
			);
			outputPaths = (
			);
			runOnlyForDeploymentPostprocessing = 0;
			shellPath = /bin/sh;
			shellScript = "# shell script goes here
exit 0";
			showEnvVarsInLog = 0;
		};
/* End PBXShellScriptBuildPhase section */

/* Begin PBXSourcesBuildPhase section */
		47C3DA46795A4C3C9DBEA39D /* Sources */ = {
			isa = PBXSourcesBuildPhase;
			buildActionMask = 2147483647;
			files = (
				AAE627CF766D45BD9DC0DCCB /* /Users/pw/GitHub/phulkan/src/generators/graphics.cpp */,
			);
			runOnlyForDeploymentPostprocessing = 0;
		};
		678E3BD7EF114BD58C93C3CF /* Sources */ = {
			isa = PBXSourcesBuildPhase;
			buildActionMask = 2147483647;
			files = (
				D1C1C311D24A41698A003276 /* /Users/pw/GitHub/phulkan/tests/testlib.cpp */,
			);
			runOnlyForDeploymentPostprocessing = 0;
		};
		EB2FF0662C3E49299CC7D3A2 /* Sources */ = {
			isa = PBXSourcesBuildPhase;
			buildActionMask = 2147483647;
			files = (
				72EBDB8DEC5C4947A59267FD /* /Users/pw/GitHub/phulkan/src/phulkan.cpp */,
			);
			runOnlyForDeploymentPostprocessing = 0;
		};
/* End PBXSourcesBuildPhase section */

/* Begin PBXTargetDependency section */
		1E37DA4865BA43639DF5CE68 /* PBXTargetDependency */ = {
			isa = PBXTargetDependency;
			target = B988D44CE2654181A053CAEC /* ZERO_CHECK */;
			targetProxy = B043B76D424E48EE8AC72561 /* PBXContainerItemProxy */;
		};
		4294904F9A7F4AE7A88E2EAF /* PBXTargetDependency */ = {
			isa = PBXTargetDependency;
			target = 10BBD85A2EA04090B7C4559E /* testlib */;
			targetProxy = 8297460F925D46F49C24A7CD /* PBXContainerItemProxy */;
		};
		45D719515049434685B9D164 /* PBXTargetDependency */ = {
			isa = PBXTargetDependency;
			target = D34D8FF2C2324C6394563D78 /* graphics_generator */;
			targetProxy = 4EC9DE1617A0455586DA4493 /* PBXContainerItemProxy */;
		};
		51F61AC69B0A4E3EBE8B50DB /* PBXTargetDependency */ = {
			isa = PBXTargetDependency;
			target = B988D44CE2654181A053CAEC /* ZERO_CHECK */;
			targetProxy = B8C07CEF3D4F40A7B4EE14BE /* PBXContainerItemProxy */;
		};
		53C6E0DEC32344F5AD669A3C /* PBXTargetDependency */ = {
			isa = PBXTargetDependency;
			target = B988D44CE2654181A053CAEC /* ZERO_CHECK */;
			targetProxy = ED210F4863CB4C238811919E /* PBXContainerItemProxy */;
		};
		5B6E1C12D54541A29AF4DEDF /* PBXTargetDependency */ = {
			isa = PBXTargetDependency;
			target = B988D44CE2654181A053CAEC /* ZERO_CHECK */;
			targetProxy = 6FAA3C4712CB41BA98C800FC /* PBXContainerItemProxy */;
		};
		6CA066CE557F49E7ABD01291 /* PBXTargetDependency */ = {
			isa = PBXTargetDependency;
			target = D34D8FF2C2324C6394563D78 /* graphics_generator */;
			targetProxy = 669C7A171EA84E1F954F976A /* PBXContainerItemProxy */;
		};
		6D3766D02CFC45B2A6A62094 /* PBXTargetDependency */ = {
			isa = PBXTargetDependency;
			target = B988D44CE2654181A053CAEC /* ZERO_CHECK */;
			targetProxy = AD98EDD5D62F4C9592E9E6B4 /* PBXContainerItemProxy */;
		};
		7C17928FEAEE4B379CAFD8D5 /* PBXTargetDependency */ = {
			isa = PBXTargetDependency;
			target = B988D44CE2654181A053CAEC /* ZERO_CHECK */;
			targetProxy = 316FA276512C47FF994A0DD9 /* PBXContainerItemProxy */;
		};
		8ED4E513ADDE42B08F39F883 /* PBXTargetDependency */ = {
			isa = PBXTargetDependency;
			target = B988D44CE2654181A053CAEC /* ZERO_CHECK */;
			targetProxy = 3905A6265ECA46C1862EA23A /* PBXContainerItemProxy */;
		};
		9A525D48B981407BB5729FE8 /* PBXTargetDependency */ = {
			isa = PBXTargetDependency;
			target = 5A8FAC6D4CAF498B8C24FE29 /* phulkan_library */;
			targetProxy = 3172B6E92C064CD68C225A45 /* PBXContainerItemProxy */;
		};
		A01D62AC48D54596AA6B063F /* PBXTargetDependency */ = {
			isa = PBXTargetDependency;
			target = B988D44CE2654181A053CAEC /* ZERO_CHECK */;
			targetProxy = D298F7D7A354451394ED7126 /* PBXContainerItemProxy */;
		};
		A2E5B882771140EFB93BA689 /* PBXTargetDependency */ = {
			isa = PBXTargetDependency;
			target = B988D44CE2654181A053CAEC /* ZERO_CHECK */;
			targetProxy = C386B01E7386483BA1A14679 /* PBXContainerItemProxy */;
		};
		BDF2ACDD1B1042FBA202D782 /* PBXTargetDependency */ = {
			isa = PBXTargetDependency;
			target = 5A8FAC6D4CAF498B8C24FE29 /* phulkan_library */;
			targetProxy = E3CA6B93B1CF41CA885F4721 /* PBXContainerItemProxy */;
		};
/* End PBXTargetDependency section */

/* Begin XCBuildConfiguration section */
		086C5956FD584EE190576A7E /* Release */ = {
			isa = XCBuildConfiguration;
			buildSettings = {
				COMBINE_HIDPI_IMAGES = YES;
				GCC_GENERATE_DEBUGGING_SYMBOLS = YES;
				GCC_INLINES_ARE_PRIVATE_EXTERN = NO;
				GCC_OPTIMIZATION_LEVEL = 0;
				GCC_PREPROCESSOR_DEFINITIONS = ("'CMAKE_INTDIR=\"$(CONFIGURATION)$(EFFECTIVE_PLATFORM_NAME)\"'");
				GCC_SYMBOLS_PRIVATE_EXTERN = NO;
				INSTALL_PATH = "";
				OTHER_LDFLAGS = ("");
				OTHER_REZFLAGS = "";
				PRODUCT_NAME = NightlyMemoryCheck;
				SECTORDER_FLAGS = "";
				SYMROOT = /Users/pw/GitHub/phulkan/xbuild;
				USE_HEADERMAP = NO;
				WARNING_CFLAGS = ("$(inherited)");
			};
			name = Release;
		};
		08B5F8A2A4524D59AA512AB4 /* RelWithDebInfo */ = {
			isa = XCBuildConfiguration;
			buildSettings = {
				COMBINE_HIDPI_IMAGES = YES;
				GCC_GENERATE_DEBUGGING_SYMBOLS = YES;
				GCC_INLINES_ARE_PRIVATE_EXTERN = NO;
				GCC_OPTIMIZATION_LEVEL = 0;
				GCC_PREPROCESSOR_DEFINITIONS = ("'CMAKE_INTDIR=\"$(CONFIGURATION)$(EFFECTIVE_PLATFORM_NAME)\"'");
				GCC_SYMBOLS_PRIVATE_EXTERN = NO;
				INSTALL_PATH = "";
				OTHER_LDFLAGS = ("");
				OTHER_REZFLAGS = "";
				PRODUCT_NAME = RUN_TESTS;
				SECTORDER_FLAGS = "";
				SYMROOT = /Users/pw/GitHub/phulkan/xbuild;
				USE_HEADERMAP = NO;
				WARNING_CFLAGS = ("$(inherited)");
			};
			name = RelWithDebInfo;
		};
		101E02BB315E4FC7A11315C2 /* Release */ = {
			isa = XCBuildConfiguration;
			buildSettings = {
				ARCHS = "$(NATIVE_ARCH_ACTUAL)";
				MACOSX_DEPLOYMENT_TARGET = 11.2;
				ONLY_ACTIVE_ARCH = YES;
				SDKROOT = "/Applications/Xcode-beta.app/Contents/Developer/Platforms/MacOSX.platform/Developer/SDKs/MacOSX11.3.sdk";
				SYMROOT = /Users/pw/GitHub/phulkan/xbuild/build;
			};
			name = Release;
		};
		101E95B8D5D748C789FF2824 /* Release */ = {
			isa = XCBuildConfiguration;
			buildSettings = {
				COMBINE_HIDPI_IMAGES = YES;
				EXECUTABLE_PREFIX = "";
				EXECUTABLE_SUFFIX = "";
				FRAMEWORK_SEARCH_PATHS = ("$(inherited)");
				GCC_GENERATE_DEBUGGING_SYMBOLS = NO;
				GCC_INLINES_ARE_PRIVATE_EXTERN = NO;
				GCC_OPTIMIZATION_LEVEL = 3;
				GCC_PREPROCESSOR_DEFINITIONS = ("'CMAKE_INTDIR=\"$(CONFIGURATION)$(EFFECTIVE_PLATFORM_NAME)\"'","'kuk=3'");
				GCC_SYMBOLS_PRIVATE_EXTERN = NO;
				HEADER_SEARCH_PATHS = (/Users/pw/GitHub/phulkan/src/../include,/Users/pw/GitHub/phulkan/xbuild/src,"/Users/pw/GitHub/phulkan/xbuild/_deps/catch-src/single_include");
				INSTALL_PATH = "";
				LIBRARY_SEARCH_PATHS = ("$(inherited)");
				OTHER_CPLUSPLUSFLAGS = " -Wall -Werror     -DNDEBUG '-std=gnu++2a' ";
				OTHER_LDFLAGS = ("-L/usr/local/opt/qt/lib -Wl,-search_paths_first -Wl,-headerpad_max_install_names",/Users/pw/GitHub/phulkan/xbuild/src/Release/libphulkan_library.a);
				OTHER_REZFLAGS = "";
				PRODUCT_NAME = testlib;
				SECTORDER_FLAGS = "";
				SYMROOT = /Users/pw/GitHub/phulkan/xbuild/tests;
				USE_HEADERMAP = NO;
				WARNING_CFLAGS = ("$(inherited)");
			};
			name = Release;
		};
		2335CCC4BF2F418AA78A2A7B /* MinSizeRel */ = {
			isa = XCBuildConfiguration;
			buildSettings = {
				COMBINE_HIDPI_IMAGES = YES;
				GCC_GENERATE_DEBUGGING_SYMBOLS = YES;
				GCC_INLINES_ARE_PRIVATE_EXTERN = NO;
				GCC_OPTIMIZATION_LEVEL = 0;
				GCC_PREPROCESSOR_DEFINITIONS = ("'CMAKE_INTDIR=\"$(CONFIGURATION)$(EFFECTIVE_PLATFORM_NAME)\"'");
				GCC_SYMBOLS_PRIVATE_EXTERN = NO;
				INSTALL_PATH = "";
				OTHER_LDFLAGS = ("");
				OTHER_REZFLAGS = "";
				PRODUCT_NAME = ZERO_CHECK;
				SECTORDER_FLAGS = "";
				SYMROOT = /Users/pw/GitHub/phulkan/xbuild;
				USE_HEADERMAP = NO;
				WARNING_CFLAGS = ("$(inherited)");
			};
			name = MinSizeRel;
		};
		236D97078A494BA4BA7A61E6 /* MinSizeRel */ = {
			isa = XCBuildConfiguration;
			buildSettings = {
				COMBINE_HIDPI_IMAGES = YES;
				GCC_GENERATE_DEBUGGING_SYMBOLS = YES;
				GCC_INLINES_ARE_PRIVATE_EXTERN = NO;
				GCC_OPTIMIZATION_LEVEL = 0;
				GCC_PREPROCESSOR_DEFINITIONS = ("'CMAKE_INTDIR=\"$(CONFIGURATION)$(EFFECTIVE_PLATFORM_NAME)\"'");
				GCC_SYMBOLS_PRIVATE_EXTERN = NO;
				INSTALL_PATH = "";
				OTHER_LDFLAGS = ("");
				OTHER_REZFLAGS = "";
				PRODUCT_NAME = Experimental;
				SECTORDER_FLAGS = "";
				SYMROOT = /Users/pw/GitHub/phulkan/xbuild;
				USE_HEADERMAP = NO;
				WARNING_CFLAGS = ("$(inherited)");
			};
			name = MinSizeRel;
		};
		240252FCFD77455982D44D20 /* Debug */ = {
			isa = XCBuildConfiguration;
			buildSettings = {
				COMBINE_HIDPI_IMAGES = YES;
				GCC_GENERATE_DEBUGGING_SYMBOLS = YES;
				GCC_INLINES_ARE_PRIVATE_EXTERN = NO;
				GCC_OPTIMIZATION_LEVEL = 0;
				GCC_PREPROCESSOR_DEFINITIONS = ("'CMAKE_INTDIR=\"$(CONFIGURATION)$(EFFECTIVE_PLATFORM_NAME)\"'");
				GCC_SYMBOLS_PRIVATE_EXTERN = NO;
				INSTALL_PATH = "";
				OTHER_LDFLAGS = ("");
				OTHER_REZFLAGS = "";
				PRODUCT_NAME = docs;
				SECTORDER_FLAGS = "";
				SYMROOT = /Users/pw/GitHub/phulkan/xbuild/docs;
				USE_HEADERMAP = NO;
				WARNING_CFLAGS = ("$(inherited)");
			};
			name = Debug;
		};
		26539730E7394E33B083E7AF /* RelWithDebInfo */ = {
			isa = XCBuildConfiguration;
			buildSettings = {
				COMBINE_HIDPI_IMAGES = YES;
				GCC_GENERATE_DEBUGGING_SYMBOLS = YES;
				GCC_INLINES_ARE_PRIVATE_EXTERN = NO;
				GCC_OPTIMIZATION_LEVEL = 0;
				GCC_PREPROCESSOR_DEFINITIONS = ("'CMAKE_INTDIR=\"$(CONFIGURATION)$(EFFECTIVE_PLATFORM_NAME)\"'");
				GCC_SYMBOLS_PRIVATE_EXTERN = NO;
				INSTALL_PATH = "";
				OTHER_LDFLAGS = ("");
				OTHER_REZFLAGS = "";
				PRODUCT_NAME = Nightly;
				SECTORDER_FLAGS = "";
				SYMROOT = /Users/pw/GitHub/phulkan/xbuild;
				USE_HEADERMAP = NO;
				WARNING_CFLAGS = ("$(inherited)");
			};
			name = RelWithDebInfo;
		};
		28508BCECE944B00BFD74ED1 /* MinSizeRel */ = {
			isa = XCBuildConfiguration;
			buildSettings = {
				COMBINE_HIDPI_IMAGES = YES;
				EXECUTABLE_PREFIX = lib;
				EXECUTABLE_SUFFIX = .a;
				GCC_GENERATE_DEBUGGING_SYMBOLS = NO;
				GCC_INLINES_ARE_PRIVATE_EXTERN = NO;
				GCC_OPTIMIZATION_LEVEL = s;
				GCC_PREPROCESSOR_DEFINITIONS = ("'CMAKE_INTDIR=\"$(CONFIGURATION)$(EFFECTIVE_PLATFORM_NAME)\"'","'kuk=3'");
				GCC_SYMBOLS_PRIVATE_EXTERN = NO;
				HEADER_SEARCH_PATHS = (/Users/pw/GitHub/phulkan/src/../include,/Users/pw/GitHub/phulkan/xbuild/src);
				INSTALL_PATH = "";
				LIBRARY_STYLE = STATIC;
				OTHER_CPLUSPLUSFLAGS = " -Wall -Werror     -DNDEBUG '-std=gnu++2a' ";
				OTHER_LIBTOOLFLAGS = ("");
				OTHER_REZFLAGS = "";
				PRODUCT_NAME = phulkan_library;
				SECTORDER_FLAGS = "";
				SYMROOT = /Users/pw/GitHub/phulkan/xbuild/src;
				USE_HEADERMAP = NO;
				WARNING_CFLAGS = ("$(inherited)");
			};
			name = MinSizeRel;
		};
		3378C309B2BD4BDDBC0ABA28 /* RelWithDebInfo */ = {
			isa = XCBuildConfiguration;
			buildSettings = {
				COMBINE_HIDPI_IMAGES = YES;
				GCC_GENERATE_DEBUGGING_SYMBOLS = YES;
				GCC_INLINES_ARE_PRIVATE_EXTERN = NO;
				GCC_OPTIMIZATION_LEVEL = 0;
				GCC_PREPROCESSOR_DEFINITIONS = ("'CMAKE_INTDIR=\"$(CONFIGURATION)$(EFFECTIVE_PLATFORM_NAME)\"'");
				GCC_SYMBOLS_PRIVATE_EXTERN = NO;
				INSTALL_PATH = "";
				OTHER_LDFLAGS = ("");
				OTHER_REZFLAGS = "";
				PRODUCT_NAME = docs;
				SECTORDER_FLAGS = "";
				SYMROOT = /Users/pw/GitHub/phulkan/xbuild/docs;
				USE_HEADERMAP = NO;
				WARNING_CFLAGS = ("$(inherited)");
			};
			name = RelWithDebInfo;
		};
		3588198061FC48968A479AD6 /* MinSizeRel */ = {
			isa = XCBuildConfiguration;
			buildSettings = {
				COMBINE_HIDPI_IMAGES = YES;
				GCC_GENERATE_DEBUGGING_SYMBOLS = YES;
				GCC_INLINES_ARE_PRIVATE_EXTERN = NO;
				GCC_OPTIMIZATION_LEVEL = 0;
				GCC_PREPROCESSOR_DEFINITIONS = ("'CMAKE_INTDIR=\"$(CONFIGURATION)$(EFFECTIVE_PLATFORM_NAME)\"'");
				GCC_SYMBOLS_PRIVATE_EXTERN = NO;
				INSTALL_PATH = "";
				OTHER_LDFLAGS = ("");
				OTHER_REZFLAGS = "";
				PRODUCT_NAME = Continuous;
				SECTORDER_FLAGS = "";
				SYMROOT = /Users/pw/GitHub/phulkan/xbuild;
				USE_HEADERMAP = NO;
				WARNING_CFLAGS = ("$(inherited)");
			};
			name = MinSizeRel;
		};
		3AF0F6CAADD9447DBCADAD41 /* Release */ = {
			isa = XCBuildConfiguration;
			buildSettings = {
				COMBINE_HIDPI_IMAGES = YES;
				GCC_GENERATE_DEBUGGING_SYMBOLS = YES;
				GCC_INLINES_ARE_PRIVATE_EXTERN = NO;
				GCC_OPTIMIZATION_LEVEL = 0;
				GCC_PREPROCESSOR_DEFINITIONS = ("'CMAKE_INTDIR=\"$(CONFIGURATION)$(EFFECTIVE_PLATFORM_NAME)\"'");
				GCC_SYMBOLS_PRIVATE_EXTERN = NO;
				INSTALL_PATH = "";
				OTHER_LDFLAGS = ("");
				OTHER_REZFLAGS = "";
				PRODUCT_NAME = Continuous;
				SECTORDER_FLAGS = "";
				SYMROOT = /Users/pw/GitHub/phulkan/xbuild;
				USE_HEADERMAP = NO;
				WARNING_CFLAGS = ("$(inherited)");
			};
			name = Release;
		};
		3C7FB1E3043C4A219F5ED063 /* RelWithDebInfo */ = {
			isa = XCBuildConfiguration;
			buildSettings = {
				COMBINE_HIDPI_IMAGES = YES;
				GCC_GENERATE_DEBUGGING_SYMBOLS = YES;
				GCC_INLINES_ARE_PRIVATE_EXTERN = NO;
				GCC_OPTIMIZATION_LEVEL = 0;
				GCC_PREPROCESSOR_DEFINITIONS = ("'CMAKE_INTDIR=\"$(CONFIGURATION)$(EFFECTIVE_PLATFORM_NAME)\"'");
				GCC_SYMBOLS_PRIVATE_EXTERN = NO;
				INSTALL_PATH = "";
				OTHER_LDFLAGS = ("");
				OTHER_REZFLAGS = "";
				PRODUCT_NAME = Continuous;
				SECTORDER_FLAGS = "";
				SYMROOT = /Users/pw/GitHub/phulkan/xbuild;
				USE_HEADERMAP = NO;
				WARNING_CFLAGS = ("$(inherited)");
			};
			name = RelWithDebInfo;
		};
		3CEEA7D3FA924AD7BB858AA3 /* Debug */ = {
			isa = XCBuildConfiguration;
			buildSettings = {
				COMBINE_HIDPI_IMAGES = YES;
				GCC_GENERATE_DEBUGGING_SYMBOLS = YES;
				GCC_INLINES_ARE_PRIVATE_EXTERN = NO;
				GCC_OPTIMIZATION_LEVEL = 0;
				GCC_PREPROCESSOR_DEFINITIONS = ("'CMAKE_INTDIR=\"$(CONFIGURATION)$(EFFECTIVE_PLATFORM_NAME)\"'");
				GCC_SYMBOLS_PRIVATE_EXTERN = NO;
				INSTALL_PATH = "";
				OTHER_LDFLAGS = ("");
				OTHER_REZFLAGS = "";
				PRODUCT_NAME = ALL_BUILD;
				SECTORDER_FLAGS = "";
				SYMROOT = /Users/pw/GitHub/phulkan/xbuild;
				USE_HEADERMAP = NO;
				WARNING_CFLAGS = ("$(inherited)");
			};
			name = Debug;
		};
		46E82EBE1DC24F0AA58261EA /* RelWithDebInfo */ = {
			isa = XCBuildConfiguration;
			buildSettings = {
				COMBINE_HIDPI_IMAGES = YES;
				GCC_GENERATE_DEBUGGING_SYMBOLS = YES;
				GCC_INLINES_ARE_PRIVATE_EXTERN = NO;
				GCC_OPTIMIZATION_LEVEL = 0;
				GCC_PREPROCESSOR_DEFINITIONS = ("'CMAKE_INTDIR=\"$(CONFIGURATION)$(EFFECTIVE_PLATFORM_NAME)\"'");
				GCC_SYMBOLS_PRIVATE_EXTERN = NO;
				INSTALL_PATH = "";
				OTHER_LDFLAGS = ("");
				OTHER_REZFLAGS = "";
				PRODUCT_NAME = ZERO_CHECK;
				SECTORDER_FLAGS = "";
				SYMROOT = /Users/pw/GitHub/phulkan/xbuild;
				USE_HEADERMAP = NO;
				WARNING_CFLAGS = ("$(inherited)");
			};
			name = RelWithDebInfo;
		};
		4859392EA88C4F18903DD7C4 /* Debug */ = {
			isa = XCBuildConfiguration;
			buildSettings = {
				COMBINE_HIDPI_IMAGES = YES;
				GCC_GENERATE_DEBUGGING_SYMBOLS = YES;
				GCC_INLINES_ARE_PRIVATE_EXTERN = NO;
				GCC_OPTIMIZATION_LEVEL = 0;
				GCC_PREPROCESSOR_DEFINITIONS = ("'CMAKE_INTDIR=\"$(CONFIGURATION)$(EFFECTIVE_PLATFORM_NAME)\"'");
				GCC_SYMBOLS_PRIVATE_EXTERN = NO;
				INSTALL_PATH = "";
				OTHER_LDFLAGS = ("");
				OTHER_REZFLAGS = "";
				PRODUCT_NAME = Experimental;
				SECTORDER_FLAGS = "";
				SYMROOT = /Users/pw/GitHub/phulkan/xbuild;
				USE_HEADERMAP = NO;
				WARNING_CFLAGS = ("$(inherited)");
			};
			name = Debug;
		};
		511A9AD8ABB5481DBAEAD263 /* RelWithDebInfo */ = {
			isa = XCBuildConfiguration;
			buildSettings = {
				COMBINE_HIDPI_IMAGES = YES;
				EXECUTABLE_PREFIX = lib;
				EXECUTABLE_SUFFIX = .a;
				GCC_GENERATE_DEBUGGING_SYMBOLS = YES;
				GCC_INLINES_ARE_PRIVATE_EXTERN = NO;
				GCC_OPTIMIZATION_LEVEL = 2;
				GCC_PREPROCESSOR_DEFINITIONS = ("'CMAKE_INTDIR=\"$(CONFIGURATION)$(EFFECTIVE_PLATFORM_NAME)\"'","'kuk=3'");
				GCC_SYMBOLS_PRIVATE_EXTERN = NO;
				HEADER_SEARCH_PATHS = (/Users/pw/GitHub/phulkan/src/../include,/Users/pw/GitHub/phulkan/xbuild/src);
				INSTALL_PATH = "";
				LIBRARY_STYLE = STATIC;
				OTHER_CPLUSPLUSFLAGS = " -Wall -Werror        -DNDEBUG '-std=gnu++2a' ";
				OTHER_LIBTOOLFLAGS = ("");
				OTHER_REZFLAGS = "";
				PRODUCT_NAME = phulkan_library;
				SECTORDER_FLAGS = "";
				SYMROOT = /Users/pw/GitHub/phulkan/xbuild/src;
				USE_HEADERMAP = NO;
				WARNING_CFLAGS = ("$(inherited)");
			};
			name = RelWithDebInfo;
		};
		559D66A79A8445049251B900 /* RelWithDebInfo */ = {
			isa = XCBuildConfiguration;
			buildSettings = {
				COMBINE_HIDPI_IMAGES = YES;
				EXECUTABLE_PREFIX = "";
				EXECUTABLE_SUFFIX = "";
				FRAMEWORK_SEARCH_PATHS = ("$(inherited)");
				GCC_GENERATE_DEBUGGING_SYMBOLS = YES;
				GCC_INLINES_ARE_PRIVATE_EXTERN = NO;
				GCC_OPTIMIZATION_LEVEL = 2;
				GCC_PREPROCESSOR_DEFINITIONS = ("'CMAKE_INTDIR=\"$(CONFIGURATION)$(EFFECTIVE_PLATFORM_NAME)\"'","'kuk=3'");
				GCC_SYMBOLS_PRIVATE_EXTERN = NO;
				HEADER_SEARCH_PATHS = (/Users/pw/GitHub/phulkan/src/../include,/Users/pw/GitHub/phulkan/xbuild/src,"/Users/pw/GitHub/phulkan/xbuild/_deps/catch-src/single_include");
				INSTALL_PATH = "";
				LIBRARY_SEARCH_PATHS = ("$(inherited)");
				OTHER_CPLUSPLUSFLAGS = " -Wall -Werror        -DNDEBUG '-std=gnu++2a' ";
				OTHER_LDFLAGS = ("-L/usr/local/opt/qt/lib -Wl,-search_paths_first -Wl,-headerpad_max_install_names",/Users/pw/GitHub/phulkan/xbuild/src/RelWithDebInfo/libphulkan_library.a);
				OTHER_REZFLAGS = "";
				PRODUCT_NAME = testlib;
				SECTORDER_FLAGS = "";
				SYMROOT = /Users/pw/GitHub/phulkan/xbuild/tests;
				USE_HEADERMAP = NO;
				WARNING_CFLAGS = ("$(inherited)");
			};
			name = RelWithDebInfo;
		};
		561A04EFBFC34DA995CA91BC /* MinSizeRel */ = {
			isa = XCBuildConfiguration;
			buildSettings = {
				COMBINE_HIDPI_IMAGES = YES;
				GCC_GENERATE_DEBUGGING_SYMBOLS = YES;
				GCC_INLINES_ARE_PRIVATE_EXTERN = NO;
				GCC_OPTIMIZATION_LEVEL = 0;
				GCC_PREPROCESSOR_DEFINITIONS = ("'CMAKE_INTDIR=\"$(CONFIGURATION)$(EFFECTIVE_PLATFORM_NAME)\"'");
				GCC_SYMBOLS_PRIVATE_EXTERN = NO;
				INSTALL_PATH = "";
				OTHER_LDFLAGS = ("");
				OTHER_REZFLAGS = "";
				PRODUCT_NAME = Nightly;
				SECTORDER_FLAGS = "";
				SYMROOT = /Users/pw/GitHub/phulkan/xbuild;
				USE_HEADERMAP = NO;
				WARNING_CFLAGS = ("$(inherited)");
			};
			name = MinSizeRel;
		};
		5A6CCF58410C4581BC35C813 /* Debug */ = {
			isa = XCBuildConfiguration;
			buildSettings = {
				COMBINE_HIDPI_IMAGES = YES;
				GCC_GENERATE_DEBUGGING_SYMBOLS = YES;
				GCC_INLINES_ARE_PRIVATE_EXTERN = NO;
				GCC_OPTIMIZATION_LEVEL = 0;
				GCC_PREPROCESSOR_DEFINITIONS = ("'CMAKE_INTDIR=\"$(CONFIGURATION)$(EFFECTIVE_PLATFORM_NAME)\"'");
				GCC_SYMBOLS_PRIVATE_EXTERN = NO;
				INSTALL_PATH = "";
				OTHER_LDFLAGS = ("");
				OTHER_REZFLAGS = "";
				PRODUCT_NAME = Nightly;
				SECTORDER_FLAGS = "";
				SYMROOT = /Users/pw/GitHub/phulkan/xbuild;
				USE_HEADERMAP = NO;
				WARNING_CFLAGS = ("$(inherited)");
			};
			name = Debug;
		};
		5AF4BD2F501D42DEA01988C4 /* Debug */ = {
			isa = XCBuildConfiguration;
			buildSettings = {
				COMBINE_HIDPI_IMAGES = YES;
				EXECUTABLE_PREFIX = lib;
				EXECUTABLE_SUFFIX = .a;
				GCC_GENERATE_DEBUGGING_SYMBOLS = YES;
				GCC_INLINES_ARE_PRIVATE_EXTERN = NO;
				GCC_OPTIMIZATION_LEVEL = 0;
				GCC_PREPROCESSOR_DEFINITIONS = ("'CMAKE_INTDIR=\"$(CONFIGURATION)$(EFFECTIVE_PLATFORM_NAME)\"'","'kuk=3'");
				GCC_SYMBOLS_PRIVATE_EXTERN = NO;
				HEADER_SEARCH_PATHS = (/Users/pw/GitHub/phulkan/src/../include,/Users/pw/GitHub/phulkan/xbuild/src);
				INSTALL_PATH = "";
				LIBRARY_STYLE = STATIC;
				OTHER_CPLUSPLUSFLAGS = " -Wall -Werror    '-std=gnu++2a' ";
				OTHER_LIBTOOLFLAGS = ("");
				OTHER_REZFLAGS = "";
				PRODUCT_NAME = phulkan_library;
				SECTORDER_FLAGS = "";
				SYMROOT = /Users/pw/GitHub/phulkan/xbuild/src;
				USE_HEADERMAP = NO;
				WARNING_CFLAGS = ("$(inherited)");
			};
			name = Debug;
		};
		5D96578F4FB5413FB912A8C5 /* Release */ = {
			isa = XCBuildConfiguration;
			buildSettings = {
				COMBINE_HIDPI_IMAGES = YES;
				GCC_GENERATE_DEBUGGING_SYMBOLS = YES;
				GCC_INLINES_ARE_PRIVATE_EXTERN = NO;
				GCC_OPTIMIZATION_LEVEL = 0;
				GCC_PREPROCESSOR_DEFINITIONS = ("'CMAKE_INTDIR=\"$(CONFIGURATION)$(EFFECTIVE_PLATFORM_NAME)\"'");
				GCC_SYMBOLS_PRIVATE_EXTERN = NO;
				INSTALL_PATH = "";
				OTHER_LDFLAGS = ("");
				OTHER_REZFLAGS = "";
				PRODUCT_NAME = Experimental;
				SECTORDER_FLAGS = "";
				SYMROOT = /Users/pw/GitHub/phulkan/xbuild;
				USE_HEADERMAP = NO;
				WARNING_CFLAGS = ("$(inherited)");
			};
			name = Release;
		};
		5F16C474C2D247CD946CF9F8 /* Debug */ = {
			isa = XCBuildConfiguration;
			buildSettings = {
				COMBINE_HIDPI_IMAGES = YES;
				GCC_GENERATE_DEBUGGING_SYMBOLS = YES;
				GCC_INLINES_ARE_PRIVATE_EXTERN = NO;
				GCC_OPTIMIZATION_LEVEL = 0;
				GCC_PREPROCESSOR_DEFINITIONS = ("'CMAKE_INTDIR=\"$(CONFIGURATION)$(EFFECTIVE_PLATFORM_NAME)\"'");
				GCC_SYMBOLS_PRIVATE_EXTERN = NO;
				INSTALL_PATH = "";
				OTHER_LDFLAGS = ("");
				OTHER_REZFLAGS = "";
				PRODUCT_NAME = ZERO_CHECK;
				SECTORDER_FLAGS = "";
				SYMROOT = /Users/pw/GitHub/phulkan/xbuild;
				USE_HEADERMAP = NO;
				WARNING_CFLAGS = ("$(inherited)");
			};
			name = Debug;
		};
		609F542FDA474FA28841B476 /* Release */ = {
			isa = XCBuildConfiguration;
			buildSettings = {
				COMBINE_HIDPI_IMAGES = YES;
				EXECUTABLE_PREFIX = lib;
				EXECUTABLE_SUFFIX = .a;
				GCC_GENERATE_DEBUGGING_SYMBOLS = NO;
				GCC_INLINES_ARE_PRIVATE_EXTERN = NO;
				GCC_OPTIMIZATION_LEVEL = 3;
				GCC_PREPROCESSOR_DEFINITIONS = ("'CMAKE_INTDIR=\"$(CONFIGURATION)$(EFFECTIVE_PLATFORM_NAME)\"'","'kuk=3'");
				GCC_SYMBOLS_PRIVATE_EXTERN = NO;
				HEADER_SEARCH_PATHS = (/Users/pw/GitHub/phulkan/src/../include,/Users/pw/GitHub/phulkan/xbuild/src);
				INSTALL_PATH = "";
				LIBRARY_STYLE = STATIC;
				OTHER_CPLUSPLUSFLAGS = " -Wall -Werror     -DNDEBUG '-std=gnu++2a' ";
				OTHER_LIBTOOLFLAGS = ("");
				OTHER_REZFLAGS = "";
				PRODUCT_NAME = phulkan_library;
				SECTORDER_FLAGS = "";
				SYMROOT = /Users/pw/GitHub/phulkan/xbuild/src;
				USE_HEADERMAP = NO;
				WARNING_CFLAGS = ("$(inherited)");
			};
			name = Release;
		};
		61EF2F2FA0EB4D71B060FA2B /* Release */ = {
			isa = XCBuildConfiguration;
			buildSettings = {
				COMBINE_HIDPI_IMAGES = YES;
				EXECUTABLE_PREFIX = "";
				EXECUTABLE_SUFFIX = "";
				FRAMEWORK_SEARCH_PATHS = ("$(inherited)");
				GCC_GENERATE_DEBUGGING_SYMBOLS = NO;
				GCC_INLINES_ARE_PRIVATE_EXTERN = NO;
				GCC_OPTIMIZATION_LEVEL = 3;
				GCC_PREPROCESSOR_DEFINITIONS = ("'CMAKE_INTDIR=\"$(CONFIGURATION)$(EFFECTIVE_PLATFORM_NAME)\"'");
				GCC_SYMBOLS_PRIVATE_EXTERN = NO;
				HEADER_SEARCH_PATHS = ("/Users/pw/vulkansdk-macos-1.2.154.0/macOS/include",/Users/pw/GitHub/phulkan/src/glfw,/Users/pw/GitHub/phulkan/src/glm);
				INSTALL_PATH = "";
				LD_RUNPATH_SEARCH_PATHS = "/Users/pw/vulkansdk-macos-1.2.154.0/macOS/lib";
				LIBRARY_SEARCH_PATHS = ("$(inherited)");
				OTHER_CPLUSPLUSFLAGS = " -Wall -Werror     -DNDEBUG '-std=gnu++2a' ";
				OTHER_LDFLAGS = ("-L/usr/local/opt/qt/lib -Wl,-search_paths_first -Wl,-headerpad_max_install_names","/Users/pw/vulkansdk-macos-1.2.154.0/macOS/lib/libvulkan.dylib",/usr/local/lib/libglfw3.a,"-framework Cocoa","-framework IOKit","-framework CoreFoundation");
				OTHER_REZFLAGS = "";
				PRODUCT_NAME = graphics_generator;
				SECTORDER_FLAGS = "";
				SYMROOT = /Users/pw/GitHub/phulkan/xbuild/src;
				SYSTEM_HEADER_SEARCH_PATHS = (/usr/local/include);
				USE_HEADERMAP = NO;
				WARNING_CFLAGS = ("$(inherited)");
			};
			name = Release;
		};
		6320A3E961F04367A18BC758 /* RelWithDebInfo */ = {
			isa = XCBuildConfiguration;
			buildSettings = {
				COMBINE_HIDPI_IMAGES = YES;
				GCC_GENERATE_DEBUGGING_SYMBOLS = YES;
				GCC_INLINES_ARE_PRIVATE_EXTERN = NO;
				GCC_OPTIMIZATION_LEVEL = 0;
				GCC_PREPROCESSOR_DEFINITIONS = ("'CMAKE_INTDIR=\"$(CONFIGURATION)$(EFFECTIVE_PLATFORM_NAME)\"'");
				GCC_SYMBOLS_PRIVATE_EXTERN = NO;
				INSTALL_PATH = "";
				OTHER_LDFLAGS = ("");
				OTHER_REZFLAGS = "";
				PRODUCT_NAME = Experimental;
				SECTORDER_FLAGS = "";
				SYMROOT = /Users/pw/GitHub/phulkan/xbuild;
				USE_HEADERMAP = NO;
				WARNING_CFLAGS = ("$(inherited)");
			};
			name = RelWithDebInfo;
		};
		66A8DD80464D4472BC5E0E78 /* RelWithDebInfo */ = {
			isa = XCBuildConfiguration;
			buildSettings = {
				ARCHS = "$(NATIVE_ARCH_ACTUAL)";
				MACOSX_DEPLOYMENT_TARGET = 11.2;
				ONLY_ACTIVE_ARCH = YES;
				SDKROOT = "/Applications/Xcode-beta.app/Contents/Developer/Platforms/MacOSX.platform/Developer/SDKs/MacOSX11.3.sdk";
				SYMROOT = /Users/pw/GitHub/phulkan/xbuild/build;
			};
			name = RelWithDebInfo;
		};
		6F9CACF6ABC745139E4AC40D /* Debug */ = {
			isa = XCBuildConfiguration;
			buildSettings = {
				COMBINE_HIDPI_IMAGES = YES;
				GCC_GENERATE_DEBUGGING_SYMBOLS = YES;
				GCC_INLINES_ARE_PRIVATE_EXTERN = NO;
				GCC_OPTIMIZATION_LEVEL = 0;
				GCC_PREPROCESSOR_DEFINITIONS = ("'CMAKE_INTDIR=\"$(CONFIGURATION)$(EFFECTIVE_PLATFORM_NAME)\"'");
				GCC_SYMBOLS_PRIVATE_EXTERN = NO;
				INSTALL_PATH = "";
				OTHER_LDFLAGS = ("");
				OTHER_REZFLAGS = "";
				PRODUCT_NAME = RUN_TESTS;
				SECTORDER_FLAGS = "";
				SYMROOT = /Users/pw/GitHub/phulkan/xbuild;
				USE_HEADERMAP = NO;
				WARNING_CFLAGS = ("$(inherited)");
			};
			name = Debug;
		};
		77F9030B9CE84C2BAE727BC1 /* RelWithDebInfo */ = {
			isa = XCBuildConfiguration;
			buildSettings = {
				COMBINE_HIDPI_IMAGES = YES;
				GCC_GENERATE_DEBUGGING_SYMBOLS = YES;
				GCC_INLINES_ARE_PRIVATE_EXTERN = NO;
				GCC_OPTIMIZATION_LEVEL = 0;
				GCC_PREPROCESSOR_DEFINITIONS = ("'CMAKE_INTDIR=\"$(CONFIGURATION)$(EFFECTIVE_PLATFORM_NAME)\"'");
				GCC_SYMBOLS_PRIVATE_EXTERN = NO;
				INSTALL_PATH = "";
				OTHER_LDFLAGS = ("");
				OTHER_REZFLAGS = "";
				PRODUCT_NAME = NightlyMemoryCheck;
				SECTORDER_FLAGS = "";
				SYMROOT = /Users/pw/GitHub/phulkan/xbuild;
				USE_HEADERMAP = NO;
				WARNING_CFLAGS = ("$(inherited)");
			};
			name = RelWithDebInfo;
		};
		7E2AA97F62CA434ABF835623 /* MinSizeRel */ = {
			isa = XCBuildConfiguration;
			buildSettings = {
				COMBINE_HIDPI_IMAGES = YES;
				GCC_GENERATE_DEBUGGING_SYMBOLS = YES;
				GCC_INLINES_ARE_PRIVATE_EXTERN = NO;
				GCC_OPTIMIZATION_LEVEL = 0;
				GCC_PREPROCESSOR_DEFINITIONS = ("'CMAKE_INTDIR=\"$(CONFIGURATION)$(EFFECTIVE_PLATFORM_NAME)\"'");
				GCC_SYMBOLS_PRIVATE_EXTERN = NO;
				INSTALL_PATH = "";
				OTHER_LDFLAGS = ("");
				OTHER_REZFLAGS = "";
				PRODUCT_NAME = ALL_BUILD;
				SECTORDER_FLAGS = "";
				SYMROOT = /Users/pw/GitHub/phulkan/xbuild;
				USE_HEADERMAP = NO;
				WARNING_CFLAGS = ("$(inherited)");
			};
			name = MinSizeRel;
		};
		831A48EF3CC7494B8368D6BA /* Release */ = {
			isa = XCBuildConfiguration;
			buildSettings = {
				COMBINE_HIDPI_IMAGES = YES;
				GCC_GENERATE_DEBUGGING_SYMBOLS = YES;
				GCC_INLINES_ARE_PRIVATE_EXTERN = NO;
				GCC_OPTIMIZATION_LEVEL = 0;
				GCC_PREPROCESSOR_DEFINITIONS = ("'CMAKE_INTDIR=\"$(CONFIGURATION)$(EFFECTIVE_PLATFORM_NAME)\"'");
				GCC_SYMBOLS_PRIVATE_EXTERN = NO;
				INSTALL_PATH = "";
				OTHER_LDFLAGS = ("");
				OTHER_REZFLAGS = "";
				PRODUCT_NAME = docs;
				SECTORDER_FLAGS = "";
				SYMROOT = /Users/pw/GitHub/phulkan/xbuild/docs;
				USE_HEADERMAP = NO;
				WARNING_CFLAGS = ("$(inherited)");
			};
			name = Release;
		};
		913645476E4842C7AD06E85F /* MinSizeRel */ = {
			isa = XCBuildConfiguration;
			buildSettings = {
				COMBINE_HIDPI_IMAGES = YES;
				GCC_GENERATE_DEBUGGING_SYMBOLS = YES;
				GCC_INLINES_ARE_PRIVATE_EXTERN = NO;
				GCC_OPTIMIZATION_LEVEL = 0;
				GCC_PREPROCESSOR_DEFINITIONS = ("'CMAKE_INTDIR=\"$(CONFIGURATION)$(EFFECTIVE_PLATFORM_NAME)\"'");
				GCC_SYMBOLS_PRIVATE_EXTERN = NO;
				INSTALL_PATH = "";
				OTHER_LDFLAGS = ("");
				OTHER_REZFLAGS = "";
				PRODUCT_NAME = docs;
				SECTORDER_FLAGS = "";
				SYMROOT = /Users/pw/GitHub/phulkan/xbuild/docs;
				USE_HEADERMAP = NO;
				WARNING_CFLAGS = ("$(inherited)");
			};
			name = MinSizeRel;
		};
		98581DDA94664ECC897BB340 /* MinSizeRel */ = {
			isa = XCBuildConfiguration;
			buildSettings = {
				COMBINE_HIDPI_IMAGES = YES;
				GCC_GENERATE_DEBUGGING_SYMBOLS = YES;
				GCC_INLINES_ARE_PRIVATE_EXTERN = NO;
				GCC_OPTIMIZATION_LEVEL = 0;
				GCC_PREPROCESSOR_DEFINITIONS = ("'CMAKE_INTDIR=\"$(CONFIGURATION)$(EFFECTIVE_PLATFORM_NAME)\"'");
				GCC_SYMBOLS_PRIVATE_EXTERN = NO;
				INSTALL_PATH = "";
				OTHER_LDFLAGS = ("");
				OTHER_REZFLAGS = "";
				PRODUCT_NAME = NightlyMemoryCheck;
				SECTORDER_FLAGS = "";
				SYMROOT = /Users/pw/GitHub/phulkan/xbuild;
				USE_HEADERMAP = NO;
				WARNING_CFLAGS = ("$(inherited)");
			};
			name = MinSizeRel;
		};
		A00AA545FFB24319BA527655 /* MinSizeRel */ = {
			isa = XCBuildConfiguration;
			buildSettings = {
				COMBINE_HIDPI_IMAGES = YES;
				EXECUTABLE_PREFIX = "";
				EXECUTABLE_SUFFIX = "";
				FRAMEWORK_SEARCH_PATHS = ("$(inherited)");
				GCC_GENERATE_DEBUGGING_SYMBOLS = NO;
				GCC_INLINES_ARE_PRIVATE_EXTERN = NO;
				GCC_OPTIMIZATION_LEVEL = s;
				GCC_PREPROCESSOR_DEFINITIONS = ("'CMAKE_INTDIR=\"$(CONFIGURATION)$(EFFECTIVE_PLATFORM_NAME)\"'");
				GCC_SYMBOLS_PRIVATE_EXTERN = NO;
				HEADER_SEARCH_PATHS = ("/Users/pw/vulkansdk-macos-1.2.154.0/macOS/include",/Users/pw/GitHub/phulkan/src/glfw,/Users/pw/GitHub/phulkan/src/glm);
				INSTALL_PATH = "";
				LD_RUNPATH_SEARCH_PATHS = "/Users/pw/vulkansdk-macos-1.2.154.0/macOS/lib";
				LIBRARY_SEARCH_PATHS = ("$(inherited)");
				OTHER_CPLUSPLUSFLAGS = " -Wall -Werror     -DNDEBUG '-std=gnu++2a' ";
				OTHER_LDFLAGS = ("-L/usr/local/opt/qt/lib -Wl,-search_paths_first -Wl,-headerpad_max_install_names","/Users/pw/vulkansdk-macos-1.2.154.0/macOS/lib/libvulkan.dylib",/usr/local/lib/libglfw3.a,"-framework Cocoa","-framework IOKit","-framework CoreFoundation");
				OTHER_REZFLAGS = "";
				PRODUCT_NAME = graphics_generator;
				SECTORDER_FLAGS = "";
				SYMROOT = /Users/pw/GitHub/phulkan/xbuild/src;
				SYSTEM_HEADER_SEARCH_PATHS = (/usr/local/include);
				USE_HEADERMAP = NO;
				WARNING_CFLAGS = ("$(inherited)");
			};
			name = MinSizeRel;
		};
		A0EA61953D324B598C1351C6 /* Release */ = {
			isa = XCBuildConfiguration;
			buildSettings = {
				COMBINE_HIDPI_IMAGES = YES;
				GCC_GENERATE_DEBUGGING_SYMBOLS = YES;
				GCC_INLINES_ARE_PRIVATE_EXTERN = NO;
				GCC_OPTIMIZATION_LEVEL = 0;
				GCC_PREPROCESSOR_DEFINITIONS = ("'CMAKE_INTDIR=\"$(CONFIGURATION)$(EFFECTIVE_PLATFORM_NAME)\"'");
				GCC_SYMBOLS_PRIVATE_EXTERN = NO;
				INSTALL_PATH = "";
				OTHER_LDFLAGS = ("");
				OTHER_REZFLAGS = "";
				PRODUCT_NAME = Nightly;
				SECTORDER_FLAGS = "";
				SYMROOT = /Users/pw/GitHub/phulkan/xbuild;
				USE_HEADERMAP = NO;
				WARNING_CFLAGS = ("$(inherited)");
			};
			name = Release;
		};
		A1BCF575E1B44D34BF4B812A /* Release */ = {
			isa = XCBuildConfiguration;
			buildSettings = {
				COMBINE_HIDPI_IMAGES = YES;
				GCC_GENERATE_DEBUGGING_SYMBOLS = YES;
				GCC_INLINES_ARE_PRIVATE_EXTERN = NO;
				GCC_OPTIMIZATION_LEVEL = 0;
				GCC_PREPROCESSOR_DEFINITIONS = ("'CMAKE_INTDIR=\"$(CONFIGURATION)$(EFFECTIVE_PLATFORM_NAME)\"'");
				GCC_SYMBOLS_PRIVATE_EXTERN = NO;
				INSTALL_PATH = "";
				OTHER_LDFLAGS = ("");
				OTHER_REZFLAGS = "";
				PRODUCT_NAME = ALL_BUILD;
				SECTORDER_FLAGS = "";
				SYMROOT = /Users/pw/GitHub/phulkan/xbuild;
				USE_HEADERMAP = NO;
				WARNING_CFLAGS = ("$(inherited)");
			};
			name = Release;
		};
		A69A603C0D744175A53601AA /* Debug */ = {
			isa = XCBuildConfiguration;
			buildSettings = {
				ARCHS = "$(NATIVE_ARCH_ACTUAL)";
				MACOSX_DEPLOYMENT_TARGET = 11.2;
				ONLY_ACTIVE_ARCH = YES;
				SDKROOT = "/Applications/Xcode-beta.app/Contents/Developer/Platforms/MacOSX.platform/Developer/SDKs/MacOSX11.3.sdk";
				SYMROOT = /Users/pw/GitHub/phulkan/xbuild/build;
			};
			name = Debug;
		};
		AC99FB898E274D80B8537A99 /* Debug */ = {
			isa = XCBuildConfiguration;
			buildSettings = {
				COMBINE_HIDPI_IMAGES = YES;
				EXECUTABLE_PREFIX = "";
				EXECUTABLE_SUFFIX = "";
				FRAMEWORK_SEARCH_PATHS = ("$(inherited)");
				GCC_GENERATE_DEBUGGING_SYMBOLS = YES;
				GCC_INLINES_ARE_PRIVATE_EXTERN = NO;
				GCC_OPTIMIZATION_LEVEL = 0;
				GCC_PREPROCESSOR_DEFINITIONS = ("'CMAKE_INTDIR=\"$(CONFIGURATION)$(EFFECTIVE_PLATFORM_NAME)\"'","'kuk=3'");
				GCC_SYMBOLS_PRIVATE_EXTERN = NO;
				HEADER_SEARCH_PATHS = (/Users/pw/GitHub/phulkan/src/../include,/Users/pw/GitHub/phulkan/xbuild/src,"/Users/pw/GitHub/phulkan/xbuild/_deps/catch-src/single_include");
				INSTALL_PATH = "";
				LIBRARY_SEARCH_PATHS = ("$(inherited)");
				OTHER_CPLUSPLUSFLAGS = " -Wall -Werror    '-std=gnu++2a' ";
				OTHER_LDFLAGS = ("-L/usr/local/opt/qt/lib -Wl,-search_paths_first -Wl,-headerpad_max_install_names",/Users/pw/GitHub/phulkan/xbuild/src/Debug/libphulkan_library.a);
				OTHER_REZFLAGS = "";
				PRODUCT_NAME = testlib;
				SECTORDER_FLAGS = "";
				SYMROOT = /Users/pw/GitHub/phulkan/xbuild/tests;
				USE_HEADERMAP = NO;
				WARNING_CFLAGS = ("$(inherited)");
			};
			name = Debug;
		};
		AD5E7475CEA04F33A6769542 /* Release */ = {
			isa = XCBuildConfiguration;
			buildSettings = {
				COMBINE_HIDPI_IMAGES = YES;
				GCC_GENERATE_DEBUGGING_SYMBOLS = YES;
				GCC_INLINES_ARE_PRIVATE_EXTERN = NO;
				GCC_OPTIMIZATION_LEVEL = 0;
				GCC_PREPROCESSOR_DEFINITIONS = ("'CMAKE_INTDIR=\"$(CONFIGURATION)$(EFFECTIVE_PLATFORM_NAME)\"'");
				GCC_SYMBOLS_PRIVATE_EXTERN = NO;
				INSTALL_PATH = "";
				OTHER_LDFLAGS = ("");
				OTHER_REZFLAGS = "";
				PRODUCT_NAME = ZERO_CHECK;
				SECTORDER_FLAGS = "";
				SYMROOT = /Users/pw/GitHub/phulkan/xbuild;
				USE_HEADERMAP = NO;
				WARNING_CFLAGS = ("$(inherited)");
			};
			name = Release;
		};
		B8301672EC65402F80FAD06A /* Debug */ = {
			isa = XCBuildConfiguration;
			buildSettings = {
				COMBINE_HIDPI_IMAGES = YES;
				GCC_GENERATE_DEBUGGING_SYMBOLS = YES;
				GCC_INLINES_ARE_PRIVATE_EXTERN = NO;
				GCC_OPTIMIZATION_LEVEL = 0;
				GCC_PREPROCESSOR_DEFINITIONS = ("'CMAKE_INTDIR=\"$(CONFIGURATION)$(EFFECTIVE_PLATFORM_NAME)\"'");
				GCC_SYMBOLS_PRIVATE_EXTERN = NO;
				INSTALL_PATH = "";
				OTHER_LDFLAGS = ("");
				OTHER_REZFLAGS = "";
				PRODUCT_NAME = Continuous;
				SECTORDER_FLAGS = "";
				SYMROOT = /Users/pw/GitHub/phulkan/xbuild;
				USE_HEADERMAP = NO;
				WARNING_CFLAGS = ("$(inherited)");
			};
			name = Debug;
		};
		B8C2F5EB90704D03BC6B3D7C /* Debug */ = {
			isa = XCBuildConfiguration;
			buildSettings = {
				COMBINE_HIDPI_IMAGES = YES;
				GCC_GENERATE_DEBUGGING_SYMBOLS = YES;
				GCC_INLINES_ARE_PRIVATE_EXTERN = NO;
				GCC_OPTIMIZATION_LEVEL = 0;
				GCC_PREPROCESSOR_DEFINITIONS = ("'CMAKE_INTDIR=\"$(CONFIGURATION)$(EFFECTIVE_PLATFORM_NAME)\"'");
				GCC_SYMBOLS_PRIVATE_EXTERN = NO;
				INSTALL_PATH = "";
				OTHER_LDFLAGS = ("");
				OTHER_REZFLAGS = "";
				PRODUCT_NAME = NightlyMemoryCheck;
				SECTORDER_FLAGS = "";
				SYMROOT = /Users/pw/GitHub/phulkan/xbuild;
				USE_HEADERMAP = NO;
				WARNING_CFLAGS = ("$(inherited)");
			};
			name = Debug;
		};
		BE2A1DFD6D164DE58A35BC29 /* RelWithDebInfo */ = {
			isa = XCBuildConfiguration;
			buildSettings = {
				COMBINE_HIDPI_IMAGES = YES;
				GCC_GENERATE_DEBUGGING_SYMBOLS = YES;
				GCC_INLINES_ARE_PRIVATE_EXTERN = NO;
				GCC_OPTIMIZATION_LEVEL = 0;
				GCC_PREPROCESSOR_DEFINITIONS = ("'CMAKE_INTDIR=\"$(CONFIGURATION)$(EFFECTIVE_PLATFORM_NAME)\"'");
				GCC_SYMBOLS_PRIVATE_EXTERN = NO;
				INSTALL_PATH = "";
				OTHER_LDFLAGS = ("");
				OTHER_REZFLAGS = "";
				PRODUCT_NAME = ALL_BUILD;
				SECTORDER_FLAGS = "";
				SYMROOT = /Users/pw/GitHub/phulkan/xbuild;
				USE_HEADERMAP = NO;
				WARNING_CFLAGS = ("$(inherited)");
			};
			name = RelWithDebInfo;
		};
		C5A503B33C6D42F4ABA5B9D2 /* Release */ = {
			isa = XCBuildConfiguration;
			buildSettings = {
				COMBINE_HIDPI_IMAGES = YES;
				GCC_GENERATE_DEBUGGING_SYMBOLS = YES;
				GCC_INLINES_ARE_PRIVATE_EXTERN = NO;
				GCC_OPTIMIZATION_LEVEL = 0;
				GCC_PREPROCESSOR_DEFINITIONS = ("'CMAKE_INTDIR=\"$(CONFIGURATION)$(EFFECTIVE_PLATFORM_NAME)\"'");
				GCC_SYMBOLS_PRIVATE_EXTERN = NO;
				INSTALL_PATH = "";
				OTHER_LDFLAGS = ("");
				OTHER_REZFLAGS = "";
				PRODUCT_NAME = RUN_TESTS;
				SECTORDER_FLAGS = "";
				SYMROOT = /Users/pw/GitHub/phulkan/xbuild;
				USE_HEADERMAP = NO;
				WARNING_CFLAGS = ("$(inherited)");
			};
			name = Release;
		};
		D60736C57BC74EE9A4032C28 /* Debug */ = {
			isa = XCBuildConfiguration;
			buildSettings = {
				COMBINE_HIDPI_IMAGES = YES;
				EXECUTABLE_PREFIX = "";
				EXECUTABLE_SUFFIX = "";
				FRAMEWORK_SEARCH_PATHS = ("$(inherited)");
				GCC_GENERATE_DEBUGGING_SYMBOLS = YES;
				GCC_INLINES_ARE_PRIVATE_EXTERN = NO;
				GCC_OPTIMIZATION_LEVEL = 0;
				GCC_PREPROCESSOR_DEFINITIONS = ("'CMAKE_INTDIR=\"$(CONFIGURATION)$(EFFECTIVE_PLATFORM_NAME)\"'");
				GCC_SYMBOLS_PRIVATE_EXTERN = NO;
				HEADER_SEARCH_PATHS = ("/Users/pw/vulkansdk-macos-1.2.154.0/macOS/include",/Users/pw/GitHub/phulkan/src/glfw,/Users/pw/GitHub/phulkan/src/glm);
				INSTALL_PATH = "";
				LD_RUNPATH_SEARCH_PATHS = "/Users/pw/vulkansdk-macos-1.2.154.0/macOS/lib";
				LIBRARY_SEARCH_PATHS = ("$(inherited)");
				OTHER_CPLUSPLUSFLAGS = " -Wall -Werror    '-std=gnu++2a' ";
				OTHER_LDFLAGS = ("-L/usr/local/opt/qt/lib -Wl,-search_paths_first -Wl,-headerpad_max_install_names","/Users/pw/vulkansdk-macos-1.2.154.0/macOS/lib/libvulkan.dylib",/usr/local/lib/libglfw3.a,"-framework Cocoa","-framework IOKit","-framework CoreFoundation");
				OTHER_REZFLAGS = "";
				PRODUCT_NAME = graphics_generator;
				SECTORDER_FLAGS = "";
				SYMROOT = /Users/pw/GitHub/phulkan/xbuild/src;
				SYSTEM_HEADER_SEARCH_PATHS = (/usr/local/include);
				USE_HEADERMAP = NO;
				WARNING_CFLAGS = ("$(inherited)");
			};
			name = Debug;
		};
		E7E2FEBE5ED7467B889C85AB /* MinSizeRel */ = {
			isa = XCBuildConfiguration;
			buildSettings = {
				ARCHS = "$(NATIVE_ARCH_ACTUAL)";
				MACOSX_DEPLOYMENT_TARGET = 11.2;
				ONLY_ACTIVE_ARCH = YES;
				SDKROOT = "/Applications/Xcode-beta.app/Contents/Developer/Platforms/MacOSX.platform/Developer/SDKs/MacOSX11.3.sdk";
				SYMROOT = /Users/pw/GitHub/phulkan/xbuild/build;
			};
			name = MinSizeRel;
		};
		FB34C3BD34E24133ACBF9798 /* RelWithDebInfo */ = {
			isa = XCBuildConfiguration;
			buildSettings = {
				COMBINE_HIDPI_IMAGES = YES;
				EXECUTABLE_PREFIX = "";
				EXECUTABLE_SUFFIX = "";
				FRAMEWORK_SEARCH_PATHS = ("$(inherited)");
				GCC_GENERATE_DEBUGGING_SYMBOLS = YES;
				GCC_INLINES_ARE_PRIVATE_EXTERN = NO;
				GCC_OPTIMIZATION_LEVEL = 2;
				GCC_PREPROCESSOR_DEFINITIONS = ("'CMAKE_INTDIR=\"$(CONFIGURATION)$(EFFECTIVE_PLATFORM_NAME)\"'");
				GCC_SYMBOLS_PRIVATE_EXTERN = NO;
				HEADER_SEARCH_PATHS = ("/Users/pw/vulkansdk-macos-1.2.154.0/macOS/include",/Users/pw/GitHub/phulkan/src/glfw,/Users/pw/GitHub/phulkan/src/glm);
				INSTALL_PATH = "";
				LD_RUNPATH_SEARCH_PATHS = "/Users/pw/vulkansdk-macos-1.2.154.0/macOS/lib";
				LIBRARY_SEARCH_PATHS = ("$(inherited)");
				OTHER_CPLUSPLUSFLAGS = " -Wall -Werror        -DNDEBUG '-std=gnu++2a' ";
				OTHER_LDFLAGS = ("-L/usr/local/opt/qt/lib -Wl,-search_paths_first -Wl,-headerpad_max_install_names","/Users/pw/vulkansdk-macos-1.2.154.0/macOS/lib/libvulkan.dylib",/usr/local/lib/libglfw3.a,"-framework Cocoa","-framework IOKit","-framework CoreFoundation");
				OTHER_REZFLAGS = "";
				PRODUCT_NAME = graphics_generator;
				SECTORDER_FLAGS = "";
				SYMROOT = /Users/pw/GitHub/phulkan/xbuild/src;
				SYSTEM_HEADER_SEARCH_PATHS = (/usr/local/include);
				USE_HEADERMAP = NO;
				WARNING_CFLAGS = ("$(inherited)");
			};
			name = RelWithDebInfo;
		};
		FC5D790E1C604FCA864B492A /* MinSizeRel */ = {
			isa = XCBuildConfiguration;
			buildSettings = {
				COMBINE_HIDPI_IMAGES = YES;
				EXECUTABLE_PREFIX = "";
				EXECUTABLE_SUFFIX = "";
				FRAMEWORK_SEARCH_PATHS = ("$(inherited)");
				GCC_GENERATE_DEBUGGING_SYMBOLS = NO;
				GCC_INLINES_ARE_PRIVATE_EXTERN = NO;
				GCC_OPTIMIZATION_LEVEL = s;
				GCC_PREPROCESSOR_DEFINITIONS = ("'CMAKE_INTDIR=\"$(CONFIGURATION)$(EFFECTIVE_PLATFORM_NAME)\"'","'kuk=3'");
				GCC_SYMBOLS_PRIVATE_EXTERN = NO;
				HEADER_SEARCH_PATHS = (/Users/pw/GitHub/phulkan/src/../include,/Users/pw/GitHub/phulkan/xbuild/src,"/Users/pw/GitHub/phulkan/xbuild/_deps/catch-src/single_include");
				INSTALL_PATH = "";
				LIBRARY_SEARCH_PATHS = ("$(inherited)");
				OTHER_CPLUSPLUSFLAGS = " -Wall -Werror     -DNDEBUG '-std=gnu++2a' ";
				OTHER_LDFLAGS = ("-L/usr/local/opt/qt/lib -Wl,-search_paths_first -Wl,-headerpad_max_install_names",/Users/pw/GitHub/phulkan/xbuild/src/MinSizeRel/libphulkan_library.a);
				OTHER_REZFLAGS = "";
				PRODUCT_NAME = testlib;
				SECTORDER_FLAGS = "";
				SYMROOT = /Users/pw/GitHub/phulkan/xbuild/tests;
				USE_HEADERMAP = NO;
				WARNING_CFLAGS = ("$(inherited)");
			};
			name = MinSizeRel;
		};
		FE2B59F4404D40AFAF542E52 /* MinSizeRel */ = {
			isa = XCBuildConfiguration;
			buildSettings = {
				COMBINE_HIDPI_IMAGES = YES;
				GCC_GENERATE_DEBUGGING_SYMBOLS = YES;
				GCC_INLINES_ARE_PRIVATE_EXTERN = NO;
				GCC_OPTIMIZATION_LEVEL = 0;
				GCC_PREPROCESSOR_DEFINITIONS = ("'CMAKE_INTDIR=\"$(CONFIGURATION)$(EFFECTIVE_PLATFORM_NAME)\"'");
				GCC_SYMBOLS_PRIVATE_EXTERN = NO;
				INSTALL_PATH = "";
				OTHER_LDFLAGS = ("");
				OTHER_REZFLAGS = "";
				PRODUCT_NAME = RUN_TESTS;
				SECTORDER_FLAGS = "";
				SYMROOT = /Users/pw/GitHub/phulkan/xbuild;
				USE_HEADERMAP = NO;
				WARNING_CFLAGS = ("$(inherited)");
			};
			name = MinSizeRel;
		};
/* End XCBuildConfiguration section */

/* Begin XCConfigurationList section */
		2ECEB9782345441E95750430 /* Build configuration list for PBXNativeTarget "phulkan_library" */ = {
			isa = XCConfigurationList;
			buildConfigurations = (
				5AF4BD2F501D42DEA01988C4 /* Debug */,
				609F542FDA474FA28841B476 /* Release */,
				28508BCECE944B00BFD74ED1 /* MinSizeRel */,
				511A9AD8ABB5481DBAEAD263 /* RelWithDebInfo */,
			);
			defaultConfigurationIsVisible = 0;
			defaultConfigurationName = Debug;
		};
		723BD951C85549E89D53E5B8 /* Build configuration list for PBXNativeTarget "graphics_generator" */ = {
			isa = XCConfigurationList;
			buildConfigurations = (
				D60736C57BC74EE9A4032C28 /* Debug */,
				61EF2F2FA0EB4D71B060FA2B /* Release */,
				A00AA545FFB24319BA527655 /* MinSizeRel */,
				FB34C3BD34E24133ACBF9798 /* RelWithDebInfo */,
			);
			defaultConfigurationIsVisible = 0;
			defaultConfigurationName = Debug;
		};
		7434B4C128544566BD558EAD /* Build configuration list for PBXAggregateTarget "ALL_BUILD" */ = {
			isa = XCConfigurationList;
			buildConfigurations = (
				3CEEA7D3FA924AD7BB858AA3 /* Debug */,
				A1BCF575E1B44D34BF4B812A /* Release */,
				7E2AA97F62CA434ABF835623 /* MinSizeRel */,
				BE2A1DFD6D164DE58A35BC29 /* RelWithDebInfo */,
			);
			defaultConfigurationIsVisible = 0;
			defaultConfigurationName = Debug;
		};
		8608D89DD3A44FB3A50D21F5 /* Build configuration list for PBXAggregateTarget "RUN_TESTS" */ = {
			isa = XCConfigurationList;
			buildConfigurations = (
				6F9CACF6ABC745139E4AC40D /* Debug */,
				C5A503B33C6D42F4ABA5B9D2 /* Release */,
				FE2B59F4404D40AFAF542E52 /* MinSizeRel */,
				08B5F8A2A4524D59AA512AB4 /* RelWithDebInfo */,
			);
			defaultConfigurationIsVisible = 0;
			defaultConfigurationName = Debug;
		};
		AAA5599D78154B528A580B47 /* Build configuration list for PBXAggregateTarget "ZERO_CHECK" */ = {
			isa = XCConfigurationList;
			buildConfigurations = (
				5F16C474C2D247CD946CF9F8 /* Debug */,
				AD5E7475CEA04F33A6769542 /* Release */,
				2335CCC4BF2F418AA78A2A7B /* MinSizeRel */,
				46E82EBE1DC24F0AA58261EA /* RelWithDebInfo */,
			);
			defaultConfigurationIsVisible = 0;
			defaultConfigurationName = Debug;
		};
		AB7A2EF9BCC0497FB9DE460F /* Build configuration list for PBXAggregateTarget "docs" */ = {
			isa = XCConfigurationList;
			buildConfigurations = (
				240252FCFD77455982D44D20 /* Debug */,
				831A48EF3CC7494B8368D6BA /* Release */,
				913645476E4842C7AD06E85F /* MinSizeRel */,
				3378C309B2BD4BDDBC0ABA28 /* RelWithDebInfo */,
			);
			defaultConfigurationIsVisible = 0;
			defaultConfigurationName = Debug;
		};
		B49CEB76D8FA435DBABB48F9 /* Build configuration list for PBXAggregateTarget "Nightly" */ = {
			isa = XCConfigurationList;
			buildConfigurations = (
				5A6CCF58410C4581BC35C813 /* Debug */,
				A0EA61953D324B598C1351C6 /* Release */,
				561A04EFBFC34DA995CA91BC /* MinSizeRel */,
				26539730E7394E33B083E7AF /* RelWithDebInfo */,
			);
			defaultConfigurationIsVisible = 0;
			defaultConfigurationName = Debug;
		};
		BF899C8CD80E435CA017D1D1 /* Build configuration list for PBXNativeTarget "testlib" */ = {
			isa = XCConfigurationList;
			buildConfigurations = (
				AC99FB898E274D80B8537A99 /* Debug */,
				101E95B8D5D748C789FF2824 /* Release */,
				FC5D790E1C604FCA864B492A /* MinSizeRel */,
				559D66A79A8445049251B900 /* RelWithDebInfo */,
			);
			defaultConfigurationIsVisible = 0;
			defaultConfigurationName = Debug;
		};
		C141CD5358D941C98ED9F2EE /* Build configuration list for PBXAggregateTarget "Experimental" */ = {
			isa = XCConfigurationList;
			buildConfigurations = (
				4859392EA88C4F18903DD7C4 /* Debug */,
				5D96578F4FB5413FB912A8C5 /* Release */,
				236D97078A494BA4BA7A61E6 /* MinSizeRel */,
				6320A3E961F04367A18BC758 /* RelWithDebInfo */,
			);
			defaultConfigurationIsVisible = 0;
			defaultConfigurationName = Debug;
		};
		C7AEB884809341E88D58A083 /* Build configuration list for PBXAggregateTarget "Continuous" */ = {
			isa = XCConfigurationList;
			buildConfigurations = (
				B8301672EC65402F80FAD06A /* Debug */,
				3AF0F6CAADD9447DBCADAD41 /* Release */,
				3588198061FC48968A479AD6 /* MinSizeRel */,
				3C7FB1E3043C4A219F5ED063 /* RelWithDebInfo */,
			);
			defaultConfigurationIsVisible = 0;
			defaultConfigurationName = Debug;
		};
		E43873B8E15F428BAB21FFE5 /* Build configuration list for PBXAggregateTarget "NightlyMemoryCheck" */ = {
			isa = XCConfigurationList;
			buildConfigurations = (
				B8C2F5EB90704D03BC6B3D7C /* Debug */,
				086C5956FD584EE190576A7E /* Release */,
				98581DDA94664ECC897BB340 /* MinSizeRel */,
				77F9030B9CE84C2BAE727BC1 /* RelWithDebInfo */,
			);
			defaultConfigurationIsVisible = 0;
			defaultConfigurationName = Debug;
		};
		E5A94C208411423B99552631 /* Build configuration list for PBXProject "phulkan" */ = {
			isa = XCConfigurationList;
			buildConfigurations = (
				A69A603C0D744175A53601AA /* Debug */,
				101E02BB315E4FC7A11315C2 /* Release */,
				E7E2FEBE5ED7467B889C85AB /* MinSizeRel */,
				66A8DD80464D4472BC5E0E78 /* RelWithDebInfo */,
			);
			defaultConfigurationIsVisible = 0;
			defaultConfigurationName = Debug;
		};
/* End XCConfigurationList section */
	};
	rootObject = 4356EB94140940629ECE82CA /* Project object */;
}
