// !$*UTF8*$!
{
	archiveVersion = 1;
	classes = {
	};
	objectVersion = 46;
	objects = {

/* Begin PBXAggregateTarget section */
		0071ACA045034585A30ADCE8 /* Nightly */ = {
			isa = PBXAggregateTarget;
			buildConfigurationList = F2BEFBA8F96F41FB94DF254C /* Build configuration list for PBXAggregateTarget "Nightly" */;
			buildPhases = (
				B7DAB95A41C830563BA10224 /* Generate CMakeFiles/Nightly */,
			);
			dependencies = (
				BD6959B8419444ADBE4FC98D /* PBXTargetDependency */,
			);
			name = Nightly;
			productName = Nightly;
		};
		03479E91B383411AADA36BED /* ALL_BUILD */ = {
			isa = PBXAggregateTarget;
			buildConfigurationList = 9B5B680DE7EB408C83D9736C /* Build configuration list for PBXAggregateTarget "ALL_BUILD" */;
			buildPhases = (
				E7BD059AC02E96BB9C6C11B4 /* Generate CMakeFiles/ALL_BUILD */,
			);
			dependencies = (
				4479C70B97E24B4B94E027BB /* PBXTargetDependency */,
				5CD55CF10A4B43ECA2F147B0 /* PBXTargetDependency */,
				5552C916D1FE4409BC278D59 /* PBXTargetDependency */,
				463D63A3774D40DDA4D0B5F0 /* PBXTargetDependency */,
				B5AFD90F8C224CCB8CFD5015 /* PBXTargetDependency */,
			);
			name = ALL_BUILD;
			productName = ALL_BUILD;
		};
		437B90589B084407BA93605C /* ZERO_CHECK */ = {
			isa = PBXAggregateTarget;
			buildConfigurationList = 44AB25C62535441C889FF06F /* Build configuration list for PBXAggregateTarget "ZERO_CHECK" */;
			buildPhases = (
				E594FF7834D0B496D8A981C0 /* Generate CMakeFiles/ZERO_CHECK */,
			);
			dependencies = (
			);
			name = ZERO_CHECK;
			productName = ZERO_CHECK;
		};
		6C127F4F3A53429285BF3102 /* Continuous */ = {
			isa = PBXAggregateTarget;
			buildConfigurationList = 5B2F02EF7CF141C6BF8F1817 /* Build configuration list for PBXAggregateTarget "Continuous" */;
			buildPhases = (
				CBD1BADA900A12BA56E3C721 /* Generate CMakeFiles/Continuous */,
			);
			dependencies = (
				9853BE2F8C8343A2B0486811 /* PBXTargetDependency */,
			);
			name = Continuous;
			productName = Continuous;
		};
		8E518BC3D89C4B0FBA876F62 /* docs */ = {
			isa = PBXAggregateTarget;
			buildConfigurationList = 2831E30073324629995150AB /* Build configuration list for PBXAggregateTarget "docs" */;
			buildPhases = (
				9C5D058ECE4DB95FB1C315AE /* Generate docs/CMakeFiles/docs */,
			);
			dependencies = (
				BAF200D06B9C4B0F8B773C3C /* PBXTargetDependency */,
			);
			name = docs;
			productName = docs;
		};
		A0E2C9A122764FFC87C56A01 /* RUN_TESTS */ = {
			isa = PBXAggregateTarget;
			buildConfigurationList = 064A039E32614DD199A4793C /* Build configuration list for PBXAggregateTarget "RUN_TESTS" */;
			buildPhases = (
				003C8D08B0008F35F218E126 /* CMake PostBuild Rules */,
			);
			dependencies = (
			);
			name = RUN_TESTS;
			productName = RUN_TESTS;
		};
		D33CD0DD73EF47219E88982E /* Experimental */ = {
			isa = PBXAggregateTarget;
			buildConfigurationList = 16B506086C8842F0BD5388A6 /* Build configuration list for PBXAggregateTarget "Experimental" */;
			buildPhases = (
				0256E07F4D414BB026AE919A /* Generate CMakeFiles/Experimental */,
			);
			dependencies = (
				32794288694D455A8F0A4DA6 /* PBXTargetDependency */,
			);
			name = Experimental;
			productName = Experimental;
		};
		EBC3F5728F6A40D98B6641C2 /* NightlyMemoryCheck */ = {
			isa = PBXAggregateTarget;
			buildConfigurationList = 576B088CCE1747DCA522EB7E /* Build configuration list for PBXAggregateTarget "NightlyMemoryCheck" */;
			buildPhases = (
				2F7B89DD4E82073DE5D8D8DE /* Generate CMakeFiles/NightlyMemoryCheck */,
			);
			dependencies = (
				23CF1602F3C841C8A619A870 /* PBXTargetDependency */,
			);
			name = NightlyMemoryCheck;
			productName = NightlyMemoryCheck;
		};
/* End PBXAggregateTarget section */

/* Begin PBXBuildFile section */
		01EFB5CC298C4329926E5648 /* /Users/pw/GitHub/phulkan/src/phulkan.cpp */ = {isa = PBXBuildFile; fileRef = 3FAF86A14A6F41F4BF998C89 /* /Users/pw/GitHub/phulkan/src/phulkan.cpp */; };
		0B360EEBFFC34FD6B0F86DE6 /* /Users/pw/GitHub/phulkan/tests/CMakeLists.txt */ = {isa = PBXBuildFile; fileRef = D584B7DEAF9E405181AB7141 /* /Users/pw/GitHub/phulkan/tests/CMakeLists.txt */; };
		1429C65C690844F2A1321BE3 /* /Users/pw/GitHub/phulkan/src/generators/graphics.cpp */ = {isa = PBXBuildFile; fileRef = 12636496191B4AB8A531B9D3 /* /Users/pw/GitHub/phulkan/src/generators/graphics.cpp */; };
		17DFE163A33D4917A856843C /* /Users/pw/GitHub/phulkan/src/CMakeLists.txt */ = {isa = PBXBuildFile; fileRef = B5E0D21C8C894DDD87A36ECA /* /Users/pw/GitHub/phulkan/src/CMakeLists.txt */; };
		1D99795805CA4439B213615E /* /Users/pw/GitHub/phulkan/xbuild/src/graphics_info.hpp */ = {isa = PBXBuildFile; fileRef = 97A18413853C458A8D885349 /* /Users/pw/GitHub/phulkan/xbuild/src/graphics_info.hpp */; };
		5544886F52684CDA9F0FEEC1 /* /Users/pw/GitHub/phulkan/apps/CMakeLists.txt */ = {isa = PBXBuildFile; fileRef = 545B97CC6340478D91A3FC22 /* /Users/pw/GitHub/phulkan/apps/CMakeLists.txt */; };
		76357E30534D4EC2BC7CAA71 /* /Users/pw/GitHub/phulkan/src/CMakeLists.txt */ = {isa = PBXBuildFile; fileRef = 0CE3DBFD001E4FCB9B7F3CF9 /* /Users/pw/GitHub/phulkan/src/CMakeLists.txt */; };
		8F294D2D4E5E46D4B3703B07 /* /Users/pw/GitHub/phulkan/apps/app.cpp */ = {isa = PBXBuildFile; fileRef = FB46679AF8C14E9C8B7A75FD /* /Users/pw/GitHub/phulkan/apps/app.cpp */; };
		A4456F2D6ADC48668457A881 /* /Users/pw/GitHub/phulkan/include/phulkan/phulkan.hpp */ = {isa = PBXBuildFile; fileRef = 8D0A5114F9F04AC2B72B49B0 /* /Users/pw/GitHub/phulkan/include/phulkan/phulkan.hpp */; };
		C35C4F36E0084471829F3829 /* /Users/pw/GitHub/phulkan/tests/testlib.cpp */ = {isa = PBXBuildFile; fileRef = 330070E036DF480DA41832D4 /* /Users/pw/GitHub/phulkan/tests/testlib.cpp */; };
		F3E5C137E8A64EDDBFF0BB99 /* /Users/pw/GitHub/phulkan/xbuild/src/graphics_info.hpp.rule */ = {isa = PBXBuildFile; fileRef = 4F5D96336C304714AB49A777 /* /Users/pw/GitHub/phulkan/xbuild/src/graphics_info.hpp.rule */; };
/* End PBXBuildFile section */

/* Begin PBXBuildStyle section */
		1139800E70144A40A2952965 /* Release */ = {
			isa = PBXBuildStyle;
			buildSettings = {
				COPY_PHASE_STRIP = NO;
			};
			name = Release;
		};
		30E07E5062BF4856880A423B /* RelWithDebInfo */ = {
			isa = PBXBuildStyle;
			buildSettings = {
				COPY_PHASE_STRIP = NO;
			};
			name = RelWithDebInfo;
		};
		AE59828FE96D4E269AEA0BFA /* MinSizeRel */ = {
			isa = PBXBuildStyle;
			buildSettings = {
				COPY_PHASE_STRIP = NO;
			};
			name = MinSizeRel;
		};
		CFE64CD231814FB38F2244F2 /* Debug */ = {
			isa = PBXBuildStyle;
			buildSettings = {
				COPY_PHASE_STRIP = NO;
			};
			name = Debug;
		};
/* End PBXBuildStyle section */

/* Begin PBXContainerItemProxy section */
		2AC8EBE4C5E44FBF8F27E1D6 /* PBXContainerItemProxy */ = {
			isa = PBXContainerItemProxy;
			containerPortal = 08B74DD6BCE4435CBD7A60A0 /* Project object */;
			proxyType = 1;
			remoteGlobalIDString = E786E2C246D6435BB19CB41C;
			remoteInfo = app;
		};
		365E90094332416080578656 /* PBXContainerItemProxy */ = {
			isa = PBXContainerItemProxy;
			containerPortal = 08B74DD6BCE4435CBD7A60A0 /* Project object */;
			proxyType = 1;
			remoteGlobalIDString = 437B90589B084407BA93605C;
			remoteInfo = ZERO_CHECK;
		};
		37646AB55A3D46C8824DEB9E /* PBXContainerItemProxy */ = {
			isa = PBXContainerItemProxy;
			containerPortal = 08B74DD6BCE4435CBD7A60A0 /* Project object */;
			proxyType = 1;
			remoteGlobalIDString = 8BB812CC992F4438819AE2A7;
			remoteInfo = phulkan_library;
		};
		3DFA1E45B81B420091541F74 /* PBXContainerItemProxy */ = {
			isa = PBXContainerItemProxy;
			containerPortal = 08B74DD6BCE4435CBD7A60A0 /* Project object */;
			proxyType = 1;
			remoteGlobalIDString = 437B90589B084407BA93605C;
			remoteInfo = ZERO_CHECK;
		};
		3E04E2E9265E4C6AB808D3BC /* PBXContainerItemProxy */ = {
			isa = PBXContainerItemProxy;
			containerPortal = 08B74DD6BCE4435CBD7A60A0 /* Project object */;
			proxyType = 1;
			remoteGlobalIDString = 437B90589B084407BA93605C;
			remoteInfo = ZERO_CHECK;
		};
		476255EB3FD845A8ACE3631F /* PBXContainerItemProxy */ = {
			isa = PBXContainerItemProxy;
			containerPortal = 08B74DD6BCE4435CBD7A60A0 /* Project object */;
			proxyType = 1;
			remoteGlobalIDString = 8BB812CC992F4438819AE2A7;
			remoteInfo = phulkan_library;
		};
		583BA1712BD948199D93013B /* PBXContainerItemProxy */ = {
			isa = PBXContainerItemProxy;
			containerPortal = 08B74DD6BCE4435CBD7A60A0 /* Project object */;
			proxyType = 1;
			remoteGlobalIDString = 2F34FAAAEBA74DF9B1B259C8;
			remoteInfo = testlib;
		};
		5A51B802D2834171AA71AD1D /* PBXContainerItemProxy */ = {
			isa = PBXContainerItemProxy;
			containerPortal = 08B74DD6BCE4435CBD7A60A0 /* Project object */;
			proxyType = 1;
			remoteGlobalIDString = 437B90589B084407BA93605C;
			remoteInfo = ZERO_CHECK;
		};
		876A3E19F42E4EB397E953B5 /* PBXContainerItemProxy */ = {
			isa = PBXContainerItemProxy;
			containerPortal = 08B74DD6BCE4435CBD7A60A0 /* Project object */;
			proxyType = 1;
			remoteGlobalIDString = 465B15A2BD99482091C32FF4;
			remoteInfo = graphics_generator;
		};
		8CBE474C89804F3E9A6C9187 /* PBXContainerItemProxy */ = {
			isa = PBXContainerItemProxy;
			containerPortal = 08B74DD6BCE4435CBD7A60A0 /* Project object */;
			proxyType = 1;
			remoteGlobalIDString = 8BB812CC992F4438819AE2A7;
			remoteInfo = phulkan_library;
		};
		9479B57C82F04D3B9F2A9CCD /* PBXContainerItemProxy */ = {
			isa = PBXContainerItemProxy;
			containerPortal = 08B74DD6BCE4435CBD7A60A0 /* Project object */;
			proxyType = 1;
			remoteGlobalIDString = 437B90589B084407BA93605C;
			remoteInfo = ZERO_CHECK;
		};
		98B54BE1AE2142B9AA442216 /* PBXContainerItemProxy */ = {
			isa = PBXContainerItemProxy;
			containerPortal = 08B74DD6BCE4435CBD7A60A0 /* Project object */;
			proxyType = 1;
			remoteGlobalIDString = 465B15A2BD99482091C32FF4;
			remoteInfo = graphics_generator;
		};
		C592D7A047BA4DC5B8D9CE1E /* PBXContainerItemProxy */ = {
			isa = PBXContainerItemProxy;
			containerPortal = 08B74DD6BCE4435CBD7A60A0 /* Project object */;
			proxyType = 1;
			remoteGlobalIDString = 437B90589B084407BA93605C;
			remoteInfo = ZERO_CHECK;
		};
		D49052C83507452090995C95 /* PBXContainerItemProxy */ = {
			isa = PBXContainerItemProxy;
			containerPortal = 08B74DD6BCE4435CBD7A60A0 /* Project object */;
			proxyType = 1;
			remoteGlobalIDString = 437B90589B084407BA93605C;
			remoteInfo = ZERO_CHECK;
		};
		E553C487A4664DD5AB34C69A /* PBXContainerItemProxy */ = {
			isa = PBXContainerItemProxy;
			containerPortal = 08B74DD6BCE4435CBD7A60A0 /* Project object */;
			proxyType = 1;
			remoteGlobalIDString = 437B90589B084407BA93605C;
			remoteInfo = ZERO_CHECK;
		};
		F5713E9362A54ECEB61128C0 /* PBXContainerItemProxy */ = {
			isa = PBXContainerItemProxy;
			containerPortal = 08B74DD6BCE4435CBD7A60A0 /* Project object */;
			proxyType = 1;
			remoteGlobalIDString = 437B90589B084407BA93605C;
			remoteInfo = ZERO_CHECK;
		};
		F6B2C74FA81647BFB28EA93D /* PBXContainerItemProxy */ = {
			isa = PBXContainerItemProxy;
			containerPortal = 08B74DD6BCE4435CBD7A60A0 /* Project object */;
			proxyType = 1;
			remoteGlobalIDString = 437B90589B084407BA93605C;
			remoteInfo = ZERO_CHECK;
		};
/* End PBXContainerItemProxy section */

/* Begin PBXFileReference section */
		0391EC2D013B440392416161 /* /Users/pw/GitHub/phulkan/CMakeLists.txt */ = {isa = PBXFileReference; explicitFileType = sourcecode.text; fileEncoding = 4; name = CMakeLists.txt; path = CMakeLists.txt; sourceTree = SOURCE_ROOT; };
		0CE3DBFD001E4FCB9B7F3CF9 /* /Users/pw/GitHub/phulkan/src/CMakeLists.txt */ = {isa = PBXFileReference; explicitFileType = sourcecode.text; fileEncoding = 4; name = CMakeLists.txt; path = src/CMakeLists.txt; sourceTree = SOURCE_ROOT; };
		0E4E360FBB464B7F92310A8D /* phulkan_library */ = {isa = PBXFileReference; explicitFileType = archive.ar; path = libphulkan_library.a; sourceTree = BUILT_PRODUCTS_DIR; };
		12636496191B4AB8A531B9D3 /* /Users/pw/GitHub/phulkan/src/generators/graphics.cpp */ = {isa = PBXFileReference; explicitFileType = sourcecode.cpp.cpp; fileEncoding = 4; name = graphics.cpp; path = src/generators/graphics.cpp; sourceTree = SOURCE_ROOT; };
		330070E036DF480DA41832D4 /* /Users/pw/GitHub/phulkan/tests/testlib.cpp */ = {isa = PBXFileReference; explicitFileType = sourcecode.cpp.cpp; fileEncoding = 4; name = testlib.cpp; path = tests/testlib.cpp; sourceTree = SOURCE_ROOT; };
		3FAF86A14A6F41F4BF998C89 /* /Users/pw/GitHub/phulkan/src/phulkan.cpp */ = {isa = PBXFileReference; explicitFileType = sourcecode.cpp.cpp; fileEncoding = 4; name = phulkan.cpp; path = src/phulkan.cpp; sourceTree = SOURCE_ROOT; };
		4AC4D5E51D844814ADE37567 /* /Users/pw/GitHub/phulkan/CMakeLists.txt */ = {isa = PBXFileReference; explicitFileType = sourcecode.text; fileEncoding = 4; name = CMakeLists.txt; path = CMakeLists.txt; sourceTree = SOURCE_ROOT; };
		4B5FA35977A24274A4398736 /* /Users/pw/GitHub/phulkan/docs/CMakeLists.txt */ = {isa = PBXFileReference; explicitFileType = sourcecode.text; fileEncoding = 4; name = CMakeLists.txt; path = docs/CMakeLists.txt; sourceTree = SOURCE_ROOT; };
		4E66604C03EB40A39473C7BF /* app */ = {isa = PBXFileReference; explicitFileType = "compiled.mach-o.executable"; path = app; sourceTree = BUILT_PRODUCTS_DIR; };
		4EDF37CE5CB04EF68120C2D0 /* testlib */ = {isa = PBXFileReference; explicitFileType = "compiled.mach-o.executable"; path = testlib; sourceTree = BUILT_PRODUCTS_DIR; };
		4F5D96336C304714AB49A777 /* /Users/pw/GitHub/phulkan/xbuild/src/graphics_info.hpp.rule */ = {isa = PBXFileReference; explicitFileType = sourcecode; fileEncoding = 4; name = graphics_info.hpp.rule; path = xbuild/src/graphics_info.hpp.rule; sourceTree = SOURCE_ROOT; };
		545B97CC6340478D91A3FC22 /* /Users/pw/GitHub/phulkan/apps/CMakeLists.txt */ = {isa = PBXFileReference; explicitFileType = sourcecode.text; fileEncoding = 4; name = CMakeLists.txt; path = apps/CMakeLists.txt; sourceTree = SOURCE_ROOT; };
		887578D0310146C1B9116751 /* graphics_generator */ = {isa = PBXFileReference; explicitFileType = "compiled.mach-o.executable"; path = graphics_generator; sourceTree = BUILT_PRODUCTS_DIR; };
		8D0A5114F9F04AC2B72B49B0 /* /Users/pw/GitHub/phulkan/include/phulkan/phulkan.hpp */ = {isa = PBXFileReference; explicitFileType = sourcecode.cpp.h; fileEncoding = 4; name = phulkan.hpp; path = include/phulkan/phulkan.hpp; sourceTree = SOURCE_ROOT; };
		97A18413853C458A8D885349 /* /Users/pw/GitHub/phulkan/xbuild/src/graphics_info.hpp */ = {isa = PBXFileReference; explicitFileType = sourcecode.cpp.h; fileEncoding = 4; name = graphics_info.hpp; path = xbuild/src/graphics_info.hpp; sourceTree = SOURCE_ROOT; };
		A6B28CCE56FA40A1A74E579E /* /Users/pw/GitHub/phulkan/docs/mainpage.md */ = {isa = PBXFileReference; explicitFileType = sourcecode; fileEncoding = 4; name = mainpage.md; path = docs/mainpage.md; sourceTree = SOURCE_ROOT; };
		AB881C5773E6417F9F7999DE /* /Users/pw/GitHub/phulkan/CMakeLists.txt */ = {isa = PBXFileReference; explicitFileType = sourcecode.text; fileEncoding = 4; name = CMakeLists.txt; path = CMakeLists.txt; sourceTree = SOURCE_ROOT; };
		B5E0D21C8C894DDD87A36ECA /* /Users/pw/GitHub/phulkan/src/CMakeLists.txt */ = {isa = PBXFileReference; explicitFileType = sourcecode.text; fileEncoding = 4; name = CMakeLists.txt; path = src/CMakeLists.txt; sourceTree = SOURCE_ROOT; };
		D584B7DEAF9E405181AB7141 /* /Users/pw/GitHub/phulkan/tests/CMakeLists.txt */ = {isa = PBXFileReference; explicitFileType = sourcecode.text; fileEncoding = 4; name = CMakeLists.txt; path = tests/CMakeLists.txt; sourceTree = SOURCE_ROOT; };
		DB245CA3AED84E16AE2BEBFB /* /Users/pw/GitHub/phulkan/CMakeLists.txt */ = {isa = PBXFileReference; explicitFileType = sourcecode.text; fileEncoding = 4; name = CMakeLists.txt; path = CMakeLists.txt; sourceTree = SOURCE_ROOT; };
		E06FD1E2040A4441BA89B659 /* /Users/pw/GitHub/phulkan/CMakeLists.txt */ = {isa = PBXFileReference; explicitFileType = sourcecode.text; fileEncoding = 4; name = CMakeLists.txt; path = CMakeLists.txt; sourceTree = SOURCE_ROOT; };
		FB46679AF8C14E9C8B7A75FD /* /Users/pw/GitHub/phulkan/apps/app.cpp */ = {isa = PBXFileReference; explicitFileType = sourcecode.cpp.cpp; fileEncoding = 4; name = app.cpp; path = apps/app.cpp; sourceTree = SOURCE_ROOT; };
/* End PBXFileReference section */

/* Begin PBXFrameworksBuildPhase section */
		228ADC7408914B2489062B21 /* Frameworks */ = {
			isa = PBXFrameworksBuildPhase;
			buildActionMask = 2147483647;
			files = (
			);
			runOnlyForDeploymentPostprocessing = 0;
		};
		3C41E998D26547BB8F0EA3A0 /* Frameworks */ = {
			isa = PBXFrameworksBuildPhase;
			buildActionMask = 2147483647;
			files = (
			);
			runOnlyForDeploymentPostprocessing = 0;
		};
		C062AA86EA284E1D95914C69 /* Frameworks */ = {
			isa = PBXFrameworksBuildPhase;
			buildActionMask = 2147483647;
			files = (
			);
			runOnlyForDeploymentPostprocessing = 0;
		};
		CF550FF119FB47D88AF54B27 /* Frameworks */ = {
			isa = PBXFrameworksBuildPhase;
			buildActionMask = 2147483647;
			files = (
			);
			runOnlyForDeploymentPostprocessing = 0;
		};
/* End PBXFrameworksBuildPhase section */

/* Begin PBXGroup section */
		00D67EBD044F4E97BBBB09A8 /* Experimental */ = {
			isa = PBXGroup;
			children = (
				FC8CF46316B14637A2E0C862 /* CMake Rules */,
				DB245CA3AED84E16AE2BEBFB /* /Users/pw/GitHub/phulkan/CMakeLists.txt */,
			);
			name = Experimental;
			sourceTree = "<group>";
		};
		0CEBC79B19B142FB9464FAF3 /* phulkan */ = {
			isa = PBXGroup;
			children = (
				8D0A5114F9F04AC2B72B49B0 /* /Users/pw/GitHub/phulkan/include/phulkan/phulkan.hpp */,
			);
			name = phulkan;
			sourceTree = "<group>";
		};
		0E40A200BC08484590B2142A /* Source Files */ = {
			isa = PBXGroup;
			children = (
				FB46679AF8C14E9C8B7A75FD /* /Users/pw/GitHub/phulkan/apps/app.cpp */,
			);
			name = "Source Files";
			sourceTree = "<group>";
		};
		14A5077FF9894328B04CD28D /* CMake Rules */ = {
			isa = PBXGroup;
			children = (
			);
			name = "CMake Rules";
			sourceTree = "<group>";
		};
		1573D35CDF71440B85154C51 /* CMake Rules */ = {
			isa = PBXGroup;
			children = (
			);
			name = "CMake Rules";
			sourceTree = "<group>";
		};
		2A0F11CCE9B746F8B8767DAA /* Frameworks */ = {
			isa = PBXGroup;
			children = (
			);
			name = Frameworks;
			sourceTree = "<group>";
		};
		408EE96A01694804B2E88026 /* NightlyMemoryCheck */ = {
			isa = PBXGroup;
			children = (
				5A255398EAA74E7F9AD837FB /* CMake Rules */,
				4AC4D5E51D844814ADE37567 /* /Users/pw/GitHub/phulkan/CMakeLists.txt */,
			);
			name = NightlyMemoryCheck;
			sourceTree = "<group>";
		};
		5A255398EAA74E7F9AD837FB /* CMake Rules */ = {
			isa = PBXGroup;
			children = (
			);
			name = "CMake Rules";
			sourceTree = "<group>";
		};
		5FF8CC1D575541FA9ACF55F3 /* Source Files */ = {
			isa = PBXGroup;
			children = (
				330070E036DF480DA41832D4 /* /Users/pw/GitHub/phulkan/tests/testlib.cpp */,
			);
			name = "Source Files";
			sourceTree = "<group>";
		};
		66B43D6E4D21456686A09246 = {
			isa = PBXGroup;
			children = (
				7BCD4DE5A42E43D28B5D68EE /* CTestDashboardTargets */,
				BEB5DFED7E184B51A9821BA5 /* ALL_BUILD */,
				EA614F070B2E4E2DBB258945 /* docs */,
				7038791AC15B41629C826FEF /* phulkan_library */,
				E3A91C9AE019412E913414DF /* graphics_generator */,
				B9C50B37ECD44D3085FC0F95 /* app */,
				96D7AB949CA447D98D354A8A /* testlib */,
				C1E27124BBCA4570A6B69C11 /* Products */,
				2A0F11CCE9B746F8B8767DAA /* Frameworks */,
			);
			sourceTree = "<group>";
		};
		66D62B89F33142B1A892E106 /* CMake Rules */ = {
			isa = PBXGroup;
			children = (
				4F5D96336C304714AB49A777 /* /Users/pw/GitHub/phulkan/xbuild/src/graphics_info.hpp.rule */,
			);
			name = "CMake Rules";
			sourceTree = "<group>";
		};
		7038791AC15B41629C826FEF /* phulkan_library */ = {
			isa = PBXGroup;
			children = (
				9F65BC524F3146419928E41A /* Source Files */,
				DF7A75298CFA4871B36F4E9C /* Header Files */,
				66D62B89F33142B1A892E106 /* CMake Rules */,
				B5E0D21C8C894DDD87A36ECA /* /Users/pw/GitHub/phulkan/src/CMakeLists.txt */,
			);
			name = phulkan_library;
			sourceTree = "<group>";
		};
		742FD24D445F462D82754B71 /* Source Files */ = {
			isa = PBXGroup;
			children = (
				12636496191B4AB8A531B9D3 /* /Users/pw/GitHub/phulkan/src/generators/graphics.cpp */,
			);
			name = "Source Files";
			sourceTree = "<group>";
		};
		7BCD4DE5A42E43D28B5D68EE /* CTestDashboardTargets */ = {
			isa = PBXGroup;
			children = (
				408EE96A01694804B2E88026 /* NightlyMemoryCheck */,
				C849F8B34F114CB289672811 /* Nightly */,
				E6D29BEE77E740E78E668229 /* Continuous */,
				00D67EBD044F4E97BBBB09A8 /* Experimental */,
			);
			name = CTestDashboardTargets;
			sourceTree = "<group>";
		};
		95251C07D89E4F77AB5CA75E /* CMake Rules */ = {
			isa = PBXGroup;
			children = (
			);
			name = "CMake Rules";
			sourceTree = "<group>";
		};
		96D7AB949CA447D98D354A8A /* testlib */ = {
			isa = PBXGroup;
			children = (
				5FF8CC1D575541FA9ACF55F3 /* Source Files */,
				D584B7DEAF9E405181AB7141 /* /Users/pw/GitHub/phulkan/tests/CMakeLists.txt */,
			);
			name = testlib;
			sourceTree = "<group>";
		};
		9F65BC524F3146419928E41A /* Source Files */ = {
			isa = PBXGroup;
			children = (
				3FAF86A14A6F41F4BF998C89 /* /Users/pw/GitHub/phulkan/src/phulkan.cpp */,
			);
			name = "Source Files";
			sourceTree = "<group>";
		};
		B9C50B37ECD44D3085FC0F95 /* app */ = {
			isa = PBXGroup;
			children = (
				0E40A200BC08484590B2142A /* Source Files */,
				545B97CC6340478D91A3FC22 /* /Users/pw/GitHub/phulkan/apps/CMakeLists.txt */,
			);
			name = app;
			sourceTree = "<group>";
		};
		BEB5DFED7E184B51A9821BA5 /* ALL_BUILD */ = {
			isa = PBXGroup;
			children = (
				95251C07D89E4F77AB5CA75E /* CMake Rules */,
				AB881C5773E6417F9F7999DE /* /Users/pw/GitHub/phulkan/CMakeLists.txt */,
			);
			name = ALL_BUILD;
			sourceTree = "<group>";
		};
		C1E27124BBCA4570A6B69C11 /* Products */ = {
			isa = PBXGroup;
			children = (
				4E66604C03EB40A39473C7BF /* app */,
				887578D0310146C1B9116751 /* graphics_generator */,
				0E4E360FBB464B7F92310A8D /* phulkan_library */,
				4EDF37CE5CB04EF68120C2D0 /* testlib */,
			);
			name = Products;
			sourceTree = "<group>";
		};
		C849F8B34F114CB289672811 /* Nightly */ = {
			isa = PBXGroup;
			children = (
				F35B691CC9224107BBBB4F90 /* CMake Rules */,
				0391EC2D013B440392416161 /* /Users/pw/GitHub/phulkan/CMakeLists.txt */,
			);
			name = Nightly;
			sourceTree = "<group>";
		};
		DF7A75298CFA4871B36F4E9C /* Header Files */ = {
			isa = PBXGroup;
			children = (
				0CEBC79B19B142FB9464FAF3 /* phulkan */,
				97A18413853C458A8D885349 /* /Users/pw/GitHub/phulkan/xbuild/src/graphics_info.hpp */,
			);
			name = "Header Files";
			sourceTree = "<group>";
		};
		E3A91C9AE019412E913414DF /* graphics_generator */ = {
			isa = PBXGroup;
			children = (
				742FD24D445F462D82754B71 /* Source Files */,
				0CE3DBFD001E4FCB9B7F3CF9 /* /Users/pw/GitHub/phulkan/src/CMakeLists.txt */,
			);
			name = graphics_generator;
			sourceTree = "<group>";
		};
		E6D29BEE77E740E78E668229 /* Continuous */ = {
			isa = PBXGroup;
			children = (
				1573D35CDF71440B85154C51 /* CMake Rules */,
				E06FD1E2040A4441BA89B659 /* /Users/pw/GitHub/phulkan/CMakeLists.txt */,
			);
			name = Continuous;
			sourceTree = "<group>";
		};
		EA614F070B2E4E2DBB258945 /* docs */ = {
			isa = PBXGroup;
			children = (
				14A5077FF9894328B04CD28D /* CMake Rules */,
				A6B28CCE56FA40A1A74E579E /* /Users/pw/GitHub/phulkan/docs/mainpage.md */,
				4B5FA35977A24274A4398736 /* /Users/pw/GitHub/phulkan/docs/CMakeLists.txt */,
			);
			name = docs;
			sourceTree = "<group>";
		};
		F35B691CC9224107BBBB4F90 /* CMake Rules */ = {
			isa = PBXGroup;
			children = (
			);
			name = "CMake Rules";
			sourceTree = "<group>";
		};
		FC8CF46316B14637A2E0C862 /* CMake Rules */ = {
			isa = PBXGroup;
			children = (
			);
			name = "CMake Rules";
			sourceTree = "<group>";
		};
/* End PBXGroup section */

/* Begin PBXNativeTarget section */
		2F34FAAAEBA74DF9B1B259C8 /* testlib */ = {
			isa = PBXNativeTarget;
			buildConfigurationList = 6A07FE31BA6D4598AEBCEC64 /* Build configuration list for PBXNativeTarget "testlib" */;
			buildPhases = (
				069996088B6C440E8C625822 /* Sources */,
				3C41E998D26547BB8F0EA3A0 /* Frameworks */,
			);
			buildRules = (
			);
			dependencies = (
				0FD25AD13F7249708053EC9B /* PBXTargetDependency */,
				47613496A23C431985B85857 /* PBXTargetDependency */,
			);
			name = testlib;
			productName = testlib;
			productReference = 4EDF37CE5CB04EF68120C2D0 /* testlib */;
			productType = "com.apple.product-type.tool";
		};
		465B15A2BD99482091C32FF4 /* graphics_generator */ = {
			isa = PBXNativeTarget;
			buildConfigurationList = D45E41BB9B294C24810A567D /* Build configuration list for PBXNativeTarget "graphics_generator" */;
			buildPhases = (
				C662E52193744EE49274A465 /* Sources */,
				C062AA86EA284E1D95914C69 /* Frameworks */,
			);
			buildRules = (
			);
			dependencies = (
				AC39A1A3B4C0413F89709C52 /* PBXTargetDependency */,
			);
			name = graphics_generator;
			productName = graphics_generator;
			productReference = 887578D0310146C1B9116751 /* graphics_generator */;
			productType = "com.apple.product-type.tool";
		};
		8BB812CC992F4438819AE2A7 /* phulkan_library */ = {
			isa = PBXNativeTarget;
			buildConfigurationList = 54EAEF4BD79B4705BA089953 /* Build configuration list for PBXNativeTarget "phulkan_library" */;
			buildPhases = (
				2F26B49595486A40A3EF1379 /* Generate src/graphics_info.hpp */,
				DBE14BEA6A204AB09F58221E /* Sources */,
				CF550FF119FB47D88AF54B27 /* Frameworks */,
			);
			buildRules = (
			);
			dependencies = (
				EB5F5A8316BA408487A7F7D7 /* PBXTargetDependency */,
				6418B0820A89440292957796 /* PBXTargetDependency */,
			);
			name = phulkan_library;
			productName = phulkan_library;
			productReference = 0E4E360FBB464B7F92310A8D /* phulkan_library */;
			productType = "com.apple.product-type.library.static";
		};
		E786E2C246D6435BB19CB41C /* app */ = {
			isa = PBXNativeTarget;
			buildConfigurationList = 9284F5E76694415FB46A4ED5 /* Build configuration list for PBXNativeTarget "app" */;
			buildPhases = (
				6C6D13B1B929425C86F8A9EC /* Sources */,
				228ADC7408914B2489062B21 /* Frameworks */,
			);
			buildRules = (
			);
			dependencies = (
				BD08C95DED8D4CCEA9F391F8 /* PBXTargetDependency */,
				560B88B753BB41C497F1B3B0 /* PBXTargetDependency */,
			);
			name = app;
			productName = app;
			productReference = 4E66604C03EB40A39473C7BF /* app */;
			productType = "com.apple.product-type.tool";
		};
/* End PBXNativeTarget section */

/* Begin PBXProject section */
		08B74DD6BCE4435CBD7A60A0 /* Project object */ = {
			isa = PBXProject;
			attributes = {
				BuildIndependentTargetsInParallel = YES;
				LastUpgradeCheck = 1250;
			};
			buildConfigurationList = EA231A50DF664717A0E360E8 /* Build configuration list for PBXProject "phulkan" */;
			buildSettings = {
			};
			buildStyles = (
				CFE64CD231814FB38F2244F2 /* Debug */,
				1139800E70144A40A2952965 /* Release */,
				AE59828FE96D4E269AEA0BFA /* MinSizeRel */,
				30E07E5062BF4856880A423B /* RelWithDebInfo */,
			);
			compatibilityVersion = "Xcode 3.2";
			hasScannedForEncodings = 0;
			mainGroup = 66B43D6E4D21456686A09246;
			projectDirPath = ../;
			projectRoot = "";
			targets = (
				03479E91B383411AADA36BED /* ALL_BUILD */,
				6C127F4F3A53429285BF3102 /* Continuous */,
				D33CD0DD73EF47219E88982E /* Experimental */,
				0071ACA045034585A30ADCE8 /* Nightly */,
				EBC3F5728F6A40D98B6641C2 /* NightlyMemoryCheck */,
				A0E2C9A122764FFC87C56A01 /* RUN_TESTS */,
				437B90589B084407BA93605C /* ZERO_CHECK */,
				E786E2C246D6435BB19CB41C /* app */,
				8E518BC3D89C4B0FBA876F62 /* docs */,
				465B15A2BD99482091C32FF4 /* graphics_generator */,
				8BB812CC992F4438819AE2A7 /* phulkan_library */,
				2F34FAAAEBA74DF9B1B259C8 /* testlib */,
			);
		};
/* End PBXProject section */

/* Begin PBXShellScriptBuildPhase section */
		003C8D08B0008F35F218E126 /* CMake PostBuild Rules */ = {
			isa = PBXShellScriptBuildPhase;
			alwaysOutOfDate = 1;
			buildActionMask = 2147483647;
			files = (
			);
			name = "CMake PostBuild Rules";
			outputPaths = (
			);
			runOnlyForDeploymentPostprocessing = 0;
			shellPath = /bin/sh;
			shellScript = "set -e
if test \"$CONFIGURATION\" = \"Debug\"; then :
  cd /Users/pw/GitHub/phulkan/xbuild
  /usr/local/Cellar/cmake/3.19.6/bin/ctest --force-new-ctest-process -C $CONFIGURATION$EFFECTIVE_PLATFORM_NAME
fi
if test \"$CONFIGURATION\" = \"Release\"; then :
  cd /Users/pw/GitHub/phulkan/xbuild
  /usr/local/Cellar/cmake/3.19.6/bin/ctest --force-new-ctest-process -C $CONFIGURATION$EFFECTIVE_PLATFORM_NAME
fi
if test \"$CONFIGURATION\" = \"MinSizeRel\"; then :
  cd /Users/pw/GitHub/phulkan/xbuild
  /usr/local/Cellar/cmake/3.19.6/bin/ctest --force-new-ctest-process -C $CONFIGURATION$EFFECTIVE_PLATFORM_NAME
fi
if test \"$CONFIGURATION\" = \"RelWithDebInfo\"; then :
  cd /Users/pw/GitHub/phulkan/xbuild
  /usr/local/Cellar/cmake/3.19.6/bin/ctest --force-new-ctest-process -C $CONFIGURATION$EFFECTIVE_PLATFORM_NAME
fi
";
			showEnvVarsInLog = 0;
		};
		0256E07F4D414BB026AE919A /* Generate CMakeFiles/Experimental */ = {
			isa = PBXShellScriptBuildPhase;
			alwaysOutOfDate = 1;
			buildActionMask = 2147483647;
			files = (
			);
			inputPaths = (
			);
			name = "Generate CMakeFiles/Experimental";
			outputPaths = (
/Users/pw/GitHub/phulkan/xbuild/CMakeFiles/Experimental			);
			runOnlyForDeploymentPostprocessing = 0;
			shellPath = /bin/sh;
			shellScript = "set -e
if test \"$CONFIGURATION\" = \"Debug\"; then :
  cd /Users/pw/GitHub/phulkan/xbuild
  /usr/local/Cellar/cmake/3.19.6/bin/ctest -C $CONFIGURATION$EFFECTIVE_PLATFORM_NAME -D Experimental
fi
if test \"$CONFIGURATION\" = \"Release\"; then :
  cd /Users/pw/GitHub/phulkan/xbuild
  /usr/local/Cellar/cmake/3.19.6/bin/ctest -C $CONFIGURATION$EFFECTIVE_PLATFORM_NAME -D Experimental
fi
if test \"$CONFIGURATION\" = \"MinSizeRel\"; then :
  cd /Users/pw/GitHub/phulkan/xbuild
  /usr/local/Cellar/cmake/3.19.6/bin/ctest -C $CONFIGURATION$EFFECTIVE_PLATFORM_NAME -D Experimental
fi
if test \"$CONFIGURATION\" = \"RelWithDebInfo\"; then :
  cd /Users/pw/GitHub/phulkan/xbuild
  /usr/local/Cellar/cmake/3.19.6/bin/ctest -C $CONFIGURATION$EFFECTIVE_PLATFORM_NAME -D Experimental
fi
";
			showEnvVarsInLog = 0;
		};
		09FB783FD30DC6E66DF354AF = {
			isa = PBXShellScriptBuildPhase;
			buildActionMask = 2147483647;
			files = (
			);
			inputPaths = (
			);
			outputPaths = (
			);
			runOnlyForDeploymentPostprocessing = 0;
			shellPath = /bin/sh;
			shellScript = "# shell script goes here
exit 0";
			showEnvVarsInLog = 0;
		};
		23E0E19C1FE635DB84934AD9 = {
			isa = PBXShellScriptBuildPhase;
			buildActionMask = 2147483647;
			files = (
			);
			inputPaths = (
			);
			outputPaths = (
			);
			runOnlyForDeploymentPostprocessing = 0;
			shellPath = /bin/sh;
			shellScript = "# shell script goes here
exit 0";
			showEnvVarsInLog = 0;
		};
		2F26B49595486A40A3EF1379 /* Generate src/graphics_info.hpp */ = {
			isa = PBXShellScriptBuildPhase;
			buildActionMask = 2147483647;
			files = (
			);
			inputPaths = (
			);
			name = "Generate src/graphics_info.hpp";
			outputPaths = (
/Users/pw/GitHub/phulkan/xbuild/src/graphics_info.hpp			);
			runOnlyForDeploymentPostprocessing = 0;
			shellPath = /bin/sh;
			shellScript = "set -e
if test \"$CONFIGURATION\" = \"Debug\"; then :
  cd /Users/pw/GitHub/phulkan/xbuild/src
  /Users/pw/GitHub/phulkan/xbuild/src/Debug/graphics_generator
fi
if test \"$CONFIGURATION\" = \"Release\"; then :
  cd /Users/pw/GitHub/phulkan/xbuild/src
  /Users/pw/GitHub/phulkan/xbuild/src/Release/graphics_generator
fi
if test \"$CONFIGURATION\" = \"MinSizeRel\"; then :
  cd /Users/pw/GitHub/phulkan/xbuild/src
  /Users/pw/GitHub/phulkan/xbuild/src/MinSizeRel/graphics_generator
fi
if test \"$CONFIGURATION\" = \"RelWithDebInfo\"; then :
  cd /Users/pw/GitHub/phulkan/xbuild/src
  /Users/pw/GitHub/phulkan/xbuild/src/RelWithDebInfo/graphics_generator
fi
";
			showEnvVarsInLog = 0;
		};
		2F7B89DD4E82073DE5D8D8DE /* Generate CMakeFiles/NightlyMemoryCheck */ = {
			isa = PBXShellScriptBuildPhase;
			alwaysOutOfDate = 1;
			buildActionMask = 2147483647;
			files = (
			);
			inputPaths = (
			);
			name = "Generate CMakeFiles/NightlyMemoryCheck";
			outputPaths = (
/Users/pw/GitHub/phulkan/xbuild/CMakeFiles/NightlyMemoryCheck			);
			runOnlyForDeploymentPostprocessing = 0;
			shellPath = /bin/sh;
			shellScript = "set -e
if test \"$CONFIGURATION\" = \"Debug\"; then :
  cd /Users/pw/GitHub/phulkan/xbuild
  /usr/local/Cellar/cmake/3.19.6/bin/ctest -C $CONFIGURATION$EFFECTIVE_PLATFORM_NAME -D NightlyMemoryCheck
fi
if test \"$CONFIGURATION\" = \"Release\"; then :
  cd /Users/pw/GitHub/phulkan/xbuild
  /usr/local/Cellar/cmake/3.19.6/bin/ctest -C $CONFIGURATION$EFFECTIVE_PLATFORM_NAME -D NightlyMemoryCheck
fi
if test \"$CONFIGURATION\" = \"MinSizeRel\"; then :
  cd /Users/pw/GitHub/phulkan/xbuild
  /usr/local/Cellar/cmake/3.19.6/bin/ctest -C $CONFIGURATION$EFFECTIVE_PLATFORM_NAME -D NightlyMemoryCheck
fi
if test \"$CONFIGURATION\" = \"RelWithDebInfo\"; then :
  cd /Users/pw/GitHub/phulkan/xbuild
  /usr/local/Cellar/cmake/3.19.6/bin/ctest -C $CONFIGURATION$EFFECTIVE_PLATFORM_NAME -D NightlyMemoryCheck
fi
";
			showEnvVarsInLog = 0;
		};
		323E6CE94951678BF055CC89 = {
			isa = PBXShellScriptBuildPhase;
			buildActionMask = 2147483647;
			files = (
			);
			inputPaths = (
			);
			outputPaths = (
			);
			runOnlyForDeploymentPostprocessing = 0;
			shellPath = /bin/sh;
			shellScript = "# shell script goes here
exit 0";
			showEnvVarsInLog = 0;
		};
		3C0110FC8322DE7E50886E21 = {
			isa = PBXShellScriptBuildPhase;
			buildActionMask = 2147483647;
			files = (
			);
			inputPaths = (
			);
			outputPaths = (
			);
			runOnlyForDeploymentPostprocessing = 0;
			shellPath = /bin/sh;
			shellScript = "# shell script goes here
exit 0";
			showEnvVarsInLog = 0;
		};
		910A41151295C5F9742C25BD = {
			isa = PBXShellScriptBuildPhase;
			buildActionMask = 2147483647;
			files = (
			);
			inputPaths = (
			);
			outputPaths = (
			);
			runOnlyForDeploymentPostprocessing = 0;
			shellPath = /bin/sh;
			shellScript = "# shell script goes here
exit 0";
			showEnvVarsInLog = 0;
		};
		9B50530E35CC49C82C2FACCF = {
			isa = PBXShellScriptBuildPhase;
			buildActionMask = 2147483647;
			files = (
			);
			inputPaths = (
			);
			outputPaths = (
			);
			runOnlyForDeploymentPostprocessing = 0;
			shellPath = /bin/sh;
			shellScript = "# shell script goes here
exit 0";
			showEnvVarsInLog = 0;
		};
		9C5D058ECE4DB95FB1C315AE /* Generate docs/CMakeFiles/docs */ = {
			isa = PBXShellScriptBuildPhase;
			alwaysOutOfDate = 1;
			buildActionMask = 2147483647;
			files = (
			);
			inputPaths = (
/Users/pw/GitHub/phulkan/docs/mainpage.md,/Users/pw/GitHub/phulkan/xbuild/docs/Doxyfile.docs			);
			name = "Generate docs/CMakeFiles/docs";
			outputPaths = (
/Users/pw/GitHub/phulkan/xbuild/docs/CMakeFiles/docs			);
			runOnlyForDeploymentPostprocessing = 0;
			shellPath = /bin/sh;
			shellScript = "set -e
if test \"$CONFIGURATION\" = \"Debug\"; then :
  cd /Users/pw/GitHub/phulkan/include
  /usr/local/Cellar/cmake/3.19.6/bin/cmake -E make_directory /Users/pw/GitHub/phulkan/xbuild/docs
  /usr/local/bin/doxygen /Users/pw/GitHub/phulkan/xbuild/docs/Doxyfile.docs
fi
if test \"$CONFIGURATION\" = \"Release\"; then :
  cd /Users/pw/GitHub/phulkan/include
  /usr/local/Cellar/cmake/3.19.6/bin/cmake -E make_directory /Users/pw/GitHub/phulkan/xbuild/docs
  /usr/local/bin/doxygen /Users/pw/GitHub/phulkan/xbuild/docs/Doxyfile.docs
fi
if test \"$CONFIGURATION\" = \"MinSizeRel\"; then :
  cd /Users/pw/GitHub/phulkan/include
  /usr/local/Cellar/cmake/3.19.6/bin/cmake -E make_directory /Users/pw/GitHub/phulkan/xbuild/docs
  /usr/local/bin/doxygen /Users/pw/GitHub/phulkan/xbuild/docs/Doxyfile.docs
fi
if test \"$CONFIGURATION\" = \"RelWithDebInfo\"; then :
  cd /Users/pw/GitHub/phulkan/include
  /usr/local/Cellar/cmake/3.19.6/bin/cmake -E make_directory /Users/pw/GitHub/phulkan/xbuild/docs
  /usr/local/bin/doxygen /Users/pw/GitHub/phulkan/xbuild/docs/Doxyfile.docs
fi
";
			showEnvVarsInLog = 0;
		};
		A68D7F74133ED74D8658B427 = {
			isa = PBXShellScriptBuildPhase;
			buildActionMask = 2147483647;
			files = (
			);
			inputPaths = (
			);
			outputPaths = (
			);
			runOnlyForDeploymentPostprocessing = 0;
			shellPath = /bin/sh;
			shellScript = "# shell script goes here
exit 0";
			showEnvVarsInLog = 0;
		};
		B7DAB95A41C830563BA10224 /* Generate CMakeFiles/Nightly */ = {
			isa = PBXShellScriptBuildPhase;
			alwaysOutOfDate = 1;
			buildActionMask = 2147483647;
			files = (
			);
			inputPaths = (
			);
			name = "Generate CMakeFiles/Nightly";
			outputPaths = (
/Users/pw/GitHub/phulkan/xbuild/CMakeFiles/Nightly			);
			runOnlyForDeploymentPostprocessing = 0;
			shellPath = /bin/sh;
			shellScript = "set -e
if test \"$CONFIGURATION\" = \"Debug\"; then :
  cd /Users/pw/GitHub/phulkan/xbuild
  /usr/local/Cellar/cmake/3.19.6/bin/ctest -C $CONFIGURATION$EFFECTIVE_PLATFORM_NAME -D Nightly
fi
if test \"$CONFIGURATION\" = \"Release\"; then :
  cd /Users/pw/GitHub/phulkan/xbuild
  /usr/local/Cellar/cmake/3.19.6/bin/ctest -C $CONFIGURATION$EFFECTIVE_PLATFORM_NAME -D Nightly
fi
if test \"$CONFIGURATION\" = \"MinSizeRel\"; then :
  cd /Users/pw/GitHub/phulkan/xbuild
  /usr/local/Cellar/cmake/3.19.6/bin/ctest -C $CONFIGURATION$EFFECTIVE_PLATFORM_NAME -D Nightly
fi
if test \"$CONFIGURATION\" = \"RelWithDebInfo\"; then :
  cd /Users/pw/GitHub/phulkan/xbuild
  /usr/local/Cellar/cmake/3.19.6/bin/ctest -C $CONFIGURATION$EFFECTIVE_PLATFORM_NAME -D Nightly
fi
";
			showEnvVarsInLog = 0;
		};
		CBD1BADA900A12BA56E3C721 /* Generate CMakeFiles/Continuous */ = {
			isa = PBXShellScriptBuildPhase;
			alwaysOutOfDate = 1;
			buildActionMask = 2147483647;
			files = (
			);
			inputPaths = (
			);
			name = "Generate CMakeFiles/Continuous";
			outputPaths = (
/Users/pw/GitHub/phulkan/xbuild/CMakeFiles/Continuous			);
			runOnlyForDeploymentPostprocessing = 0;
			shellPath = /bin/sh;
			shellScript = "set -e
if test \"$CONFIGURATION\" = \"Debug\"; then :
  cd /Users/pw/GitHub/phulkan/xbuild
  /usr/local/Cellar/cmake/3.19.6/bin/ctest -C $CONFIGURATION$EFFECTIVE_PLATFORM_NAME -D Continuous
fi
if test \"$CONFIGURATION\" = \"Release\"; then :
  cd /Users/pw/GitHub/phulkan/xbuild
  /usr/local/Cellar/cmake/3.19.6/bin/ctest -C $CONFIGURATION$EFFECTIVE_PLATFORM_NAME -D Continuous
fi
if test \"$CONFIGURATION\" = \"MinSizeRel\"; then :
  cd /Users/pw/GitHub/phulkan/xbuild
  /usr/local/Cellar/cmake/3.19.6/bin/ctest -C $CONFIGURATION$EFFECTIVE_PLATFORM_NAME -D Continuous
fi
if test \"$CONFIGURATION\" = \"RelWithDebInfo\"; then :
  cd /Users/pw/GitHub/phulkan/xbuild
  /usr/local/Cellar/cmake/3.19.6/bin/ctest -C $CONFIGURATION$EFFECTIVE_PLATFORM_NAME -D Continuous
fi
";
			showEnvVarsInLog = 0;
		};
		E594FF7834D0B496D8A981C0 /* Generate CMakeFiles/ZERO_CHECK */ = {
			isa = PBXShellScriptBuildPhase;
			alwaysOutOfDate = 1;
			buildActionMask = 2147483647;
			files = (
			);
			inputPaths = (
			);
			name = "Generate CMakeFiles/ZERO_CHECK";
			outputPaths = (
/Users/pw/GitHub/phulkan/xbuild/CMakeFiles/ZERO_CHECK			);
			runOnlyForDeploymentPostprocessing = 0;
			shellPath = /bin/sh;
			shellScript = "set -e
if test \"$CONFIGURATION\" = \"Debug\"; then :
  cd /Users/pw/GitHub/phulkan/xbuild
  make -f /Users/pw/GitHub/phulkan/xbuild/CMakeScripts/ReRunCMake.make
fi
if test \"$CONFIGURATION\" = \"Release\"; then :
  cd /Users/pw/GitHub/phulkan/xbuild
  make -f /Users/pw/GitHub/phulkan/xbuild/CMakeScripts/ReRunCMake.make
fi
if test \"$CONFIGURATION\" = \"MinSizeRel\"; then :
  cd /Users/pw/GitHub/phulkan/xbuild
  make -f /Users/pw/GitHub/phulkan/xbuild/CMakeScripts/ReRunCMake.make
fi
if test \"$CONFIGURATION\" = \"RelWithDebInfo\"; then :
  cd /Users/pw/GitHub/phulkan/xbuild
  make -f /Users/pw/GitHub/phulkan/xbuild/CMakeScripts/ReRunCMake.make
fi
";
			showEnvVarsInLog = 0;
		};
		E7BD059AC02E96BB9C6C11B4 /* Generate CMakeFiles/ALL_BUILD */ = {
			isa = PBXShellScriptBuildPhase;
			alwaysOutOfDate = 1;
			buildActionMask = 2147483647;
			files = (
			);
			inputPaths = (
			);
			name = "Generate CMakeFiles/ALL_BUILD";
			outputPaths = (
/Users/pw/GitHub/phulkan/xbuild/CMakeFiles/ALL_BUILD			);
			runOnlyForDeploymentPostprocessing = 0;
			shellPath = /bin/sh;
			shellScript = "set -e
if test \"$CONFIGURATION\" = \"Debug\"; then :
  cd /Users/pw/GitHub/phulkan/xbuild
  echo Build\\ all\\ projects
fi
if test \"$CONFIGURATION\" = \"Release\"; then :
  cd /Users/pw/GitHub/phulkan/xbuild
  echo Build\\ all\\ projects
fi
if test \"$CONFIGURATION\" = \"MinSizeRel\"; then :
  cd /Users/pw/GitHub/phulkan/xbuild
  echo Build\\ all\\ projects
fi
if test \"$CONFIGURATION\" = \"RelWithDebInfo\"; then :
  cd /Users/pw/GitHub/phulkan/xbuild
  echo Build\\ all\\ projects
fi
";
			showEnvVarsInLog = 0;
		};
		FC5B5C9115E405ED6F6F6625 = {
			isa = PBXShellScriptBuildPhase;
			buildActionMask = 2147483647;
			files = (
			);
			inputPaths = (
			);
			outputPaths = (
			);
			runOnlyForDeploymentPostprocessing = 0;
			shellPath = /bin/sh;
			shellScript = "# shell script goes here
exit 0";
			showEnvVarsInLog = 0;
		};
/* End PBXShellScriptBuildPhase section */

/* Begin PBXSourcesBuildPhase section */
		069996088B6C440E8C625822 /* Sources */ = {
			isa = PBXSourcesBuildPhase;
			buildActionMask = 2147483647;
			files = (
				C35C4F36E0084471829F3829 /* /Users/pw/GitHub/phulkan/tests/testlib.cpp */,
			);
			runOnlyForDeploymentPostprocessing = 0;
		};
		6C6D13B1B929425C86F8A9EC /* Sources */ = {
			isa = PBXSourcesBuildPhase;
			buildActionMask = 2147483647;
			files = (
				8F294D2D4E5E46D4B3703B07 /* /Users/pw/GitHub/phulkan/apps/app.cpp */,
			);
			runOnlyForDeploymentPostprocessing = 0;
		};
		C662E52193744EE49274A465 /* Sources */ = {
			isa = PBXSourcesBuildPhase;
			buildActionMask = 2147483647;
			files = (
				1429C65C690844F2A1321BE3 /* /Users/pw/GitHub/phulkan/src/generators/graphics.cpp */,
			);
			runOnlyForDeploymentPostprocessing = 0;
		};
		DBE14BEA6A204AB09F58221E /* Sources */ = {
			isa = PBXSourcesBuildPhase;
			buildActionMask = 2147483647;
			files = (
				01EFB5CC298C4329926E5648 /* /Users/pw/GitHub/phulkan/src/phulkan.cpp */,
			);
			runOnlyForDeploymentPostprocessing = 0;
		};
/* End PBXSourcesBuildPhase section */

/* Begin PBXTargetDependency section */
		0FD25AD13F7249708053EC9B /* PBXTargetDependency */ = {
			isa = PBXTargetDependency;
			target = 437B90589B084407BA93605C /* ZERO_CHECK */;
			targetProxy = 3DFA1E45B81B420091541F74 /* PBXContainerItemProxy */;
		};
		23CF1602F3C841C8A619A870 /* PBXTargetDependency */ = {
			isa = PBXTargetDependency;
			target = 437B90589B084407BA93605C /* ZERO_CHECK */;
			targetProxy = 9479B57C82F04D3B9F2A9CCD /* PBXContainerItemProxy */;
		};
		32794288694D455A8F0A4DA6 /* PBXTargetDependency */ = {
			isa = PBXTargetDependency;
			target = 437B90589B084407BA93605C /* ZERO_CHECK */;
			targetProxy = F5713E9362A54ECEB61128C0 /* PBXContainerItemProxy */;
		};
		4479C70B97E24B4B94E027BB /* PBXTargetDependency */ = {
			isa = PBXTargetDependency;
			target = 437B90589B084407BA93605C /* ZERO_CHECK */;
			targetProxy = D49052C83507452090995C95 /* PBXContainerItemProxy */;
		};
		463D63A3774D40DDA4D0B5F0 /* PBXTargetDependency */ = {
			isa = PBXTargetDependency;
			target = E786E2C246D6435BB19CB41C /* app */;
			targetProxy = 2AC8EBE4C5E44FBF8F27E1D6 /* PBXContainerItemProxy */;
		};
		47613496A23C431985B85857 /* PBXTargetDependency */ = {
			isa = PBXTargetDependency;
			target = 8BB812CC992F4438819AE2A7 /* phulkan_library */;
			targetProxy = 476255EB3FD845A8ACE3631F /* PBXContainerItemProxy */;
		};
		5552C916D1FE4409BC278D59 /* PBXTargetDependency */ = {
			isa = PBXTargetDependency;
			target = 465B15A2BD99482091C32FF4 /* graphics_generator */;
			targetProxy = 876A3E19F42E4EB397E953B5 /* PBXContainerItemProxy */;
		};
		560B88B753BB41C497F1B3B0 /* PBXTargetDependency */ = {
			isa = PBXTargetDependency;
			target = 8BB812CC992F4438819AE2A7 /* phulkan_library */;
			targetProxy = 8CBE474C89804F3E9A6C9187 /* PBXContainerItemProxy */;
		};
		5CD55CF10A4B43ECA2F147B0 /* PBXTargetDependency */ = {
			isa = PBXTargetDependency;
			target = 8BB812CC992F4438819AE2A7 /* phulkan_library */;
			targetProxy = 37646AB55A3D46C8824DEB9E /* PBXContainerItemProxy */;
		};
		6418B0820A89440292957796 /* PBXTargetDependency */ = {
			isa = PBXTargetDependency;
			target = 465B15A2BD99482091C32FF4 /* graphics_generator */;
			targetProxy = 98B54BE1AE2142B9AA442216 /* PBXContainerItemProxy */;
		};
		9853BE2F8C8343A2B0486811 /* PBXTargetDependency */ = {
			isa = PBXTargetDependency;
			target = 437B90589B084407BA93605C /* ZERO_CHECK */;
			targetProxy = F6B2C74FA81647BFB28EA93D /* PBXContainerItemProxy */;
		};
		AC39A1A3B4C0413F89709C52 /* PBXTargetDependency */ = {
			isa = PBXTargetDependency;
			target = 437B90589B084407BA93605C /* ZERO_CHECK */;
			targetProxy = 365E90094332416080578656 /* PBXContainerItemProxy */;
		};
		B5AFD90F8C224CCB8CFD5015 /* PBXTargetDependency */ = {
			isa = PBXTargetDependency;
			target = 2F34FAAAEBA74DF9B1B259C8 /* testlib */;
			targetProxy = 583BA1712BD948199D93013B /* PBXContainerItemProxy */;
		};
		BAF200D06B9C4B0F8B773C3C /* PBXTargetDependency */ = {
			isa = PBXTargetDependency;
			target = 437B90589B084407BA93605C /* ZERO_CHECK */;
			targetProxy = C592D7A047BA4DC5B8D9CE1E /* PBXContainerItemProxy */;
		};
		BD08C95DED8D4CCEA9F391F8 /* PBXTargetDependency */ = {
			isa = PBXTargetDependency;
			target = 437B90589B084407BA93605C /* ZERO_CHECK */;
			targetProxy = 5A51B802D2834171AA71AD1D /* PBXContainerItemProxy */;
		};
		BD6959B8419444ADBE4FC98D /* PBXTargetDependency */ = {
			isa = PBXTargetDependency;
			target = 437B90589B084407BA93605C /* ZERO_CHECK */;
			targetProxy = 3E04E2E9265E4C6AB808D3BC /* PBXContainerItemProxy */;
		};
		EB5F5A8316BA408487A7F7D7 /* PBXTargetDependency */ = {
			isa = PBXTargetDependency;
			target = 437B90589B084407BA93605C /* ZERO_CHECK */;
			targetProxy = E553C487A4664DD5AB34C69A /* PBXContainerItemProxy */;
		};
/* End PBXTargetDependency section */

/* Begin XCBuildConfiguration section */
		03F82C48AD1F4D579547C152 /* MinSizeRel */ = {
			isa = XCBuildConfiguration;
			buildSettings = {
				COMBINE_HIDPI_IMAGES = YES;
				EXECUTABLE_PREFIX = "";
				EXECUTABLE_SUFFIX = "";
				FRAMEWORK_SEARCH_PATHS = ("$(inherited)");
				GCC_GENERATE_DEBUGGING_SYMBOLS = NO;
				GCC_INLINES_ARE_PRIVATE_EXTERN = NO;
				GCC_OPTIMIZATION_LEVEL = s;
				GCC_PREPROCESSOR_DEFINITIONS = ("'CMAKE_INTDIR=\"$(CONFIGURATION)$(EFFECTIVE_PLATFORM_NAME)\"'","'kuk=3'");
				GCC_SYMBOLS_PRIVATE_EXTERN = NO;
				HEADER_SEARCH_PATHS = (/Users/pw/GitHub/phulkan/src/../include,/Users/pw/GitHub/phulkan/xbuild/src,/Users/pw/GitHub/phulkan/src/glfw,/Users/pw/GitHub/phulkan/src/glm,"/Users/pw/GitHub/phulkan/xbuild/_deps/catch-src/single_include");
				INSTALL_PATH = "";
				LD_RUNPATH_SEARCH_PATHS = /usr/local/lib;
				LIBRARY_SEARCH_PATHS = ("$(inherited)");
				OTHER_CPLUSPLUSFLAGS = "    -DNDEBUG '-std=gnu++2a' ";
				OTHER_LDFLAGS = ("-L/usr/local/opt/qt/lib -Wl,-search_paths_first -Wl,-headerpad_max_install_names",/Users/pw/GitHub/phulkan/xbuild/src/MinSizeRel/libphulkan_library.a,/usr/local/lib/libvulkan.dylib,/usr/local/lib/libglfw3.a,"-framework Cocoa","-framework IOKit","-framework CoreFoundation");
				OTHER_REZFLAGS = "";
				PRODUCT_NAME = testlib;
				SECTORDER_FLAGS = "";
				SYMROOT = /Users/pw/GitHub/phulkan/xbuild/tests;
				SYSTEM_HEADER_SEARCH_PATHS = (/usr/local/include);
				USE_HEADERMAP = NO;
				WARNING_CFLAGS = ("$(inherited)");
			};
			name = MinSizeRel;
		};
		14AABA8BC7CB4BE9912A2E49 /* MinSizeRel */ = {
			isa = XCBuildConfiguration;
			buildSettings = {
				COMBINE_HIDPI_IMAGES = YES;
				EXECUTABLE_PREFIX = "";
				EXECUTABLE_SUFFIX = "";
				FRAMEWORK_SEARCH_PATHS = ("$(inherited)");
				GCC_GENERATE_DEBUGGING_SYMBOLS = NO;
				GCC_INLINES_ARE_PRIVATE_EXTERN = NO;
				GCC_OPTIMIZATION_LEVEL = s;
				GCC_PREPROCESSOR_DEFINITIONS = ("'CMAKE_INTDIR=\"$(CONFIGURATION)$(EFFECTIVE_PLATFORM_NAME)\"'","'kuk=3'");
				GCC_SYMBOLS_PRIVATE_EXTERN = NO;
				HEADER_SEARCH_PATHS = (/Users/pw/GitHub/phulkan/apps/glfw,/Users/pw/GitHub/phulkan/apps/glm,/Users/pw/GitHub/phulkan/src/../include,/Users/pw/GitHub/phulkan/xbuild/src,/Users/pw/GitHub/phulkan/src/glfw,/Users/pw/GitHub/phulkan/src/glm);
				INSTALL_PATH = "";
				LD_RUNPATH_SEARCH_PATHS = /usr/local/lib;
				LIBRARY_SEARCH_PATHS = ("$(inherited)");
				OTHER_CPLUSPLUSFLAGS = "    -DNDEBUG '-std=gnu++2a' ";
				OTHER_LDFLAGS = ("-L/usr/local/opt/qt/lib -Wl,-search_paths_first -Wl,-headerpad_max_install_names",/Users/pw/GitHub/phulkan/xbuild/src/MinSizeRel/libphulkan_library.a,/usr/local/lib/libvulkan.dylib,/usr/local/lib/libglfw3.a,"-framework Cocoa","-framework IOKit","-framework CoreFoundation");
				OTHER_REZFLAGS = "";
				PRODUCT_NAME = app;
				SECTORDER_FLAGS = "";
				SYMROOT = /Users/pw/GitHub/phulkan/xbuild/apps;
				SYSTEM_HEADER_SEARCH_PATHS = (/usr/local/include);
				USE_HEADERMAP = NO;
				WARNING_CFLAGS = ("$(inherited)");
			};
			name = MinSizeRel;
		};
		243DDA1E29A84E9E9808C116 /* Debug */ = {
			isa = XCBuildConfiguration;
			buildSettings = {
				COMBINE_HIDPI_IMAGES = YES;
				GCC_GENERATE_DEBUGGING_SYMBOLS = YES;
				GCC_INLINES_ARE_PRIVATE_EXTERN = NO;
				GCC_OPTIMIZATION_LEVEL = 0;
				GCC_PREPROCESSOR_DEFINITIONS = ("'CMAKE_INTDIR=\"$(CONFIGURATION)$(EFFECTIVE_PLATFORM_NAME)\"'");
				GCC_SYMBOLS_PRIVATE_EXTERN = NO;
				INSTALL_PATH = "";
				OTHER_LDFLAGS = ("");
				OTHER_REZFLAGS = "";
				PRODUCT_NAME = Nightly;
				SECTORDER_FLAGS = "";
				SYMROOT = /Users/pw/GitHub/phulkan/xbuild;
				USE_HEADERMAP = NO;
				WARNING_CFLAGS = ("$(inherited)");
			};
			name = Debug;
		};
		3651187E822B47439A4F3CC5 /* MinSizeRel */ = {
			isa = XCBuildConfiguration;
			buildSettings = {
				COMBINE_HIDPI_IMAGES = YES;
				EXECUTABLE_PREFIX = lib;
				EXECUTABLE_SUFFIX = .a;
				GCC_GENERATE_DEBUGGING_SYMBOLS = NO;
				GCC_INLINES_ARE_PRIVATE_EXTERN = NO;
				GCC_OPTIMIZATION_LEVEL = s;
				GCC_PREPROCESSOR_DEFINITIONS = ("'CMAKE_INTDIR=\"$(CONFIGURATION)$(EFFECTIVE_PLATFORM_NAME)\"'","'kuk=3'");
				GCC_SYMBOLS_PRIVATE_EXTERN = NO;
				HEADER_SEARCH_PATHS = (/Users/pw/GitHub/phulkan/src/../include,/Users/pw/GitHub/phulkan/xbuild/src,/Users/pw/GitHub/phulkan/src/glfw,/Users/pw/GitHub/phulkan/src/glm);
				INSTALL_PATH = "";
				LIBRARY_STYLE = STATIC;
				OTHER_CPLUSPLUSFLAGS = "    -DNDEBUG '-std=gnu++2a' ";
				OTHER_LIBTOOLFLAGS = ("");
				OTHER_REZFLAGS = "";
				PRODUCT_NAME = phulkan_library;
				SECTORDER_FLAGS = "";
				SYMROOT = /Users/pw/GitHub/phulkan/xbuild/src;
				SYSTEM_HEADER_SEARCH_PATHS = (/usr/local/include);
				USE_HEADERMAP = NO;
				WARNING_CFLAGS = ("$(inherited)");
			};
			name = MinSizeRel;
		};
		39A0074123BC4CACB43E73C8 /* Release */ = {
			isa = XCBuildConfiguration;
			buildSettings = {
				COMBINE_HIDPI_IMAGES = YES;
				GCC_GENERATE_DEBUGGING_SYMBOLS = YES;
				GCC_INLINES_ARE_PRIVATE_EXTERN = NO;
				GCC_OPTIMIZATION_LEVEL = 0;
				GCC_PREPROCESSOR_DEFINITIONS = ("'CMAKE_INTDIR=\"$(CONFIGURATION)$(EFFECTIVE_PLATFORM_NAME)\"'");
				GCC_SYMBOLS_PRIVATE_EXTERN = NO;
				INSTALL_PATH = "";
				OTHER_LDFLAGS = ("");
				OTHER_REZFLAGS = "";
				PRODUCT_NAME = ZERO_CHECK;
				SECTORDER_FLAGS = "";
				SYMROOT = /Users/pw/GitHub/phulkan/xbuild;
				USE_HEADERMAP = NO;
				WARNING_CFLAGS = ("$(inherited)");
			};
			name = Release;
		};
		3A8A40E10D0745C0AF0ACEBD /* MinSizeRel */ = {
			isa = XCBuildConfiguration;
			buildSettings = {
				COMBINE_HIDPI_IMAGES = YES;
				GCC_GENERATE_DEBUGGING_SYMBOLS = YES;
				GCC_INLINES_ARE_PRIVATE_EXTERN = NO;
				GCC_OPTIMIZATION_LEVEL = 0;
				GCC_PREPROCESSOR_DEFINITIONS = ("'CMAKE_INTDIR=\"$(CONFIGURATION)$(EFFECTIVE_PLATFORM_NAME)\"'");
				GCC_SYMBOLS_PRIVATE_EXTERN = NO;
				INSTALL_PATH = "";
				OTHER_LDFLAGS = ("");
				OTHER_REZFLAGS = "";
				PRODUCT_NAME = Nightly;
				SECTORDER_FLAGS = "";
				SYMROOT = /Users/pw/GitHub/phulkan/xbuild;
				USE_HEADERMAP = NO;
				WARNING_CFLAGS = ("$(inherited)");
			};
			name = MinSizeRel;
		};
		3B82131EBC29452DA4E1F2DC /* RelWithDebInfo */ = {
			isa = XCBuildConfiguration;
			buildSettings = {
				COMBINE_HIDPI_IMAGES = YES;
				EXECUTABLE_PREFIX = lib;
				EXECUTABLE_SUFFIX = .a;
				GCC_GENERATE_DEBUGGING_SYMBOLS = YES;
				GCC_INLINES_ARE_PRIVATE_EXTERN = NO;
				GCC_OPTIMIZATION_LEVEL = 2;
				GCC_PREPROCESSOR_DEFINITIONS = ("'CMAKE_INTDIR=\"$(CONFIGURATION)$(EFFECTIVE_PLATFORM_NAME)\"'","'kuk=3'");
				GCC_SYMBOLS_PRIVATE_EXTERN = NO;
				HEADER_SEARCH_PATHS = (/Users/pw/GitHub/phulkan/src/../include,/Users/pw/GitHub/phulkan/xbuild/src,/Users/pw/GitHub/phulkan/src/glfw,/Users/pw/GitHub/phulkan/src/glm);
				INSTALL_PATH = "";
				LIBRARY_STYLE = STATIC;
				OTHER_CPLUSPLUSFLAGS = "       -DNDEBUG '-std=gnu++2a' ";
				OTHER_LIBTOOLFLAGS = ("");
				OTHER_REZFLAGS = "";
				PRODUCT_NAME = phulkan_library;
				SECTORDER_FLAGS = "";
				SYMROOT = /Users/pw/GitHub/phulkan/xbuild/src;
				SYSTEM_HEADER_SEARCH_PATHS = (/usr/local/include);
				USE_HEADERMAP = NO;
				WARNING_CFLAGS = ("$(inherited)");
			};
			name = RelWithDebInfo;
		};
		3FD2D4589931483B88D8FD3D /* Release */ = {
			isa = XCBuildConfiguration;
			buildSettings = {
				COMBINE_HIDPI_IMAGES = YES;
				GCC_GENERATE_DEBUGGING_SYMBOLS = YES;
				GCC_INLINES_ARE_PRIVATE_EXTERN = NO;
				GCC_OPTIMIZATION_LEVEL = 0;
				GCC_PREPROCESSOR_DEFINITIONS = ("'CMAKE_INTDIR=\"$(CONFIGURATION)$(EFFECTIVE_PLATFORM_NAME)\"'");
				GCC_SYMBOLS_PRIVATE_EXTERN = NO;
				INSTALL_PATH = "";
				OTHER_LDFLAGS = ("");
				OTHER_REZFLAGS = "";
				PRODUCT_NAME = docs;
				SECTORDER_FLAGS = "";
				SYMROOT = /Users/pw/GitHub/phulkan/xbuild/docs;
				USE_HEADERMAP = NO;
				WARNING_CFLAGS = ("$(inherited)");
			};
			name = Release;
		};
		4159E9AC1C4F444B81957353 /* Release */ = {
			isa = XCBuildConfiguration;
			buildSettings = {
				COMBINE_HIDPI_IMAGES = YES;
				EXECUTABLE_PREFIX = "";
				EXECUTABLE_SUFFIX = "";
				FRAMEWORK_SEARCH_PATHS = ("$(inherited)");
				GCC_GENERATE_DEBUGGING_SYMBOLS = NO;
				GCC_INLINES_ARE_PRIVATE_EXTERN = NO;
				GCC_OPTIMIZATION_LEVEL = 3;
				GCC_PREPROCESSOR_DEFINITIONS = ("'CMAKE_INTDIR=\"$(CONFIGURATION)$(EFFECTIVE_PLATFORM_NAME)\"'");
				GCC_SYMBOLS_PRIVATE_EXTERN = NO;
				HEADER_SEARCH_PATHS = (/Users/pw/vulkansdk/MoltenVK/include,/Users/pw/GitHub/phulkan/src/glfw);
				INSTALL_PATH = "";
				LD_RUNPATH_SEARCH_PATHS = "/Users/pw/vulkansdk/MoltenVK/dylib/macOS /Users/pw/vulkansdk/macOS/lib";
				LIBRARY_SEARCH_PATHS = ("$(inherited)");
				OTHER_CPLUSPLUSFLAGS = "    -DNDEBUG '-std=gnu++2a' ";
				OTHER_LDFLAGS = ("-L/usr/local/opt/qt/lib -Wl,-search_paths_first -Wl,-headerpad_max_install_names",/Users/pw/vulkansdk/MoltenVK/dylib/macOS/libMoltenVK.dylib,/Users/pw/vulkansdk/macOS/lib/libVkLayer_khronos_validation.dylib,/Users/pw/vulkansdk/macOS/lib/libvulkan.1.2.162.dylib,/usr/local/lib/libglfw3.a,"-framework Cocoa","-framework IOKit","-framework CoreFoundation");
				OTHER_REZFLAGS = "";
				PRODUCT_NAME = graphics_generator;
				SECTORDER_FLAGS = "";
				SYMROOT = /Users/pw/GitHub/phulkan/xbuild/src;
				SYSTEM_HEADER_SEARCH_PATHS = (/usr/local/include);
				USE_HEADERMAP = NO;
				WARNING_CFLAGS = ("$(inherited)");
			};
			name = Release;
		};
		46196EF98EFB48BE8ACA5069 /* Debug */ = {
			isa = XCBuildConfiguration;
			buildSettings = {
				COMBINE_HIDPI_IMAGES = YES;
				GCC_GENERATE_DEBUGGING_SYMBOLS = YES;
				GCC_INLINES_ARE_PRIVATE_EXTERN = NO;
				GCC_OPTIMIZATION_LEVEL = 0;
				GCC_PREPROCESSOR_DEFINITIONS = ("'CMAKE_INTDIR=\"$(CONFIGURATION)$(EFFECTIVE_PLATFORM_NAME)\"'");
				GCC_SYMBOLS_PRIVATE_EXTERN = NO;
				INSTALL_PATH = "";
				OTHER_LDFLAGS = ("");
				OTHER_REZFLAGS = "";
				PRODUCT_NAME = ZERO_CHECK;
				SECTORDER_FLAGS = "";
				SYMROOT = /Users/pw/GitHub/phulkan/xbuild;
				USE_HEADERMAP = NO;
				WARNING_CFLAGS = ("$(inherited)");
			};
			name = Debug;
		};
		4A7A6D3E080745CC95E958EA /* Release */ = {
			isa = XCBuildConfiguration;
			buildSettings = {
				ARCHS = "$(NATIVE_ARCH_ACTUAL)";
				MACOSX_DEPLOYMENT_TARGET = 11.2;
				ONLY_ACTIVE_ARCH = YES;
				SDKROOT = "/Applications/Xcode-beta.app/Contents/Developer/Platforms/MacOSX.platform/Developer/SDKs/MacOSX11.3.sdk";
				SYMROOT = /Users/pw/GitHub/phulkan/xbuild/build;
			};
			name = Release;
		};
		4B759C0E5C5E4CAABD2823BE /* Debug */ = {
			isa = XCBuildConfiguration;
			buildSettings = {
				COMBINE_HIDPI_IMAGES = YES;
				GCC_GENERATE_DEBUGGING_SYMBOLS = YES;
				GCC_INLINES_ARE_PRIVATE_EXTERN = NO;
				GCC_OPTIMIZATION_LEVEL = 0;
				GCC_PREPROCESSOR_DEFINITIONS = ("'CMAKE_INTDIR=\"$(CONFIGURATION)$(EFFECTIVE_PLATFORM_NAME)\"'");
				GCC_SYMBOLS_PRIVATE_EXTERN = NO;
				INSTALL_PATH = "";
				OTHER_LDFLAGS = ("");
				OTHER_REZFLAGS = "";
				PRODUCT_NAME = ALL_BUILD;
				SECTORDER_FLAGS = "";
				SYMROOT = /Users/pw/GitHub/phulkan/xbuild;
				USE_HEADERMAP = NO;
				WARNING_CFLAGS = ("$(inherited)");
			};
			name = Debug;
		};
		4C0C4D079009449D8630AE24 /* Debug */ = {
			isa = XCBuildConfiguration;
			buildSettings = {
				COMBINE_HIDPI_IMAGES = YES;
				GCC_GENERATE_DEBUGGING_SYMBOLS = YES;
				GCC_INLINES_ARE_PRIVATE_EXTERN = NO;
				GCC_OPTIMIZATION_LEVEL = 0;
				GCC_PREPROCESSOR_DEFINITIONS = ("'CMAKE_INTDIR=\"$(CONFIGURATION)$(EFFECTIVE_PLATFORM_NAME)\"'");
				GCC_SYMBOLS_PRIVATE_EXTERN = NO;
				INSTALL_PATH = "";
				OTHER_LDFLAGS = ("");
				OTHER_REZFLAGS = "";
				PRODUCT_NAME = Continuous;
				SECTORDER_FLAGS = "";
				SYMROOT = /Users/pw/GitHub/phulkan/xbuild;
				USE_HEADERMAP = NO;
				WARNING_CFLAGS = ("$(inherited)");
			};
			name = Debug;
		};
		4EA808562E5E46A2B6EB0889 /* Debug */ = {
			isa = XCBuildConfiguration;
			buildSettings = {
				COMBINE_HIDPI_IMAGES = YES;
				GCC_GENERATE_DEBUGGING_SYMBOLS = YES;
				GCC_INLINES_ARE_PRIVATE_EXTERN = NO;
				GCC_OPTIMIZATION_LEVEL = 0;
				GCC_PREPROCESSOR_DEFINITIONS = ("'CMAKE_INTDIR=\"$(CONFIGURATION)$(EFFECTIVE_PLATFORM_NAME)\"'");
				GCC_SYMBOLS_PRIVATE_EXTERN = NO;
				INSTALL_PATH = "";
				OTHER_LDFLAGS = ("");
				OTHER_REZFLAGS = "";
				PRODUCT_NAME = NightlyMemoryCheck;
				SECTORDER_FLAGS = "";
				SYMROOT = /Users/pw/GitHub/phulkan/xbuild;
				USE_HEADERMAP = NO;
				WARNING_CFLAGS = ("$(inherited)");
			};
			name = Debug;
		};
		5F032ABCFFE243118E22B729 /* Release */ = {
			isa = XCBuildConfiguration;
			buildSettings = {
				COMBINE_HIDPI_IMAGES = YES;
				EXECUTABLE_PREFIX = "";
				EXECUTABLE_SUFFIX = "";
				FRAMEWORK_SEARCH_PATHS = ("$(inherited)");
				GCC_GENERATE_DEBUGGING_SYMBOLS = NO;
				GCC_INLINES_ARE_PRIVATE_EXTERN = NO;
				GCC_OPTIMIZATION_LEVEL = 3;
				GCC_PREPROCESSOR_DEFINITIONS = ("'CMAKE_INTDIR=\"$(CONFIGURATION)$(EFFECTIVE_PLATFORM_NAME)\"'","'kuk=3'");
				GCC_SYMBOLS_PRIVATE_EXTERN = NO;
				HEADER_SEARCH_PATHS = (/Users/pw/GitHub/phulkan/src/../include,/Users/pw/GitHub/phulkan/xbuild/src,/Users/pw/GitHub/phulkan/src/glfw,/Users/pw/GitHub/phulkan/src/glm,"/Users/pw/GitHub/phulkan/xbuild/_deps/catch-src/single_include");
				INSTALL_PATH = "";
				LD_RUNPATH_SEARCH_PATHS = /usr/local/lib;
				LIBRARY_SEARCH_PATHS = ("$(inherited)");
				OTHER_CPLUSPLUSFLAGS = "    -DNDEBUG '-std=gnu++2a' ";
				OTHER_LDFLAGS = ("-L/usr/local/opt/qt/lib -Wl,-search_paths_first -Wl,-headerpad_max_install_names",/Users/pw/GitHub/phulkan/xbuild/src/Release/libphulkan_library.a,/usr/local/lib/libvulkan.dylib,/usr/local/lib/libglfw3.a,"-framework Cocoa","-framework IOKit","-framework CoreFoundation");
				OTHER_REZFLAGS = "";
				PRODUCT_NAME = testlib;
				SECTORDER_FLAGS = "";
				SYMROOT = /Users/pw/GitHub/phulkan/xbuild/tests;
				SYSTEM_HEADER_SEARCH_PATHS = (/usr/local/include);
				USE_HEADERMAP = NO;
				WARNING_CFLAGS = ("$(inherited)");
			};
			name = Release;
		};
		64299DC006B44EDD8334C425 /* Release */ = {
			isa = XCBuildConfiguration;
			buildSettings = {
				COMBINE_HIDPI_IMAGES = YES;
				GCC_GENERATE_DEBUGGING_SYMBOLS = YES;
				GCC_INLINES_ARE_PRIVATE_EXTERN = NO;
				GCC_OPTIMIZATION_LEVEL = 0;
				GCC_PREPROCESSOR_DEFINITIONS = ("'CMAKE_INTDIR=\"$(CONFIGURATION)$(EFFECTIVE_PLATFORM_NAME)\"'");
				GCC_SYMBOLS_PRIVATE_EXTERN = NO;
				INSTALL_PATH = "";
				OTHER_LDFLAGS = ("");
				OTHER_REZFLAGS = "";
				PRODUCT_NAME = Nightly;
				SECTORDER_FLAGS = "";
				SYMROOT = /Users/pw/GitHub/phulkan/xbuild;
				USE_HEADERMAP = NO;
				WARNING_CFLAGS = ("$(inherited)");
			};
			name = Release;
		};
		66499EB08F25402A8F867CC5 /* RelWithDebInfo */ = {
			isa = XCBuildConfiguration;
			buildSettings = {
				COMBINE_HIDPI_IMAGES = YES;
				GCC_GENERATE_DEBUGGING_SYMBOLS = YES;
				GCC_INLINES_ARE_PRIVATE_EXTERN = NO;
				GCC_OPTIMIZATION_LEVEL = 0;
				GCC_PREPROCESSOR_DEFINITIONS = ("'CMAKE_INTDIR=\"$(CONFIGURATION)$(EFFECTIVE_PLATFORM_NAME)\"'");
				GCC_SYMBOLS_PRIVATE_EXTERN = NO;
				INSTALL_PATH = "";
				OTHER_LDFLAGS = ("");
				OTHER_REZFLAGS = "";
				PRODUCT_NAME = docs;
				SECTORDER_FLAGS = "";
				SYMROOT = /Users/pw/GitHub/phulkan/xbuild/docs;
				USE_HEADERMAP = NO;
				WARNING_CFLAGS = ("$(inherited)");
			};
			name = RelWithDebInfo;
		};
		67C3A2FD03F24D85AE8A20C8 /* RelWithDebInfo */ = {
			isa = XCBuildConfiguration;
			buildSettings = {
				COMBINE_HIDPI_IMAGES = YES;
				EXECUTABLE_PREFIX = "";
				EXECUTABLE_SUFFIX = "";
				FRAMEWORK_SEARCH_PATHS = ("$(inherited)");
				GCC_GENERATE_DEBUGGING_SYMBOLS = YES;
				GCC_INLINES_ARE_PRIVATE_EXTERN = NO;
				GCC_OPTIMIZATION_LEVEL = 2;
				GCC_PREPROCESSOR_DEFINITIONS = ("'CMAKE_INTDIR=\"$(CONFIGURATION)$(EFFECTIVE_PLATFORM_NAME)\"'","'kuk=3'");
				GCC_SYMBOLS_PRIVATE_EXTERN = NO;
				HEADER_SEARCH_PATHS = (/Users/pw/GitHub/phulkan/apps/glfw,/Users/pw/GitHub/phulkan/apps/glm,/Users/pw/GitHub/phulkan/src/../include,/Users/pw/GitHub/phulkan/xbuild/src,/Users/pw/GitHub/phulkan/src/glfw,/Users/pw/GitHub/phulkan/src/glm);
				INSTALL_PATH = "";
				LD_RUNPATH_SEARCH_PATHS = /usr/local/lib;
				LIBRARY_SEARCH_PATHS = ("$(inherited)");
				OTHER_CPLUSPLUSFLAGS = "       -DNDEBUG '-std=gnu++2a' ";
				OTHER_LDFLAGS = ("-L/usr/local/opt/qt/lib -Wl,-search_paths_first -Wl,-headerpad_max_install_names",/Users/pw/GitHub/phulkan/xbuild/src/RelWithDebInfo/libphulkan_library.a,/usr/local/lib/libvulkan.dylib,/usr/local/lib/libglfw3.a,"-framework Cocoa","-framework IOKit","-framework CoreFoundation");
				OTHER_REZFLAGS = "";
				PRODUCT_NAME = app;
				SECTORDER_FLAGS = "";
				SYMROOT = /Users/pw/GitHub/phulkan/xbuild/apps;
				SYSTEM_HEADER_SEARCH_PATHS = (/usr/local/include);
				USE_HEADERMAP = NO;
				WARNING_CFLAGS = ("$(inherited)");
			};
			name = RelWithDebInfo;
		};
		6B9845FDCC01476BB62CCAFB /* MinSizeRel */ = {
			isa = XCBuildConfiguration;
			buildSettings = {
				ARCHS = "$(NATIVE_ARCH_ACTUAL)";
				MACOSX_DEPLOYMENT_TARGET = 11.2;
				ONLY_ACTIVE_ARCH = YES;
				SDKROOT = "/Applications/Xcode-beta.app/Contents/Developer/Platforms/MacOSX.platform/Developer/SDKs/MacOSX11.3.sdk";
				SYMROOT = /Users/pw/GitHub/phulkan/xbuild/build;
			};
			name = MinSizeRel;
		};
		6D2CE98F8A0E45E7841674D7 /* Release */ = {
			isa = XCBuildConfiguration;
			buildSettings = {
				COMBINE_HIDPI_IMAGES = YES;
				GCC_GENERATE_DEBUGGING_SYMBOLS = YES;
				GCC_INLINES_ARE_PRIVATE_EXTERN = NO;
				GCC_OPTIMIZATION_LEVEL = 0;
				GCC_PREPROCESSOR_DEFINITIONS = ("'CMAKE_INTDIR=\"$(CONFIGURATION)$(EFFECTIVE_PLATFORM_NAME)\"'");
				GCC_SYMBOLS_PRIVATE_EXTERN = NO;
				INSTALL_PATH = "";
				OTHER_LDFLAGS = ("");
				OTHER_REZFLAGS = "";
				PRODUCT_NAME = NightlyMemoryCheck;
				SECTORDER_FLAGS = "";
				SYMROOT = /Users/pw/GitHub/phulkan/xbuild;
				USE_HEADERMAP = NO;
				WARNING_CFLAGS = ("$(inherited)");
			};
			name = Release;
		};
		726F4810C3A04798BDD136D1 /* Debug */ = {
			isa = XCBuildConfiguration;
			buildSettings = {
				COMBINE_HIDPI_IMAGES = YES;
				EXECUTABLE_PREFIX = "";
				EXECUTABLE_SUFFIX = "";
				FRAMEWORK_SEARCH_PATHS = ("$(inherited)");
				GCC_GENERATE_DEBUGGING_SYMBOLS = YES;
				GCC_INLINES_ARE_PRIVATE_EXTERN = NO;
				GCC_OPTIMIZATION_LEVEL = 0;
				GCC_PREPROCESSOR_DEFINITIONS = ("'CMAKE_INTDIR=\"$(CONFIGURATION)$(EFFECTIVE_PLATFORM_NAME)\"'");
				GCC_SYMBOLS_PRIVATE_EXTERN = NO;
				HEADER_SEARCH_PATHS = (/Users/pw/vulkansdk/MoltenVK/include,/Users/pw/GitHub/phulkan/src/glfw);
				INSTALL_PATH = "";
				LD_RUNPATH_SEARCH_PATHS = "/Users/pw/vulkansdk/MoltenVK/dylib/macOS /Users/pw/vulkansdk/macOS/lib";
				LIBRARY_SEARCH_PATHS = ("$(inherited)");
				OTHER_CPLUSPLUSFLAGS = "   '-std=gnu++2a' ";
				OTHER_LDFLAGS = ("-L/usr/local/opt/qt/lib -Wl,-search_paths_first -Wl,-headerpad_max_install_names",/Users/pw/vulkansdk/MoltenVK/dylib/macOS/libMoltenVK.dylib,/Users/pw/vulkansdk/macOS/lib/libVkLayer_khronos_validation.dylib,/Users/pw/vulkansdk/macOS/lib/libvulkan.1.2.162.dylib,/usr/local/lib/libglfw3.a,"-framework Cocoa","-framework IOKit","-framework CoreFoundation");
				OTHER_REZFLAGS = "";
				PRODUCT_NAME = graphics_generator;
				SECTORDER_FLAGS = "";
				SYMROOT = /Users/pw/GitHub/phulkan/xbuild/src;
				SYSTEM_HEADER_SEARCH_PATHS = (/usr/local/include);
				USE_HEADERMAP = NO;
				WARNING_CFLAGS = ("$(inherited)");
			};
			name = Debug;
		};
		772EBCA81BF043F39F606F01 /* RelWithDebInfo */ = {
			isa = XCBuildConfiguration;
			buildSettings = {
				COMBINE_HIDPI_IMAGES = YES;
				GCC_GENERATE_DEBUGGING_SYMBOLS = YES;
				GCC_INLINES_ARE_PRIVATE_EXTERN = NO;
				GCC_OPTIMIZATION_LEVEL = 0;
				GCC_PREPROCESSOR_DEFINITIONS = ("'CMAKE_INTDIR=\"$(CONFIGURATION)$(EFFECTIVE_PLATFORM_NAME)\"'");
				GCC_SYMBOLS_PRIVATE_EXTERN = NO;
				INSTALL_PATH = "";
				OTHER_LDFLAGS = ("");
				OTHER_REZFLAGS = "";
				PRODUCT_NAME = ALL_BUILD;
				SECTORDER_FLAGS = "";
				SYMROOT = /Users/pw/GitHub/phulkan/xbuild;
				USE_HEADERMAP = NO;
				WARNING_CFLAGS = ("$(inherited)");
			};
			name = RelWithDebInfo;
		};
		8108616BC1C24543ABB1ED57 /* MinSizeRel */ = {
			isa = XCBuildConfiguration;
			buildSettings = {
				COMBINE_HIDPI_IMAGES = YES;
				GCC_GENERATE_DEBUGGING_SYMBOLS = YES;
				GCC_INLINES_ARE_PRIVATE_EXTERN = NO;
				GCC_OPTIMIZATION_LEVEL = 0;
				GCC_PREPROCESSOR_DEFINITIONS = ("'CMAKE_INTDIR=\"$(CONFIGURATION)$(EFFECTIVE_PLATFORM_NAME)\"'");
				GCC_SYMBOLS_PRIVATE_EXTERN = NO;
				INSTALL_PATH = "";
				OTHER_LDFLAGS = ("");
				OTHER_REZFLAGS = "";
				PRODUCT_NAME = Experimental;
				SECTORDER_FLAGS = "";
				SYMROOT = /Users/pw/GitHub/phulkan/xbuild;
				USE_HEADERMAP = NO;
				WARNING_CFLAGS = ("$(inherited)");
			};
			name = MinSizeRel;
		};
		8140CB45EC84435382968359 /* MinSizeRel */ = {
			isa = XCBuildConfiguration;
			buildSettings = {
				COMBINE_HIDPI_IMAGES = YES;
				GCC_GENERATE_DEBUGGING_SYMBOLS = YES;
				GCC_INLINES_ARE_PRIVATE_EXTERN = NO;
				GCC_OPTIMIZATION_LEVEL = 0;
				GCC_PREPROCESSOR_DEFINITIONS = ("'CMAKE_INTDIR=\"$(CONFIGURATION)$(EFFECTIVE_PLATFORM_NAME)\"'");
				GCC_SYMBOLS_PRIVATE_EXTERN = NO;
				INSTALL_PATH = "";
				OTHER_LDFLAGS = ("");
				OTHER_REZFLAGS = "";
				PRODUCT_NAME = ZERO_CHECK;
				SECTORDER_FLAGS = "";
				SYMROOT = /Users/pw/GitHub/phulkan/xbuild;
				USE_HEADERMAP = NO;
				WARNING_CFLAGS = ("$(inherited)");
			};
			name = MinSizeRel;
		};
		83FDEBEEB53E48B2BCC3B5EE /* RelWithDebInfo */ = {
			isa = XCBuildConfiguration;
			buildSettings = {
				ARCHS = "$(NATIVE_ARCH_ACTUAL)";
				MACOSX_DEPLOYMENT_TARGET = 11.2;
				ONLY_ACTIVE_ARCH = YES;
				SDKROOT = "/Applications/Xcode-beta.app/Contents/Developer/Platforms/MacOSX.platform/Developer/SDKs/MacOSX11.3.sdk";
				SYMROOT = /Users/pw/GitHub/phulkan/xbuild/build;
			};
			name = RelWithDebInfo;
		};
		871873F4D08F42D281FCB8A8 /* Debug */ = {
			isa = XCBuildConfiguration;
			buildSettings = {
				ARCHS = "$(NATIVE_ARCH_ACTUAL)";
				MACOSX_DEPLOYMENT_TARGET = 11.2;
				ONLY_ACTIVE_ARCH = YES;
				SDKROOT = "/Applications/Xcode-beta.app/Contents/Developer/Platforms/MacOSX.platform/Developer/SDKs/MacOSX11.3.sdk";
				SYMROOT = /Users/pw/GitHub/phulkan/xbuild/build;
			};
			name = Debug;
		};
		874E46E3CD844EDB8C009522 /* Release */ = {
			isa = XCBuildConfiguration;
			buildSettings = {
				COMBINE_HIDPI_IMAGES = YES;
				EXECUTABLE_PREFIX = "";
				EXECUTABLE_SUFFIX = "";
				FRAMEWORK_SEARCH_PATHS = ("$(inherited)");
				GCC_GENERATE_DEBUGGING_SYMBOLS = NO;
				GCC_INLINES_ARE_PRIVATE_EXTERN = NO;
				GCC_OPTIMIZATION_LEVEL = 3;
				GCC_PREPROCESSOR_DEFINITIONS = ("'CMAKE_INTDIR=\"$(CONFIGURATION)$(EFFECTIVE_PLATFORM_NAME)\"'","'kuk=3'");
				GCC_SYMBOLS_PRIVATE_EXTERN = NO;
				HEADER_SEARCH_PATHS = (/Users/pw/GitHub/phulkan/apps/glfw,/Users/pw/GitHub/phulkan/apps/glm,/Users/pw/GitHub/phulkan/src/../include,/Users/pw/GitHub/phulkan/xbuild/src,/Users/pw/GitHub/phulkan/src/glfw,/Users/pw/GitHub/phulkan/src/glm);
				INSTALL_PATH = "";
				LD_RUNPATH_SEARCH_PATHS = /usr/local/lib;
				LIBRARY_SEARCH_PATHS = ("$(inherited)");
				OTHER_CPLUSPLUSFLAGS = "    -DNDEBUG '-std=gnu++2a' ";
				OTHER_LDFLAGS = ("-L/usr/local/opt/qt/lib -Wl,-search_paths_first -Wl,-headerpad_max_install_names",/Users/pw/GitHub/phulkan/xbuild/src/Release/libphulkan_library.a,/usr/local/lib/libvulkan.dylib,/usr/local/lib/libglfw3.a,"-framework Cocoa","-framework IOKit","-framework CoreFoundation");
				OTHER_REZFLAGS = "";
				PRODUCT_NAME = app;
				SECTORDER_FLAGS = "";
				SYMROOT = /Users/pw/GitHub/phulkan/xbuild/apps;
				SYSTEM_HEADER_SEARCH_PATHS = (/usr/local/include);
				USE_HEADERMAP = NO;
				WARNING_CFLAGS = ("$(inherited)");
			};
			name = Release;
		};
		8982795D70764820B566A310 /* Release */ = {
			isa = XCBuildConfiguration;
			buildSettings = {
				COMBINE_HIDPI_IMAGES = YES;
				GCC_GENERATE_DEBUGGING_SYMBOLS = YES;
				GCC_INLINES_ARE_PRIVATE_EXTERN = NO;
				GCC_OPTIMIZATION_LEVEL = 0;
				GCC_PREPROCESSOR_DEFINITIONS = ("'CMAKE_INTDIR=\"$(CONFIGURATION)$(EFFECTIVE_PLATFORM_NAME)\"'");
				GCC_SYMBOLS_PRIVATE_EXTERN = NO;
				INSTALL_PATH = "";
				OTHER_LDFLAGS = ("");
				OTHER_REZFLAGS = "";
				PRODUCT_NAME = ALL_BUILD;
				SECTORDER_FLAGS = "";
				SYMROOT = /Users/pw/GitHub/phulkan/xbuild;
				USE_HEADERMAP = NO;
				WARNING_CFLAGS = ("$(inherited)");
			};
			name = Release;
		};
		8A0D6005D45A4E66B5CAD7A1 /* Debug */ = {
			isa = XCBuildConfiguration;
			buildSettings = {
				COMBINE_HIDPI_IMAGES = YES;
				EXECUTABLE_PREFIX = "";
				EXECUTABLE_SUFFIX = "";
				FRAMEWORK_SEARCH_PATHS = ("$(inherited)");
				GCC_GENERATE_DEBUGGING_SYMBOLS = YES;
				GCC_INLINES_ARE_PRIVATE_EXTERN = NO;
				GCC_OPTIMIZATION_LEVEL = 0;
				GCC_PREPROCESSOR_DEFINITIONS = ("'CMAKE_INTDIR=\"$(CONFIGURATION)$(EFFECTIVE_PLATFORM_NAME)\"'","'kuk=3'");
				GCC_SYMBOLS_PRIVATE_EXTERN = NO;
				HEADER_SEARCH_PATHS = (/Users/pw/GitHub/phulkan/apps/glfw,/Users/pw/GitHub/phulkan/apps/glm,/Users/pw/GitHub/phulkan/src/../include,/Users/pw/GitHub/phulkan/xbuild/src,/Users/pw/GitHub/phulkan/src/glfw,/Users/pw/GitHub/phulkan/src/glm);
				INSTALL_PATH = "";
				LD_RUNPATH_SEARCH_PATHS = /usr/local/lib;
				LIBRARY_SEARCH_PATHS = ("$(inherited)");
				OTHER_CPLUSPLUSFLAGS = "   '-std=gnu++2a' ";
				OTHER_LDFLAGS = ("-L/usr/local/opt/qt/lib -Wl,-search_paths_first -Wl,-headerpad_max_install_names",/Users/pw/GitHub/phulkan/xbuild/src/Debug/libphulkan_library.a,/usr/local/lib/libvulkan.dylib,/usr/local/lib/libglfw3.a,"-framework Cocoa","-framework IOKit","-framework CoreFoundation");
				OTHER_REZFLAGS = "";
				PRODUCT_NAME = app;
				SECTORDER_FLAGS = "";
				SYMROOT = /Users/pw/GitHub/phulkan/xbuild/apps;
				SYSTEM_HEADER_SEARCH_PATHS = (/usr/local/include);
				USE_HEADERMAP = NO;
				WARNING_CFLAGS = ("$(inherited)");
			};
			name = Debug;
		};
		8C821AA08B724336824528F2 /* RelWithDebInfo */ = {
			isa = XCBuildConfiguration;
			buildSettings = {
				COMBINE_HIDPI_IMAGES = YES;
				GCC_GENERATE_DEBUGGING_SYMBOLS = YES;
				GCC_INLINES_ARE_PRIVATE_EXTERN = NO;
				GCC_OPTIMIZATION_LEVEL = 0;
				GCC_PREPROCESSOR_DEFINITIONS = ("'CMAKE_INTDIR=\"$(CONFIGURATION)$(EFFECTIVE_PLATFORM_NAME)\"'");
				GCC_SYMBOLS_PRIVATE_EXTERN = NO;
				INSTALL_PATH = "";
				OTHER_LDFLAGS = ("");
				OTHER_REZFLAGS = "";
				PRODUCT_NAME = Continuous;
				SECTORDER_FLAGS = "";
				SYMROOT = /Users/pw/GitHub/phulkan/xbuild;
				USE_HEADERMAP = NO;
				WARNING_CFLAGS = ("$(inherited)");
			};
			name = RelWithDebInfo;
		};
		93556FECF0254CAB8CAB280D /* MinSizeRel */ = {
			isa = XCBuildConfiguration;
			buildSettings = {
				COMBINE_HIDPI_IMAGES = YES;
				GCC_GENERATE_DEBUGGING_SYMBOLS = YES;
				GCC_INLINES_ARE_PRIVATE_EXTERN = NO;
				GCC_OPTIMIZATION_LEVEL = 0;
				GCC_PREPROCESSOR_DEFINITIONS = ("'CMAKE_INTDIR=\"$(CONFIGURATION)$(EFFECTIVE_PLATFORM_NAME)\"'");
				GCC_SYMBOLS_PRIVATE_EXTERN = NO;
				INSTALL_PATH = "";
				OTHER_LDFLAGS = ("");
				OTHER_REZFLAGS = "";
				PRODUCT_NAME = NightlyMemoryCheck;
				SECTORDER_FLAGS = "";
				SYMROOT = /Users/pw/GitHub/phulkan/xbuild;
				USE_HEADERMAP = NO;
				WARNING_CFLAGS = ("$(inherited)");
			};
			name = MinSizeRel;
		};
		986EC9ABAD92472AB17AA763 /* RelWithDebInfo */ = {
			isa = XCBuildConfiguration;
			buildSettings = {
				COMBINE_HIDPI_IMAGES = YES;
				GCC_GENERATE_DEBUGGING_SYMBOLS = YES;
				GCC_INLINES_ARE_PRIVATE_EXTERN = NO;
				GCC_OPTIMIZATION_LEVEL = 0;
				GCC_PREPROCESSOR_DEFINITIONS = ("'CMAKE_INTDIR=\"$(CONFIGURATION)$(EFFECTIVE_PLATFORM_NAME)\"'");
				GCC_SYMBOLS_PRIVATE_EXTERN = NO;
				INSTALL_PATH = "";
				OTHER_LDFLAGS = ("");
				OTHER_REZFLAGS = "";
				PRODUCT_NAME = NightlyMemoryCheck;
				SECTORDER_FLAGS = "";
				SYMROOT = /Users/pw/GitHub/phulkan/xbuild;
				USE_HEADERMAP = NO;
				WARNING_CFLAGS = ("$(inherited)");
			};
			name = RelWithDebInfo;
		};
		991E741C1B0D4B23B3DA163F /* Debug */ = {
			isa = XCBuildConfiguration;
			buildSettings = {
				COMBINE_HIDPI_IMAGES = YES;
				GCC_GENERATE_DEBUGGING_SYMBOLS = YES;
				GCC_INLINES_ARE_PRIVATE_EXTERN = NO;
				GCC_OPTIMIZATION_LEVEL = 0;
				GCC_PREPROCESSOR_DEFINITIONS = ("'CMAKE_INTDIR=\"$(CONFIGURATION)$(EFFECTIVE_PLATFORM_NAME)\"'");
				GCC_SYMBOLS_PRIVATE_EXTERN = NO;
				INSTALL_PATH = "";
				OTHER_LDFLAGS = ("");
				OTHER_REZFLAGS = "";
				PRODUCT_NAME = docs;
				SECTORDER_FLAGS = "";
				SYMROOT = /Users/pw/GitHub/phulkan/xbuild/docs;
				USE_HEADERMAP = NO;
				WARNING_CFLAGS = ("$(inherited)");
			};
			name = Debug;
		};
		9F9A9C9D87114A74A9E79E72 /* MinSizeRel */ = {
			isa = XCBuildConfiguration;
			buildSettings = {
				COMBINE_HIDPI_IMAGES = YES;
				GCC_GENERATE_DEBUGGING_SYMBOLS = YES;
				GCC_INLINES_ARE_PRIVATE_EXTERN = NO;
				GCC_OPTIMIZATION_LEVEL = 0;
				GCC_PREPROCESSOR_DEFINITIONS = ("'CMAKE_INTDIR=\"$(CONFIGURATION)$(EFFECTIVE_PLATFORM_NAME)\"'");
				GCC_SYMBOLS_PRIVATE_EXTERN = NO;
				INSTALL_PATH = "";
				OTHER_LDFLAGS = ("");
				OTHER_REZFLAGS = "";
				PRODUCT_NAME = docs;
				SECTORDER_FLAGS = "";
				SYMROOT = /Users/pw/GitHub/phulkan/xbuild/docs;
				USE_HEADERMAP = NO;
				WARNING_CFLAGS = ("$(inherited)");
			};
			name = MinSizeRel;
		};
		AACC1F9DE30A45E19D843A61 /* RelWithDebInfo */ = {
			isa = XCBuildConfiguration;
			buildSettings = {
				COMBINE_HIDPI_IMAGES = YES;
				EXECUTABLE_PREFIX = "";
				EXECUTABLE_SUFFIX = "";
				FRAMEWORK_SEARCH_PATHS = ("$(inherited)");
				GCC_GENERATE_DEBUGGING_SYMBOLS = YES;
				GCC_INLINES_ARE_PRIVATE_EXTERN = NO;
				GCC_OPTIMIZATION_LEVEL = 2;
				GCC_PREPROCESSOR_DEFINITIONS = ("'CMAKE_INTDIR=\"$(CONFIGURATION)$(EFFECTIVE_PLATFORM_NAME)\"'");
				GCC_SYMBOLS_PRIVATE_EXTERN = NO;
				HEADER_SEARCH_PATHS = (/Users/pw/vulkansdk/MoltenVK/include,/Users/pw/GitHub/phulkan/src/glfw);
				INSTALL_PATH = "";
				LD_RUNPATH_SEARCH_PATHS = "/Users/pw/vulkansdk/MoltenVK/dylib/macOS /Users/pw/vulkansdk/macOS/lib";
				LIBRARY_SEARCH_PATHS = ("$(inherited)");
				OTHER_CPLUSPLUSFLAGS = "       -DNDEBUG '-std=gnu++2a' ";
				OTHER_LDFLAGS = ("-L/usr/local/opt/qt/lib -Wl,-search_paths_first -Wl,-headerpad_max_install_names",/Users/pw/vulkansdk/MoltenVK/dylib/macOS/libMoltenVK.dylib,/Users/pw/vulkansdk/macOS/lib/libVkLayer_khronos_validation.dylib,/Users/pw/vulkansdk/macOS/lib/libvulkan.1.2.162.dylib,/usr/local/lib/libglfw3.a,"-framework Cocoa","-framework IOKit","-framework CoreFoundation");
				OTHER_REZFLAGS = "";
				PRODUCT_NAME = graphics_generator;
				SECTORDER_FLAGS = "";
				SYMROOT = /Users/pw/GitHub/phulkan/xbuild/src;
				SYSTEM_HEADER_SEARCH_PATHS = (/usr/local/include);
				USE_HEADERMAP = NO;
				WARNING_CFLAGS = ("$(inherited)");
			};
			name = RelWithDebInfo;
		};
		B700972959F540FEBD70D0ED /* RelWithDebInfo */ = {
			isa = XCBuildConfiguration;
			buildSettings = {
				COMBINE_HIDPI_IMAGES = YES;
				GCC_GENERATE_DEBUGGING_SYMBOLS = YES;
				GCC_INLINES_ARE_PRIVATE_EXTERN = NO;
				GCC_OPTIMIZATION_LEVEL = 0;
				GCC_PREPROCESSOR_DEFINITIONS = ("'CMAKE_INTDIR=\"$(CONFIGURATION)$(EFFECTIVE_PLATFORM_NAME)\"'");
				GCC_SYMBOLS_PRIVATE_EXTERN = NO;
				INSTALL_PATH = "";
				OTHER_LDFLAGS = ("");
				OTHER_REZFLAGS = "";
				PRODUCT_NAME = ZERO_CHECK;
				SECTORDER_FLAGS = "";
				SYMROOT = /Users/pw/GitHub/phulkan/xbuild;
				USE_HEADERMAP = NO;
				WARNING_CFLAGS = ("$(inherited)");
			};
			name = RelWithDebInfo;
		};
		B8B606150C95479F9D0BF3FB /* MinSizeRel */ = {
			isa = XCBuildConfiguration;
			buildSettings = {
				COMBINE_HIDPI_IMAGES = YES;
				EXECUTABLE_PREFIX = "";
				EXECUTABLE_SUFFIX = "";
				FRAMEWORK_SEARCH_PATHS = ("$(inherited)");
				GCC_GENERATE_DEBUGGING_SYMBOLS = NO;
				GCC_INLINES_ARE_PRIVATE_EXTERN = NO;
				GCC_OPTIMIZATION_LEVEL = s;
				GCC_PREPROCESSOR_DEFINITIONS = ("'CMAKE_INTDIR=\"$(CONFIGURATION)$(EFFECTIVE_PLATFORM_NAME)\"'");
				GCC_SYMBOLS_PRIVATE_EXTERN = NO;
				HEADER_SEARCH_PATHS = (/Users/pw/vulkansdk/MoltenVK/include,/Users/pw/GitHub/phulkan/src/glfw);
				INSTALL_PATH = "";
				LD_RUNPATH_SEARCH_PATHS = "/Users/pw/vulkansdk/MoltenVK/dylib/macOS /Users/pw/vulkansdk/macOS/lib";
				LIBRARY_SEARCH_PATHS = ("$(inherited)");
				OTHER_CPLUSPLUSFLAGS = "    -DNDEBUG '-std=gnu++2a' ";
				OTHER_LDFLAGS = ("-L/usr/local/opt/qt/lib -Wl,-search_paths_first -Wl,-headerpad_max_install_names",/Users/pw/vulkansdk/MoltenVK/dylib/macOS/libMoltenVK.dylib,/Users/pw/vulkansdk/macOS/lib/libVkLayer_khronos_validation.dylib,/Users/pw/vulkansdk/macOS/lib/libvulkan.1.2.162.dylib,/usr/local/lib/libglfw3.a,"-framework Cocoa","-framework IOKit","-framework CoreFoundation");
				OTHER_REZFLAGS = "";
				PRODUCT_NAME = graphics_generator;
				SECTORDER_FLAGS = "";
				SYMROOT = /Users/pw/GitHub/phulkan/xbuild/src;
				SYSTEM_HEADER_SEARCH_PATHS = (/usr/local/include);
				USE_HEADERMAP = NO;
				WARNING_CFLAGS = ("$(inherited)");
			};
			name = MinSizeRel;
		};
		BE38EBF76B0D47CCBEFA1C5E /* Debug */ = {
			isa = XCBuildConfiguration;
			buildSettings = {
				COMBINE_HIDPI_IMAGES = YES;
				GCC_GENERATE_DEBUGGING_SYMBOLS = YES;
				GCC_INLINES_ARE_PRIVATE_EXTERN = NO;
				GCC_OPTIMIZATION_LEVEL = 0;
				GCC_PREPROCESSOR_DEFINITIONS = ("'CMAKE_INTDIR=\"$(CONFIGURATION)$(EFFECTIVE_PLATFORM_NAME)\"'");
				GCC_SYMBOLS_PRIVATE_EXTERN = NO;
				INSTALL_PATH = "";
				OTHER_LDFLAGS = ("");
				OTHER_REZFLAGS = "";
				PRODUCT_NAME = RUN_TESTS;
				SECTORDER_FLAGS = "";
				SYMROOT = /Users/pw/GitHub/phulkan/xbuild;
				USE_HEADERMAP = NO;
				WARNING_CFLAGS = ("$(inherited)");
			};
			name = Debug;
		};
		BF75CFF9DBF84D0BBAF07E09 /* Release */ = {
			isa = XCBuildConfiguration;
			buildSettings = {
				COMBINE_HIDPI_IMAGES = YES;
				EXECUTABLE_PREFIX = lib;
				EXECUTABLE_SUFFIX = .a;
				GCC_GENERATE_DEBUGGING_SYMBOLS = NO;
				GCC_INLINES_ARE_PRIVATE_EXTERN = NO;
				GCC_OPTIMIZATION_LEVEL = 3;
				GCC_PREPROCESSOR_DEFINITIONS = ("'CMAKE_INTDIR=\"$(CONFIGURATION)$(EFFECTIVE_PLATFORM_NAME)\"'","'kuk=3'");
				GCC_SYMBOLS_PRIVATE_EXTERN = NO;
				HEADER_SEARCH_PATHS = (/Users/pw/GitHub/phulkan/src/../include,/Users/pw/GitHub/phulkan/xbuild/src,/Users/pw/GitHub/phulkan/src/glfw,/Users/pw/GitHub/phulkan/src/glm);
				INSTALL_PATH = "";
				LIBRARY_STYLE = STATIC;
				OTHER_CPLUSPLUSFLAGS = "    -DNDEBUG '-std=gnu++2a' ";
				OTHER_LIBTOOLFLAGS = ("");
				OTHER_REZFLAGS = "";
				PRODUCT_NAME = phulkan_library;
				SECTORDER_FLAGS = "";
				SYMROOT = /Users/pw/GitHub/phulkan/xbuild/src;
				SYSTEM_HEADER_SEARCH_PATHS = (/usr/local/include);
				USE_HEADERMAP = NO;
				WARNING_CFLAGS = ("$(inherited)");
			};
			name = Release;
		};
		CAFF34657388469380B2FEB1 /* Debug */ = {
			isa = XCBuildConfiguration;
			buildSettings = {
				COMBINE_HIDPI_IMAGES = YES;
				EXECUTABLE_PREFIX = lib;
				EXECUTABLE_SUFFIX = .a;
				GCC_GENERATE_DEBUGGING_SYMBOLS = YES;
				GCC_INLINES_ARE_PRIVATE_EXTERN = NO;
				GCC_OPTIMIZATION_LEVEL = 0;
				GCC_PREPROCESSOR_DEFINITIONS = ("'CMAKE_INTDIR=\"$(CONFIGURATION)$(EFFECTIVE_PLATFORM_NAME)\"'","'kuk=3'");
				GCC_SYMBOLS_PRIVATE_EXTERN = NO;
				HEADER_SEARCH_PATHS = (/Users/pw/GitHub/phulkan/src/../include,/Users/pw/GitHub/phulkan/xbuild/src,/Users/pw/GitHub/phulkan/src/glfw,/Users/pw/GitHub/phulkan/src/glm);
				INSTALL_PATH = "";
				LIBRARY_STYLE = STATIC;
				OTHER_CPLUSPLUSFLAGS = "   '-std=gnu++2a' ";
				OTHER_LIBTOOLFLAGS = ("");
				OTHER_REZFLAGS = "";
				PRODUCT_NAME = phulkan_library;
				SECTORDER_FLAGS = "";
				SYMROOT = /Users/pw/GitHub/phulkan/xbuild/src;
				SYSTEM_HEADER_SEARCH_PATHS = (/usr/local/include);
				USE_HEADERMAP = NO;
				WARNING_CFLAGS = ("$(inherited)");
			};
			name = Debug;
		};
		D6C53635E83247E9807C9009 /* MinSizeRel */ = {
			isa = XCBuildConfiguration;
			buildSettings = {
				COMBINE_HIDPI_IMAGES = YES;
				GCC_GENERATE_DEBUGGING_SYMBOLS = YES;
				GCC_INLINES_ARE_PRIVATE_EXTERN = NO;
				GCC_OPTIMIZATION_LEVEL = 0;
				GCC_PREPROCESSOR_DEFINITIONS = ("'CMAKE_INTDIR=\"$(CONFIGURATION)$(EFFECTIVE_PLATFORM_NAME)\"'");
				GCC_SYMBOLS_PRIVATE_EXTERN = NO;
				INSTALL_PATH = "";
				OTHER_LDFLAGS = ("");
				OTHER_REZFLAGS = "";
				PRODUCT_NAME = RUN_TESTS;
				SECTORDER_FLAGS = "";
				SYMROOT = /Users/pw/GitHub/phulkan/xbuild;
				USE_HEADERMAP = NO;
				WARNING_CFLAGS = ("$(inherited)");
			};
			name = MinSizeRel;
		};
		D6E6367060394B7DA65D238F /* MinSizeRel */ = {
			isa = XCBuildConfiguration;
			buildSettings = {
				COMBINE_HIDPI_IMAGES = YES;
				GCC_GENERATE_DEBUGGING_SYMBOLS = YES;
				GCC_INLINES_ARE_PRIVATE_EXTERN = NO;
				GCC_OPTIMIZATION_LEVEL = 0;
				GCC_PREPROCESSOR_DEFINITIONS = ("'CMAKE_INTDIR=\"$(CONFIGURATION)$(EFFECTIVE_PLATFORM_NAME)\"'");
				GCC_SYMBOLS_PRIVATE_EXTERN = NO;
				INSTALL_PATH = "";
				OTHER_LDFLAGS = ("");
				OTHER_REZFLAGS = "";
				PRODUCT_NAME = ALL_BUILD;
				SECTORDER_FLAGS = "";
				SYMROOT = /Users/pw/GitHub/phulkan/xbuild;
				USE_HEADERMAP = NO;
				WARNING_CFLAGS = ("$(inherited)");
			};
			name = MinSizeRel;
		};
		D8D5EF15B33A484294984D83 /* Release */ = {
			isa = XCBuildConfiguration;
			buildSettings = {
				COMBINE_HIDPI_IMAGES = YES;
				GCC_GENERATE_DEBUGGING_SYMBOLS = YES;
				GCC_INLINES_ARE_PRIVATE_EXTERN = NO;
				GCC_OPTIMIZATION_LEVEL = 0;
				GCC_PREPROCESSOR_DEFINITIONS = ("'CMAKE_INTDIR=\"$(CONFIGURATION)$(EFFECTIVE_PLATFORM_NAME)\"'");
				GCC_SYMBOLS_PRIVATE_EXTERN = NO;
				INSTALL_PATH = "";
				OTHER_LDFLAGS = ("");
				OTHER_REZFLAGS = "";
				PRODUCT_NAME = Experimental;
				SECTORDER_FLAGS = "";
				SYMROOT = /Users/pw/GitHub/phulkan/xbuild;
				USE_HEADERMAP = NO;
				WARNING_CFLAGS = ("$(inherited)");
			};
			name = Release;
		};
		DAFC2780F64343E381091C68 /* RelWithDebInfo */ = {
			isa = XCBuildConfiguration;
			buildSettings = {
				COMBINE_HIDPI_IMAGES = YES;
				GCC_GENERATE_DEBUGGING_SYMBOLS = YES;
				GCC_INLINES_ARE_PRIVATE_EXTERN = NO;
				GCC_OPTIMIZATION_LEVEL = 0;
				GCC_PREPROCESSOR_DEFINITIONS = ("'CMAKE_INTDIR=\"$(CONFIGURATION)$(EFFECTIVE_PLATFORM_NAME)\"'");
				GCC_SYMBOLS_PRIVATE_EXTERN = NO;
				INSTALL_PATH = "";
				OTHER_LDFLAGS = ("");
				OTHER_REZFLAGS = "";
				PRODUCT_NAME = RUN_TESTS;
				SECTORDER_FLAGS = "";
				SYMROOT = /Users/pw/GitHub/phulkan/xbuild;
				USE_HEADERMAP = NO;
				WARNING_CFLAGS = ("$(inherited)");
			};
			name = RelWithDebInfo;
		};
		DD4AD9F83F0D4A1B8408B24D /* Debug */ = {
			isa = XCBuildConfiguration;
			buildSettings = {
				COMBINE_HIDPI_IMAGES = YES;
				GCC_GENERATE_DEBUGGING_SYMBOLS = YES;
				GCC_INLINES_ARE_PRIVATE_EXTERN = NO;
				GCC_OPTIMIZATION_LEVEL = 0;
				GCC_PREPROCESSOR_DEFINITIONS = ("'CMAKE_INTDIR=\"$(CONFIGURATION)$(EFFECTIVE_PLATFORM_NAME)\"'");
				GCC_SYMBOLS_PRIVATE_EXTERN = NO;
				INSTALL_PATH = "";
				OTHER_LDFLAGS = ("");
				OTHER_REZFLAGS = "";
				PRODUCT_NAME = Experimental;
				SECTORDER_FLAGS = "";
				SYMROOT = /Users/pw/GitHub/phulkan/xbuild;
				USE_HEADERMAP = NO;
				WARNING_CFLAGS = ("$(inherited)");
			};
			name = Debug;
		};
		DE2657F07F4C44F783BE6AD4 /* Release */ = {
			isa = XCBuildConfiguration;
			buildSettings = {
				COMBINE_HIDPI_IMAGES = YES;
				GCC_GENERATE_DEBUGGING_SYMBOLS = YES;
				GCC_INLINES_ARE_PRIVATE_EXTERN = NO;
				GCC_OPTIMIZATION_LEVEL = 0;
				GCC_PREPROCESSOR_DEFINITIONS = ("'CMAKE_INTDIR=\"$(CONFIGURATION)$(EFFECTIVE_PLATFORM_NAME)\"'");
				GCC_SYMBOLS_PRIVATE_EXTERN = NO;
				INSTALL_PATH = "";
				OTHER_LDFLAGS = ("");
				OTHER_REZFLAGS = "";
				PRODUCT_NAME = Continuous;
				SECTORDER_FLAGS = "";
				SYMROOT = /Users/pw/GitHub/phulkan/xbuild;
				USE_HEADERMAP = NO;
				WARNING_CFLAGS = ("$(inherited)");
			};
			name = Release;
		};
		E5972DAE10E6403681D00827 /* RelWithDebInfo */ = {
			isa = XCBuildConfiguration;
			buildSettings = {
				COMBINE_HIDPI_IMAGES = YES;
				GCC_GENERATE_DEBUGGING_SYMBOLS = YES;
				GCC_INLINES_ARE_PRIVATE_EXTERN = NO;
				GCC_OPTIMIZATION_LEVEL = 0;
				GCC_PREPROCESSOR_DEFINITIONS = ("'CMAKE_INTDIR=\"$(CONFIGURATION)$(EFFECTIVE_PLATFORM_NAME)\"'");
				GCC_SYMBOLS_PRIVATE_EXTERN = NO;
				INSTALL_PATH = "";
				OTHER_LDFLAGS = ("");
				OTHER_REZFLAGS = "";
				PRODUCT_NAME = Nightly;
				SECTORDER_FLAGS = "";
				SYMROOT = /Users/pw/GitHub/phulkan/xbuild;
				USE_HEADERMAP = NO;
				WARNING_CFLAGS = ("$(inherited)");
			};
			name = RelWithDebInfo;
		};
		F633C92104B746C7BB274D44 /* RelWithDebInfo */ = {
			isa = XCBuildConfiguration;
			buildSettings = {
				COMBINE_HIDPI_IMAGES = YES;
				EXECUTABLE_PREFIX = "";
				EXECUTABLE_SUFFIX = "";
				FRAMEWORK_SEARCH_PATHS = ("$(inherited)");
				GCC_GENERATE_DEBUGGING_SYMBOLS = YES;
				GCC_INLINES_ARE_PRIVATE_EXTERN = NO;
				GCC_OPTIMIZATION_LEVEL = 2;
				GCC_PREPROCESSOR_DEFINITIONS = ("'CMAKE_INTDIR=\"$(CONFIGURATION)$(EFFECTIVE_PLATFORM_NAME)\"'","'kuk=3'");
				GCC_SYMBOLS_PRIVATE_EXTERN = NO;
				HEADER_SEARCH_PATHS = (/Users/pw/GitHub/phulkan/src/../include,/Users/pw/GitHub/phulkan/xbuild/src,/Users/pw/GitHub/phulkan/src/glfw,/Users/pw/GitHub/phulkan/src/glm,"/Users/pw/GitHub/phulkan/xbuild/_deps/catch-src/single_include");
				INSTALL_PATH = "";
				LD_RUNPATH_SEARCH_PATHS = /usr/local/lib;
				LIBRARY_SEARCH_PATHS = ("$(inherited)");
				OTHER_CPLUSPLUSFLAGS = "       -DNDEBUG '-std=gnu++2a' ";
				OTHER_LDFLAGS = ("-L/usr/local/opt/qt/lib -Wl,-search_paths_first -Wl,-headerpad_max_install_names",/Users/pw/GitHub/phulkan/xbuild/src/RelWithDebInfo/libphulkan_library.a,/usr/local/lib/libvulkan.dylib,/usr/local/lib/libglfw3.a,"-framework Cocoa","-framework IOKit","-framework CoreFoundation");
				OTHER_REZFLAGS = "";
				PRODUCT_NAME = testlib;
				SECTORDER_FLAGS = "";
				SYMROOT = /Users/pw/GitHub/phulkan/xbuild/tests;
				SYSTEM_HEADER_SEARCH_PATHS = (/usr/local/include);
				USE_HEADERMAP = NO;
				WARNING_CFLAGS = ("$(inherited)");
			};
			name = RelWithDebInfo;
		};
		F73CA047FEF049C9865D2F5F /* MinSizeRel */ = {
			isa = XCBuildConfiguration;
			buildSettings = {
				COMBINE_HIDPI_IMAGES = YES;
				GCC_GENERATE_DEBUGGING_SYMBOLS = YES;
				GCC_INLINES_ARE_PRIVATE_EXTERN = NO;
				GCC_OPTIMIZATION_LEVEL = 0;
				GCC_PREPROCESSOR_DEFINITIONS = ("'CMAKE_INTDIR=\"$(CONFIGURATION)$(EFFECTIVE_PLATFORM_NAME)\"'");
				GCC_SYMBOLS_PRIVATE_EXTERN = NO;
				INSTALL_PATH = "";
				OTHER_LDFLAGS = ("");
				OTHER_REZFLAGS = "";
				PRODUCT_NAME = Continuous;
				SECTORDER_FLAGS = "";
				SYMROOT = /Users/pw/GitHub/phulkan/xbuild;
				USE_HEADERMAP = NO;
				WARNING_CFLAGS = ("$(inherited)");
			};
			name = MinSizeRel;
		};
		FB7F92C0B4CB49B8950E8C15 /* Debug */ = {
			isa = XCBuildConfiguration;
			buildSettings = {
				COMBINE_HIDPI_IMAGES = YES;
				EXECUTABLE_PREFIX = "";
				EXECUTABLE_SUFFIX = "";
				FRAMEWORK_SEARCH_PATHS = ("$(inherited)");
				GCC_GENERATE_DEBUGGING_SYMBOLS = YES;
				GCC_INLINES_ARE_PRIVATE_EXTERN = NO;
				GCC_OPTIMIZATION_LEVEL = 0;
				GCC_PREPROCESSOR_DEFINITIONS = ("'CMAKE_INTDIR=\"$(CONFIGURATION)$(EFFECTIVE_PLATFORM_NAME)\"'","'kuk=3'");
				GCC_SYMBOLS_PRIVATE_EXTERN = NO;
				HEADER_SEARCH_PATHS = (/Users/pw/GitHub/phulkan/src/../include,/Users/pw/GitHub/phulkan/xbuild/src,/Users/pw/GitHub/phulkan/src/glfw,/Users/pw/GitHub/phulkan/src/glm,"/Users/pw/GitHub/phulkan/xbuild/_deps/catch-src/single_include");
				INSTALL_PATH = "";
				LD_RUNPATH_SEARCH_PATHS = /usr/local/lib;
				LIBRARY_SEARCH_PATHS = ("$(inherited)");
				OTHER_CPLUSPLUSFLAGS = "   '-std=gnu++2a' ";
				OTHER_LDFLAGS = ("-L/usr/local/opt/qt/lib -Wl,-search_paths_first -Wl,-headerpad_max_install_names",/Users/pw/GitHub/phulkan/xbuild/src/Debug/libphulkan_library.a,/usr/local/lib/libvulkan.dylib,/usr/local/lib/libglfw3.a,"-framework Cocoa","-framework IOKit","-framework CoreFoundation");
				OTHER_REZFLAGS = "";
				PRODUCT_NAME = testlib;
				SECTORDER_FLAGS = "";
				SYMROOT = /Users/pw/GitHub/phulkan/xbuild/tests;
				SYSTEM_HEADER_SEARCH_PATHS = (/usr/local/include);
				USE_HEADERMAP = NO;
				WARNING_CFLAGS = ("$(inherited)");
			};
			name = Debug;
		};
		FC672C4C00B542968413E9CF /* RelWithDebInfo */ = {
			isa = XCBuildConfiguration;
			buildSettings = {
				COMBINE_HIDPI_IMAGES = YES;
				GCC_GENERATE_DEBUGGING_SYMBOLS = YES;
				GCC_INLINES_ARE_PRIVATE_EXTERN = NO;
				GCC_OPTIMIZATION_LEVEL = 0;
				GCC_PREPROCESSOR_DEFINITIONS = ("'CMAKE_INTDIR=\"$(CONFIGURATION)$(EFFECTIVE_PLATFORM_NAME)\"'");
				GCC_SYMBOLS_PRIVATE_EXTERN = NO;
				INSTALL_PATH = "";
				OTHER_LDFLAGS = ("");
				OTHER_REZFLAGS = "";
				PRODUCT_NAME = Experimental;
				SECTORDER_FLAGS = "";
				SYMROOT = /Users/pw/GitHub/phulkan/xbuild;
				USE_HEADERMAP = NO;
				WARNING_CFLAGS = ("$(inherited)");
			};
			name = RelWithDebInfo;
		};
		FD4027451AAB4FA695498CB2 /* Release */ = {
			isa = XCBuildConfiguration;
			buildSettings = {
				COMBINE_HIDPI_IMAGES = YES;
				GCC_GENERATE_DEBUGGING_SYMBOLS = YES;
				GCC_INLINES_ARE_PRIVATE_EXTERN = NO;
				GCC_OPTIMIZATION_LEVEL = 0;
				GCC_PREPROCESSOR_DEFINITIONS = ("'CMAKE_INTDIR=\"$(CONFIGURATION)$(EFFECTIVE_PLATFORM_NAME)\"'");
				GCC_SYMBOLS_PRIVATE_EXTERN = NO;
				INSTALL_PATH = "";
				OTHER_LDFLAGS = ("");
				OTHER_REZFLAGS = "";
				PRODUCT_NAME = RUN_TESTS;
				SECTORDER_FLAGS = "";
				SYMROOT = /Users/pw/GitHub/phulkan/xbuild;
				USE_HEADERMAP = NO;
				WARNING_CFLAGS = ("$(inherited)");
			};
			name = Release;
		};
/* End XCBuildConfiguration section */

/* Begin XCConfigurationList section */
		064A039E32614DD199A4793C /* Build configuration list for PBXAggregateTarget "RUN_TESTS" */ = {
			isa = XCConfigurationList;
			buildConfigurations = (
				BE38EBF76B0D47CCBEFA1C5E /* Debug */,
				FD4027451AAB4FA695498CB2 /* Release */,
				D6C53635E83247E9807C9009 /* MinSizeRel */,
				DAFC2780F64343E381091C68 /* RelWithDebInfo */,
			);
			defaultConfigurationIsVisible = 0;
			defaultConfigurationName = Debug;
		};
		16B506086C8842F0BD5388A6 /* Build configuration list for PBXAggregateTarget "Experimental" */ = {
			isa = XCConfigurationList;
			buildConfigurations = (
				DD4AD9F83F0D4A1B8408B24D /* Debug */,
				D8D5EF15B33A484294984D83 /* Release */,
				8108616BC1C24543ABB1ED57 /* MinSizeRel */,
				FC672C4C00B542968413E9CF /* RelWithDebInfo */,
			);
			defaultConfigurationIsVisible = 0;
			defaultConfigurationName = Debug;
		};
		2831E30073324629995150AB /* Build configuration list for PBXAggregateTarget "docs" */ = {
			isa = XCConfigurationList;
			buildConfigurations = (
				991E741C1B0D4B23B3DA163F /* Debug */,
				3FD2D4589931483B88D8FD3D /* Release */,
				9F9A9C9D87114A74A9E79E72 /* MinSizeRel */,
				66499EB08F25402A8F867CC5 /* RelWithDebInfo */,
			);
			defaultConfigurationIsVisible = 0;
			defaultConfigurationName = Debug;
		};
		44AB25C62535441C889FF06F /* Build configuration list for PBXAggregateTarget "ZERO_CHECK" */ = {
			isa = XCConfigurationList;
			buildConfigurations = (
				46196EF98EFB48BE8ACA5069 /* Debug */,
				39A0074123BC4CACB43E73C8 /* Release */,
				8140CB45EC84435382968359 /* MinSizeRel */,
				B700972959F540FEBD70D0ED /* RelWithDebInfo */,
			);
			defaultConfigurationIsVisible = 0;
			defaultConfigurationName = Debug;
		};
		54EAEF4BD79B4705BA089953 /* Build configuration list for PBXNativeTarget "phulkan_library" */ = {
			isa = XCConfigurationList;
			buildConfigurations = (
				CAFF34657388469380B2FEB1 /* Debug */,
				BF75CFF9DBF84D0BBAF07E09 /* Release */,
				3651187E822B47439A4F3CC5 /* MinSizeRel */,
				3B82131EBC29452DA4E1F2DC /* RelWithDebInfo */,
			);
			defaultConfigurationIsVisible = 0;
			defaultConfigurationName = Debug;
		};
		576B088CCE1747DCA522EB7E /* Build configuration list for PBXAggregateTarget "NightlyMemoryCheck" */ = {
			isa = XCConfigurationList;
			buildConfigurations = (
				4EA808562E5E46A2B6EB0889 /* Debug */,
				6D2CE98F8A0E45E7841674D7 /* Release */,
				93556FECF0254CAB8CAB280D /* MinSizeRel */,
				986EC9ABAD92472AB17AA763 /* RelWithDebInfo */,
			);
			defaultConfigurationIsVisible = 0;
			defaultConfigurationName = Debug;
		};
		5B2F02EF7CF141C6BF8F1817 /* Build configuration list for PBXAggregateTarget "Continuous" */ = {
			isa = XCConfigurationList;
			buildConfigurations = (
				4C0C4D079009449D8630AE24 /* Debug */,
				DE2657F07F4C44F783BE6AD4 /* Release */,
				F73CA047FEF049C9865D2F5F /* MinSizeRel */,
				8C821AA08B724336824528F2 /* RelWithDebInfo */,
			);
			defaultConfigurationIsVisible = 0;
			defaultConfigurationName = Debug;
		};
		6A07FE31BA6D4598AEBCEC64 /* Build configuration list for PBXNativeTarget "testlib" */ = {
			isa = XCConfigurationList;
			buildConfigurations = (
				FB7F92C0B4CB49B8950E8C15 /* Debug */,
				5F032ABCFFE243118E22B729 /* Release */,
				03F82C48AD1F4D579547C152 /* MinSizeRel */,
				F633C92104B746C7BB274D44 /* RelWithDebInfo */,
			);
			defaultConfigurationIsVisible = 0;
			defaultConfigurationName = Debug;
		};
		9284F5E76694415FB46A4ED5 /* Build configuration list for PBXNativeTarget "app" */ = {
			isa = XCConfigurationList;
			buildConfigurations = (
				8A0D6005D45A4E66B5CAD7A1 /* Debug */,
				874E46E3CD844EDB8C009522 /* Release */,
				14AABA8BC7CB4BE9912A2E49 /* MinSizeRel */,
				67C3A2FD03F24D85AE8A20C8 /* RelWithDebInfo */,
			);
			defaultConfigurationIsVisible = 0;
			defaultConfigurationName = Debug;
		};
		9B5B680DE7EB408C83D9736C /* Build configuration list for PBXAggregateTarget "ALL_BUILD" */ = {
			isa = XCConfigurationList;
			buildConfigurations = (
				4B759C0E5C5E4CAABD2823BE /* Debug */,
				8982795D70764820B566A310 /* Release */,
				D6E6367060394B7DA65D238F /* MinSizeRel */,
				772EBCA81BF043F39F606F01 /* RelWithDebInfo */,
			);
			defaultConfigurationIsVisible = 0;
			defaultConfigurationName = Debug;
		};
		D45E41BB9B294C24810A567D /* Build configuration list for PBXNativeTarget "graphics_generator" */ = {
			isa = XCConfigurationList;
			buildConfigurations = (
				726F4810C3A04798BDD136D1 /* Debug */,
				4159E9AC1C4F444B81957353 /* Release */,
				B8B606150C95479F9D0BF3FB /* MinSizeRel */,
				AACC1F9DE30A45E19D843A61 /* RelWithDebInfo */,
			);
			defaultConfigurationIsVisible = 0;
			defaultConfigurationName = Debug;
		};
		EA231A50DF664717A0E360E8 /* Build configuration list for PBXProject "phulkan" */ = {
			isa = XCConfigurationList;
			buildConfigurations = (
				871873F4D08F42D281FCB8A8 /* Debug */,
				4A7A6D3E080745CC95E958EA /* Release */,
				6B9845FDCC01476BB62CCAFB /* MinSizeRel */,
				83FDEBEEB53E48B2BCC3B5EE /* RelWithDebInfo */,
			);
			defaultConfigurationIsVisible = 0;
			defaultConfigurationName = Debug;
		};
		F2BEFBA8F96F41FB94DF254C /* Build configuration list for PBXAggregateTarget "Nightly" */ = {
			isa = XCConfigurationList;
			buildConfigurations = (
				243DDA1E29A84E9E9808C116 /* Debug */,
				64299DC006B44EDD8334C425 /* Release */,
				3A8A40E10D0745C0AF0ACEBD /* MinSizeRel */,
				E5972DAE10E6403681D00827 /* RelWithDebInfo */,
			);
			defaultConfigurationIsVisible = 0;
			defaultConfigurationName = Debug;
		};
/* End XCConfigurationList section */
	};
	rootObject = 08B74DD6BCE4435CBD7A60A0 /* Project object */;
}
